// !$*UTF8*$!
{
	archiveVersion = 1;
	classes = {
	};
	objectVersion = 45;
	objects = {

/* Begin PBXBuildFile section */
		1D60589F0D05DD5A006BFB54 /* Foundation.framework in Frameworks */ = {isa = PBXBuildFile; fileRef = 1D30AB110D05D00D00671497 /* Foundation.framework */; };
		1DF5F4E00D08C38300B7A737 /* UIKit.framework in Frameworks */ = {isa = PBXBuildFile; fileRef = 1DF5F4DF0D08C38300B7A737 /* UIKit.framework */; };
		288765A50DF7441C002DB57D /* CoreGraphics.framework in Frameworks */ = {isa = PBXBuildFile; fileRef = 288765A40DF7441C002DB57D /* CoreGraphics.framework */; };
		3201088596B4756681693705 /* libThree20UICommon.a in Frameworks */ = {isa = PBXBuildFile; fileRef = 3201088596B4756681693704 /* libThree20UICommon.a */; };
		320A2827FEC940B25BC42C65 /* libThree20Core.a in Frameworks */ = {isa = PBXBuildFile; fileRef = 320A2827FEC940B25BC42C64 /* libThree20Core.a */; };
		320A5A189C235877202780D5 /* libThree20Network.a in Frameworks */ = {isa = PBXBuildFile; fileRef = 320A5A189C235877202780D4 /* libThree20Network.a */; };
		320A737074758E53BA54BE95 /* libThree20UINavigator.a in Frameworks */ = {isa = PBXBuildFile; fileRef = 320A737074758E53BA54BE94 /* libThree20UINavigator.a */; };
		320AF8492C47A4D819F7C451 /* QuartzCore.framework in Frameworks */ = {isa = PBXBuildFile; fileRef = 320AF8492C47A4D819F7C450 /* QuartzCore.framework */; };
		320B6C86F11D9990244A9731 /* Three20.bundle in Resources */ = {isa = PBXBuildFile; fileRef = 320B6C86F11D9990244A9730 /* Three20.bundle */; };
		320CC833B8AF0ACFD35E6225 /* libThree20Style.a in Frameworks */ = {isa = PBXBuildFile; fileRef = 320CC833B8AF0ACFD35E6224 /* libThree20Style.a */; };
		320D7DCCE32703ACAB9A45E5 /* libThree20.a in Frameworks */ = {isa = PBXBuildFile; fileRef = 320D7DCCE32703ACAB9A45E4 /* libThree20.a */; };
		320F2C48872C2E2C4DF86205 /* libThree20UI.a in Frameworks */ = {isa = PBXBuildFile; fileRef = 320F2C48872C2E2C4DF86204 /* libThree20UI.a */; };
		FA5076C41302F3CC00CB96B4 /* ConfigManager.m in Sources */ = {isa = PBXBuildFile; fileRef = FA5076971302F3CC00CB96B4 /* ConfigManager.m */; };
		FA5076C51302F3CC00CB96B4 /* LoginManager.m in Sources */ = {isa = PBXBuildFile; fileRef = FA50769A1302F3CC00CB96B4 /* LoginManager.m */; };
		FA5076C61302F3CC00CB96B4 /* RegistrationManager.m in Sources */ = {isa = PBXBuildFile; fileRef = FA50769D1302F3CC00CB96B4 /* RegistrationManager.m */; };
		FA5076C71302F3CC00CB96B4 /* UserDTO.m in Sources */ = {isa = PBXBuildFile; fileRef = FA5076A11302F3CC00CB96B4 /* UserDTO.m */; };
		FA5076C81302F3CC00CB96B4 /* MeepAppDelegate.m in Sources */ = {isa = PBXBuildFile; fileRef = FA5076A31302F3CC00CB96B4 /* MeepAppDelegate.m */; };
		FA5076C91302F3CC00CB96B4 /* CLViewController.m in Sources */ = {isa = PBXBuildFile; fileRef = FA5076A51302F3CC00CB96B4 /* CLViewController.m */; };
		FA5076CB1302F3CC00CB96B4 /* StringUtils.m in Sources */ = {isa = PBXBuildFile; fileRef = FA5076AA1302F3CC00CB96B4 /* StringUtils.m */; };
		FA5076CC1302F3CC00CB96B4 /* MapLocation.m in Sources */ = {isa = PBXBuildFile; fileRef = FA5076AE1302F3CC00CB96B4 /* MapLocation.m */; };
		FA5076CD1302F3CC00CB96B4 /* NewMeetingLocationController.m in Sources */ = {isa = PBXBuildFile; fileRef = FA5076B01302F3CC00CB96B4 /* NewMeetingLocationController.m */; };
		FA5076CE1302F3CC00CB96B4 /* NewMeetingDateAndTimeController.m in Sources */ = {isa = PBXBuildFile; fileRef = FA5076B21302F3CC00CB96B4 /* NewMeetingDateAndTimeController.m */; };
		FA5076CF1302F3CC00CB96B4 /* NewMeetingPeopleController.m in Sources */ = {isa = PBXBuildFile; fileRef = FA5076B41302F3CC00CB96B4 /* NewMeetingPeopleController.m */; };
		FA5076D01302F3CC00CB96B4 /* MenuNavigationController.m in Sources */ = {isa = PBXBuildFile; fileRef = FA5076B61302F3CC00CB96B4 /* MenuNavigationController.m */; };
		FA5076D11302F3CC00CB96B4 /* MenuViewController.m in Sources */ = {isa = PBXBuildFile; fileRef = FA5076B81302F3CC00CB96B4 /* MenuViewController.m */; };
		FA5076D21302F3CC00CB96B4 /* CustomCellTextField.m in Sources */ = {isa = PBXBuildFile; fileRef = FA5076BB1302F3CC00CB96B4 /* CustomCellTextField.m */; };
		FA5076D31302F3CC00CB96B4 /* LoginViewController.m in Sources */ = {isa = PBXBuildFile; fileRef = FA5076BD1302F3CC00CB96B4 /* LoginViewController.m */; };
		FA5076D41302F3CC00CB96B4 /* RegisterViewController.m in Sources */ = {isa = PBXBuildFile; fileRef = FA5076BF1302F3CC00CB96B4 /* RegisterViewController.m */; };
		FA5076D51302F3CC00CB96B4 /* WelcomeNavigationController.m in Sources */ = {isa = PBXBuildFile; fileRef = FA5076C11302F3CC00CB96B4 /* WelcomeNavigationController.m */; };
		FA5076D61302F3CC00CB96B4 /* WelcomeViewController.m in Sources */ = {isa = PBXBuildFile; fileRef = FA5076C31302F3CC00CB96B4 /* WelcomeViewController.m */; };
		FA5076DA1302F46700CB96B4 /* CFNetwork.framework in Frameworks */ = {isa = PBXBuildFile; fileRef = FA5076D91302F46700CB96B4 /* CFNetwork.framework */; };
		FA5076DC1302F46700CB96B4 /* CoreLocation.framework in Frameworks */ = {isa = PBXBuildFile; fileRef = FA5076DB1302F46700CB96B4 /* CoreLocation.framework */; };
		FA5076DE1302F46700CB96B4 /* MapKit.framework in Frameworks */ = {isa = PBXBuildFile; fileRef = FA5076DD1302F46700CB96B4 /* MapKit.framework */; };
		FA5076E01302F46700CB96B4 /* QuartzCore.framework in Frameworks */ = {isa = PBXBuildFile; fileRef = FA5076DF1302F46700CB96B4 /* QuartzCore.framework */; };
		FA5077E11302F61A00CB96B4 /* YAJL.framework in Frameworks */ = {isa = PBXBuildFile; fileRef = FA5077E01302F61A00CB96B4 /* YAJL.framework */; };
		FA50785A1302F9F800CB96B4 /* ASIAuthenticationDialog.m in Sources */ = {isa = PBXBuildFile; fileRef = FA5078421302F9F800CB96B4 /* ASIAuthenticationDialog.m */; };
		FA50785B1302F9F800CB96B4 /* ASIDownloadCache.m in Sources */ = {isa = PBXBuildFile; fileRef = FA5078451302F9F800CB96B4 /* ASIDownloadCache.m */; };
		FA50785C1302F9F800CB96B4 /* ASIFormDataRequest.m in Sources */ = {isa = PBXBuildFile; fileRef = FA5078471302F9F800CB96B4 /* ASIFormDataRequest.m */; };
		FA50785D1302F9F800CB96B4 /* ASIHTTPRequest.m in Sources */ = {isa = PBXBuildFile; fileRef = FA5078491302F9F800CB96B4 /* ASIHTTPRequest.m */; };
		FA50785E1302F9F800CB96B4 /* ASIInputStream.m in Sources */ = {isa = PBXBuildFile; fileRef = FA50784D1302F9F800CB96B4 /* ASIInputStream.m */; };
		FA50785F1302F9F800CB96B4 /* ASINetworkQueue.m in Sources */ = {isa = PBXBuildFile; fileRef = FA50784F1302F9F800CB96B4 /* ASINetworkQueue.m */; };
		FA5078601302F9F800CB96B4 /* MBProgressHUD.m in Sources */ = {isa = PBXBuildFile; fileRef = FA5078531302F9F800CB96B4 /* MBProgressHUD.m */; };
		FA5078611302F9F800CB96B4 /* Reachability.m in Sources */ = {isa = PBXBuildFile; fileRef = FA5078561302F9F800CB96B4 /* Reachability.m */; };
		FA5078621302F9F800CB96B4 /* RegexKitLite.m in Sources */ = {isa = PBXBuildFile; fileRef = FA5078591302F9F800CB96B4 /* RegexKitLite.m */; };
		FA5078661302FA6A00CB96B4 /* MobileCoreServices.framework in Frameworks */ = {isa = PBXBuildFile; fileRef = FA5078651302FA6A00CB96B4 /* MobileCoreServices.framework */; };
		FA5078681302FA6A00CB96B4 /* SystemConfiguration.framework in Frameworks */ = {isa = PBXBuildFile; fileRef = FA5078671302FA6A00CB96B4 /* SystemConfiguration.framework */; };
		FA50786A1302FA6A00CB96B4 /* libz.1.2.3.dylib in Frameworks */ = {isa = PBXBuildFile; fileRef = FA5078691302FA6A00CB96B4 /* libz.1.2.3.dylib */; };
		FA5079761302FF9300CB96B4 /* main.m in Sources */ = {isa = PBXBuildFile; fileRef = FA5079751302FF9300CB96B4 /* main.m */; };
		FA5079C11303011600CB96B4 /* MainWindow.xib in Resources */ = {isa = PBXBuildFile; fileRef = FA5079C01303011600CB96B4 /* MainWindow.xib */; };
		FA5079C61303014500CB96B4 /* CLViewController.xib in Resources */ = {isa = PBXBuildFile; fileRef = FA5079C31303014500CB96B4 /* CLViewController.xib */; };
		FA5079C71303014500CB96B4 /* CustomCellTextField.xib in Resources */ = {isa = PBXBuildFile; fileRef = FA5079C41303014500CB96B4 /* CustomCellTextField.xib */; };
		FA5079C81303014500CB96B4 /* NewMeetingLocationController.xib in Resources */ = {isa = PBXBuildFile; fileRef = FA5079C51303014500CB96B4 /* NewMeetingLocationController.xib */; };
		FA5079D01303018600CB96B4 /* HTTPDemoViewController.xib in Resources */ = {isa = PBXBuildFile; fileRef = FA5079C91303018600CB96B4 /* HTTPDemoViewController.xib */; };
		FA5079D11303018600CB96B4 /* LoginViewController.xib in Resources */ = {isa = PBXBuildFile; fileRef = FA5079CA1303018600CB96B4 /* LoginViewController.xib */; };
		FA5079D31303018600CB96B4 /* NewMeetingDateAndTimeController.xib in Resources */ = {isa = PBXBuildFile; fileRef = FA5079CC1303018600CB96B4 /* NewMeetingDateAndTimeController.xib */; };
		FA5079D41303018600CB96B4 /* NewMeetingPeopleController.xib in Resources */ = {isa = PBXBuildFile; fileRef = FA5079CD1303018600CB96B4 /* NewMeetingPeopleController.xib */; };
		FA5079D51303018600CB96B4 /* RegisterViewController.xib in Resources */ = {isa = PBXBuildFile; fileRef = FA5079CE1303018600CB96B4 /* RegisterViewController.xib */; };
		FA5079D61303018600CB96B4 /* WelcomeViewController.xib in Resources */ = {isa = PBXBuildFile; fileRef = FA5079CF1303018600CB96B4 /* WelcomeViewController.xib */; };
		FA507B091303EF4000CB96B4 /* UserManager.m in Sources */ = {isa = PBXBuildFile; fileRef = FA507B081303EF4000CB96B4 /* UserManager.m */; };
		FA507B9C1304272500CB96B4 /* LogoutManager.m in Sources */ = {isa = PBXBuildFile; fileRef = FA507B9B1304272500CB96B4 /* LogoutManager.m */; };
/* End PBXBuildFile section */

/* Begin PBXContainerItemProxy section */
		3201088596B4756681693702 /* PBXContainerItemProxy */ = {
			isa = PBXContainerItemProxy;
			containerPortal = 3201088596B4756681693700 /* Three20UICommon.xcodeproj */;
			proxyType = 1;
			remoteGlobalIDString = BEF31F390F352DF5000DE5D2;
			remoteInfo = Three20UICommon;
		};
		3201088596B4756681693706 /* PBXContainerItemProxy */ = {
			isa = PBXContainerItemProxy;
			containerPortal = 3201088596B4756681693700 /* Three20UICommon.xcodeproj */;
			proxyType = 2;
			remoteGlobalIDString = BEF31F3A0F352DF5000DE5D2;
			remoteInfo = Three20UICommon;
		};
		320A2827FEC940B25BC42C62 /* PBXContainerItemProxy */ = {
			isa = PBXContainerItemProxy;
			containerPortal = 320A2827FEC940B25BC42C60 /* Three20Core.xcodeproj */;
			proxyType = 1;
			remoteGlobalIDString = BEF31F390F352DF5000DE5D2;
			remoteInfo = Three20Core;
		};
		320A2827FEC940B25BC42C66 /* PBXContainerItemProxy */ = {
			isa = PBXContainerItemProxy;
			containerPortal = 320A2827FEC940B25BC42C60 /* Three20Core.xcodeproj */;
			proxyType = 2;
			remoteGlobalIDString = BEF31F3A0F352DF5000DE5D2;
			remoteInfo = Three20Core;
		};
		320A5A189C235877202780D2 /* PBXContainerItemProxy */ = {
			isa = PBXContainerItemProxy;
			containerPortal = 320A5A189C235877202780D0 /* Three20Network.xcodeproj */;
			proxyType = 1;
			remoteGlobalIDString = BEF31F390F352DF5000DE5D2;
			remoteInfo = Three20Network;
		};
		320A5A189C235877202780D6 /* PBXContainerItemProxy */ = {
			isa = PBXContainerItemProxy;
			containerPortal = 320A5A189C235877202780D0 /* Three20Network.xcodeproj */;
			proxyType = 2;
			remoteGlobalIDString = BEF31F3A0F352DF5000DE5D2;
			remoteInfo = Three20Network;
		};
		320A737074758E53BA54BE92 /* PBXContainerItemProxy */ = {
			isa = PBXContainerItemProxy;
			containerPortal = 320A737074758E53BA54BE90 /* Three20UINavigator.xcodeproj */;
			proxyType = 1;
			remoteGlobalIDString = BEF31F390F352DF5000DE5D2;
			remoteInfo = Three20UINavigator;
		};
		320A737074758E53BA54BE96 /* PBXContainerItemProxy */ = {
			isa = PBXContainerItemProxy;
			containerPortal = 320A737074758E53BA54BE90 /* Three20UINavigator.xcodeproj */;
			proxyType = 2;
			remoteGlobalIDString = BEF31F3A0F352DF5000DE5D2;
			remoteInfo = Three20UINavigator;
		};
		320CC833B8AF0ACFD35E6222 /* PBXContainerItemProxy */ = {
			isa = PBXContainerItemProxy;
			containerPortal = 320CC833B8AF0ACFD35E6220 /* Three20Style.xcodeproj */;
			proxyType = 1;
			remoteGlobalIDString = BEF31F390F352DF5000DE5D2;
			remoteInfo = Three20Style;
		};
		320CC833B8AF0ACFD35E6226 /* PBXContainerItemProxy */ = {
			isa = PBXContainerItemProxy;
			containerPortal = 320CC833B8AF0ACFD35E6220 /* Three20Style.xcodeproj */;
			proxyType = 2;
			remoteGlobalIDString = BEF31F3A0F352DF5000DE5D2;
			remoteInfo = Three20Style;
		};
		320D7DCCE32703ACAB9A45E2 /* PBXContainerItemProxy */ = {
			isa = PBXContainerItemProxy;
			containerPortal = 320D7DCCE32703ACAB9A45E0 /* Three20.xcodeproj */;
			proxyType = 1;
			remoteGlobalIDString = BEF31F390F352DF5000DE5D2;
			remoteInfo = Three20;
		};
		320D7DCCE32703ACAB9A45E6 /* PBXContainerItemProxy */ = {
			isa = PBXContainerItemProxy;
			containerPortal = 320D7DCCE32703ACAB9A45E0 /* Three20.xcodeproj */;
			proxyType = 2;
			remoteGlobalIDString = BEF31F3A0F352DF5000DE5D2;
			remoteInfo = Three20;
		};
		320F2C48872C2E2C4DF86202 /* PBXContainerItemProxy */ = {
			isa = PBXContainerItemProxy;
			containerPortal = 320F2C48872C2E2C4DF86200 /* Three20UI.xcodeproj */;
			proxyType = 1;
			remoteGlobalIDString = BEF31F390F352DF5000DE5D2;
			remoteInfo = Three20UI;
		};
		320F2C48872C2E2C4DF86206 /* PBXContainerItemProxy */ = {
			isa = PBXContainerItemProxy;
			containerPortal = 320F2C48872C2E2C4DF86200 /* Three20UI.xcodeproj */;
			proxyType = 2;
			remoteGlobalIDString = BEF31F3A0F352DF5000DE5D2;
			remoteInfo = Three20UI;
		};
		FA5077641302F5F200CB96B4 /* PBXContainerItemProxy */ = {
			isa = PBXContainerItemProxy;
			containerPortal = 320D7DCCE32703ACAB9A45E0 /* Three20.xcodeproj */;
			proxyType = 2;
			remoteGlobalIDString = 665A55DE126521740032D0BE;
			remoteInfo = "Three20-Xcode3.2.5";
		};
		FA5077661302F5F200CB96B4 /* PBXContainerItemProxy */ = {
			isa = PBXContainerItemProxy;
			containerPortal = 320D7DCCE32703ACAB9A45E0 /* Three20.xcodeproj */;
			proxyType = 2;
			remoteGlobalIDString = 66FE8F171265E968001E0674;
			remoteInfo = "Three20-Xcode3.2.2";
		};
		FA5077681302F5F200CB96B4 /* PBXContainerItemProxy */ = {
			isa = PBXContainerItemProxy;
			containerPortal = 320D7DCCE32703ACAB9A45E0 /* Three20.xcodeproj */;
			proxyType = 2;
			remoteGlobalIDString = EB9E6C6210B6A8F800DE563C;
			remoteInfo = Three20UnitTests;
		};
		FA50776A1302F5F200CB96B4 /* PBXContainerItemProxy */ = {
			isa = PBXContainerItemProxy;
			containerPortal = 320D7DCCE32703ACAB9A45E0 /* Three20.xcodeproj */;
			proxyType = 2;
			remoteGlobalIDString = 665A55FB126521740032D0BE;
			remoteInfo = "Three20UnitTests-Xcode3.2.5";
		};
		FA50776C1302F5F200CB96B4 /* PBXContainerItemProxy */ = {
			isa = PBXContainerItemProxy;
			containerPortal = 320D7DCCE32703ACAB9A45E0 /* Three20.xcodeproj */;
			proxyType = 2;
			remoteGlobalIDString = 66FE8F371265E968001E0674;
			remoteInfo = "Three20UnitTests-Xcode3.2.2";
		};
		FA5077731302F5F200CB96B4 /* PBXContainerItemProxy */ = {
			isa = PBXContainerItemProxy;
			containerPortal = 320A2827FEC940B25BC42C60 /* Three20Core.xcodeproj */;
			proxyType = 2;
			remoteGlobalIDString = 6650CAA21262F6E2003FF804;
			remoteInfo = "Three20Core-Xcode3.2.5";
		};
		FA5077751302F5F200CB96B4 /* PBXContainerItemProxy */ = {
			isa = PBXContainerItemProxy;
			containerPortal = 320A2827FEC940B25BC42C60 /* Three20Core.xcodeproj */;
			proxyType = 2;
			remoteGlobalIDString = 66C2E0FC1262F748006DF55A;
			remoteInfo = "Three20Core-Xcode3.2.2";
		};
		FA5077771302F5F200CB96B4 /* PBXContainerItemProxy */ = {
			isa = PBXContainerItemProxy;
			containerPortal = 320A2827FEC940B25BC42C60 /* Three20Core.xcodeproj */;
			proxyType = 2;
			remoteGlobalIDString = EB9E6C6210B6A8F800DE563C;
			remoteInfo = Three20CoreUnitTests;
		};
		FA5077791302F5F200CB96B4 /* PBXContainerItemProxy */ = {
			isa = PBXContainerItemProxy;
			containerPortal = 320A2827FEC940B25BC42C60 /* Three20Core.xcodeproj */;
			proxyType = 2;
			remoteGlobalIDString = 664961641262EE5000C2C80E;
			remoteInfo = "Three20CoreUnitTests-Xcode3.2.5";
		};
		FA50777B1302F5F200CB96B4 /* PBXContainerItemProxy */ = {
			isa = PBXContainerItemProxy;
			containerPortal = 320A2827FEC940B25BC42C60 /* Three20Core.xcodeproj */;
			proxyType = 2;
			remoteGlobalIDString = 66F9A63C1262ED9F0059C2AE;
			remoteInfo = "Three20CoreUnitTests-Xcode3.2.2";
		};
		FA5077821302F5F200CB96B4 /* PBXContainerItemProxy */ = {
			isa = PBXContainerItemProxy;
			containerPortal = 320A5A189C235877202780D0 /* Three20Network.xcodeproj */;
			proxyType = 2;
			remoteGlobalIDString = 662D81EF12630516005851C2;
			remoteInfo = "Three20Network-Xcode3.2.5";
		};
		FA5077841302F5F200CB96B4 /* PBXContainerItemProxy */ = {
			isa = PBXContainerItemProxy;
			containerPortal = 320A5A189C235877202780D0 /* Three20Network.xcodeproj */;
			proxyType = 2;
			remoteGlobalIDString = 662D821612630527005851C2;
			remoteInfo = "Three20Network-Xcode3.2.2";
		};
		FA5077861302F5F200CB96B4 /* PBXContainerItemProxy */ = {
			isa = PBXContainerItemProxy;
			containerPortal = 320A5A189C235877202780D0 /* Three20Network.xcodeproj */;
			proxyType = 2;
			remoteGlobalIDString = EB9E6C6210B6A8F800DE563C;
			remoteInfo = Three20NetworkUnitTests;
		};
		FA5077881302F5F200CB96B4 /* PBXContainerItemProxy */ = {
			isa = PBXContainerItemProxy;
			containerPortal = 320A5A189C235877202780D0 /* Three20Network.xcodeproj */;
			proxyType = 2;
			remoteGlobalIDString = 662D81B2126304EB005851C2;
			remoteInfo = "Three20NetworkUnitTests-Xcode3.2.5";
		};
		FA50778A1302F5F200CB96B4 /* PBXContainerItemProxy */ = {
			isa = PBXContainerItemProxy;
			containerPortal = 320A5A189C235877202780D0 /* Three20Network.xcodeproj */;
			proxyType = 2;
			remoteGlobalIDString = 662D81C7126304F3005851C2;
			remoteInfo = "Three20NetworkUnitTests-Xcode3.2.2";
		};
		FA5077911302F5F200CB96B4 /* PBXContainerItemProxy */ = {
			isa = PBXContainerItemProxy;
			containerPortal = 320CC833B8AF0ACFD35E6220 /* Three20Style.xcodeproj */;
			proxyType = 2;
			remoteGlobalIDString = 66C16BE912639E2700A7825A;
			remoteInfo = "Three20Style-Xcode3.2.5";
		};
		FA5077931302F5F200CB96B4 /* PBXContainerItemProxy */ = {
			isa = PBXContainerItemProxy;
			containerPortal = 320CC833B8AF0ACFD35E6220 /* Three20Style.xcodeproj */;
			proxyType = 2;
			remoteGlobalIDString = 66846C7812639EE5001D2CF9;
			remoteInfo = "Three20Style-Xcode3.2.2";
		};
		FA5077951302F5F200CB96B4 /* PBXContainerItemProxy */ = {
			isa = PBXContainerItemProxy;
			containerPortal = 320CC833B8AF0ACFD35E6220 /* Three20Style.xcodeproj */;
			proxyType = 2;
			remoteGlobalIDString = EB9E6C6210B6A8F800DE563C;
			remoteInfo = Three20StyleUnitTests;
		};
		FA5077971302F5F200CB96B4 /* PBXContainerItemProxy */ = {
			isa = PBXContainerItemProxy;
			containerPortal = 320CC833B8AF0ACFD35E6220 /* Three20Style.xcodeproj */;
			proxyType = 2;
			remoteGlobalIDString = 66C16C0112639E4500A7825A;
			remoteInfo = "Three20StyleUnitTests-Xcode3.2.5";
		};
		FA5077991302F5F200CB96B4 /* PBXContainerItemProxy */ = {
			isa = PBXContainerItemProxy;
			containerPortal = 320CC833B8AF0ACFD35E6220 /* Three20Style.xcodeproj */;
			proxyType = 2;
			remoteGlobalIDString = 66846C9612639F29001D2CF9;
			remoteInfo = "Three20StyleUnitTests-Xcode3.2.2";
		};
		FA5077A01302F5F200CB96B4 /* PBXContainerItemProxy */ = {
			isa = PBXContainerItemProxy;
			containerPortal = 320F2C48872C2E2C4DF86200 /* Three20UI.xcodeproj */;
			proxyType = 2;
			remoteGlobalIDString = 66FC2BC81264E3A400F56B19;
			remoteInfo = "Three20UI-Xcode3.2.5";
		};
		FA5077A21302F5F200CB96B4 /* PBXContainerItemProxy */ = {
			isa = PBXContainerItemProxy;
			containerPortal = 320F2C48872C2E2C4DF86200 /* Three20UI.xcodeproj */;
			proxyType = 2;
			remoteGlobalIDString = 66FE8DDE1264E960001E0674;
			remoteInfo = "Three20UI-Xcode3.2.2";
		};
		FA5077A41302F5F200CB96B4 /* PBXContainerItemProxy */ = {
			isa = PBXContainerItemProxy;
			containerPortal = 320F2C48872C2E2C4DF86200 /* Three20UI.xcodeproj */;
			proxyType = 2;
			remoteGlobalIDString = EB9E6C6210B6A8F800DE563C;
			remoteInfo = Three20UIUnitTests;
		};
		FA5077A61302F5F200CB96B4 /* PBXContainerItemProxy */ = {
			isa = PBXContainerItemProxy;
			containerPortal = 320F2C48872C2E2C4DF86200 /* Three20UI.xcodeproj */;
			proxyType = 2;
			remoteGlobalIDString = 66FC2BE61264E3A500F56B19;
			remoteInfo = "Three20UIUnitTests-Xcode3.2.5";
		};
		FA5077A81302F5F200CB96B4 /* PBXContainerItemProxy */ = {
			isa = PBXContainerItemProxy;
			containerPortal = 320F2C48872C2E2C4DF86200 /* Three20UI.xcodeproj */;
			proxyType = 2;
			remoteGlobalIDString = 66FE8DFB1264E960001E0674;
			remoteInfo = "Three20UIUnitTests-Xcode3.2.2";
		};
		FA5077AF1302F5F200CB96B4 /* PBXContainerItemProxy */ = {
			isa = PBXContainerItemProxy;
			containerPortal = 3201088596B4756681693700 /* Three20UICommon.xcodeproj */;
			proxyType = 2;
			remoteGlobalIDString = 665A53761264D54B0032D0BE;
			remoteInfo = "Three20UICommon-Xcode3.2.5";
		};
		FA5077B11302F5F200CB96B4 /* PBXContainerItemProxy */ = {
			isa = PBXContainerItemProxy;
			containerPortal = 3201088596B4756681693700 /* Three20UICommon.xcodeproj */;
			proxyType = 2;
			remoteGlobalIDString = 665A53E61264D6550032D0BE;
			remoteInfo = "Three20UICommon-Xcode3.2.2";
		};
		FA5077B31302F5F200CB96B4 /* PBXContainerItemProxy */ = {
			isa = PBXContainerItemProxy;
			containerPortal = 3201088596B4756681693700 /* Three20UICommon.xcodeproj */;
			proxyType = 2;
			remoteGlobalIDString = EB9E6C6210B6A8F800DE563C;
			remoteInfo = Three20UICommonUnitTests;
		};
		FA5077B51302F5F200CB96B4 /* PBXContainerItemProxy */ = {
			isa = PBXContainerItemProxy;
			containerPortal = 3201088596B4756681693700 /* Three20UICommon.xcodeproj */;
			proxyType = 2;
			remoteGlobalIDString = 665A53891264D54B0032D0BE;
			remoteInfo = "Three20UICommonUnitTests-Xcode3.2.5";
		};
		FA5077B71302F5F200CB96B4 /* PBXContainerItemProxy */ = {
			isa = PBXContainerItemProxy;
			containerPortal = 3201088596B4756681693700 /* Three20UICommon.xcodeproj */;
			proxyType = 2;
			remoteGlobalIDString = 665A53F81264D6550032D0BE;
			remoteInfo = "Three20UICommonUnitTests-Xcode3.2.2";
		};
		FA5077BE1302F5F200CB96B4 /* PBXContainerItemProxy */ = {
			isa = PBXContainerItemProxy;
			containerPortal = 320A737074758E53BA54BE90 /* Three20UINavigator.xcodeproj */;
			proxyType = 2;
			remoteGlobalIDString = 665A54521264DAF70032D0BE;
			remoteInfo = "Three20UINavigator-Xcode3.2.5";
		};
		FA5077C01302F5F200CB96B4 /* PBXContainerItemProxy */ = {
			isa = PBXContainerItemProxy;
			containerPortal = 320A737074758E53BA54BE90 /* Three20UINavigator.xcodeproj */;
			proxyType = 2;
			remoteGlobalIDString = 66FE8BFA1264DBC3001E0674;
			remoteInfo = "Three20UINavigator-Xcode3.2.2";
		};
		FA5077C21302F5F200CB96B4 /* PBXContainerItemProxy */ = {
			isa = PBXContainerItemProxy;
			containerPortal = 320A737074758E53BA54BE90 /* Three20UINavigator.xcodeproj */;
			proxyType = 2;
			remoteGlobalIDString = EB9E6C6210B6A8F800DE563C;
			remoteInfo = Three20UINavigatorUnitTests;
		};
		FA5077C41302F5F200CB96B4 /* PBXContainerItemProxy */ = {
			isa = PBXContainerItemProxy;
			containerPortal = 320A737074758E53BA54BE90 /* Three20UINavigator.xcodeproj */;
			proxyType = 2;
			remoteGlobalIDString = 665A54681264DAF70032D0BE;
			remoteInfo = "Three20UINavigatorUnitTests-Xcode3.2.5";
		};
		FA5077C61302F5F200CB96B4 /* PBXContainerItemProxy */ = {
			isa = PBXContainerItemProxy;
			containerPortal = 320A737074758E53BA54BE90 /* Three20UINavigator.xcodeproj */;
			proxyType = 2;
			remoteGlobalIDString = 66FE8C0F1264DBC3001E0674;
			remoteInfo = "Three20UINavigatorUnitTests-Xcode3.2.2";
		};
/* End PBXContainerItemProxy section */

/* Begin PBXFileReference section */
		1D30AB110D05D00D00671497 /* Foundation.framework */ = {isa = PBXFileReference; lastKnownFileType = wrapper.framework; name = Foundation.framework; path = System/Library/Frameworks/Foundation.framework; sourceTree = SDKROOT; };
		1D6058910D05DD3D006BFB54 /* Meep.app */ = {isa = PBXFileReference; explicitFileType = wrapper.application; includeInIndex = 0; path = Meep.app; sourceTree = BUILT_PRODUCTS_DIR; };
		1DF5F4DF0D08C38300B7A737 /* UIKit.framework */ = {isa = PBXFileReference; lastKnownFileType = wrapper.framework; name = UIKit.framework; path = System/Library/Frameworks/UIKit.framework; sourceTree = SDKROOT; };
		288765A40DF7441C002DB57D /* CoreGraphics.framework */ = {isa = PBXFileReference; lastKnownFileType = wrapper.framework; name = CoreGraphics.framework; path = System/Library/Frameworks/CoreGraphics.framework; sourceTree = SDKROOT; };
		3201088596B4756681693700 /* Three20UICommon.xcodeproj */ = {isa = PBXFileReference; lastKnownFileType = "wrapper.pb-project"; name = Three20UICommon.xcodeproj; path = ../../three20/src/Three20UICommon/Three20UICommon.xcodeproj; sourceTree = SOURCE_ROOT; };
		320A2827FEC940B25BC42C60 /* Three20Core.xcodeproj */ = {isa = PBXFileReference; lastKnownFileType = "wrapper.pb-project"; name = Three20Core.xcodeproj; path = ../../three20/src/Three20Core/Three20Core.xcodeproj; sourceTree = SOURCE_ROOT; };
		320A5A189C235877202780D0 /* Three20Network.xcodeproj */ = {isa = PBXFileReference; lastKnownFileType = "wrapper.pb-project"; name = Three20Network.xcodeproj; path = ../../three20/src/Three20Network/Three20Network.xcodeproj; sourceTree = SOURCE_ROOT; };
		320A737074758E53BA54BE90 /* Three20UINavigator.xcodeproj */ = {isa = PBXFileReference; lastKnownFileType = "wrapper.pb-project"; name = Three20UINavigator.xcodeproj; path = ../../three20/src/Three20UINavigator/Three20UINavigator.xcodeproj; sourceTree = SOURCE_ROOT; };
		320AF8492C47A4D819F7C450 /* QuartzCore.framework */ = {isa = PBXFileReference; lastKnownFileType = wrapper.framework; name = QuartzCore.framework; path = System/Library/Frameworks/QuartzCore.framework; sourceTree = SDK_ROOT; };
		320B6C86F11D9990244A9730 /* Three20.bundle */ = {isa = PBXFileReference; lastKnownFileType = "wrapper.plug-in"; name = Three20.bundle; path = ../../three20/src/Three20.bundle; sourceTree = SOURCE_ROOT; };
		320CC833B8AF0ACFD35E6220 /* Three20Style.xcodeproj */ = {isa = PBXFileReference; lastKnownFileType = "wrapper.pb-project"; name = Three20Style.xcodeproj; path = ../../three20/src/Three20Style/Three20Style.xcodeproj; sourceTree = SOURCE_ROOT; };
		320D7DCCE32703ACAB9A45E0 /* Three20.xcodeproj */ = {isa = PBXFileReference; lastKnownFileType = "wrapper.pb-project"; name = Three20.xcodeproj; path = ../../three20/src/Three20/Three20.xcodeproj; sourceTree = SOURCE_ROOT; };
		320F2C48872C2E2C4DF86200 /* Three20UI.xcodeproj */ = {isa = PBXFileReference; lastKnownFileType = "wrapper.pb-project"; name = Three20UI.xcodeproj; path = ../../three20/src/Three20UI/Three20UI.xcodeproj; sourceTree = SOURCE_ROOT; };
		8D1107310486CEB800E47090 /* Meep-Info.plist */ = {isa = PBXFileReference; fileEncoding = 4; lastKnownFileType = text.plist.xml; path = "Meep-Info.plist"; plistStructureDefinitionIdentifier = "com.apple.xcode.plist.structure-definition.iphone.info-plist"; sourceTree = "<group>"; };
		FA5076961302F3CC00CB96B4 /* ConfigManager.h */ = {isa = PBXFileReference; fileEncoding = 4; lastKnownFileType = sourcecode.c.h; name = ConfigManager.h; path = Classes/ConfigManager.h; sourceTree = SOURCE_ROOT; };
		FA5076971302F3CC00CB96B4 /* ConfigManager.m */ = {isa = PBXFileReference; fileEncoding = 4; lastKnownFileType = sourcecode.c.objc; name = ConfigManager.m; path = Classes/ConfigManager.m; sourceTree = SOURCE_ROOT; };
		FA5076991302F3CC00CB96B4 /* LoginManager.h */ = {isa = PBXFileReference; fileEncoding = 4; lastKnownFileType = sourcecode.c.h; name = LoginManager.h; path = Classes/LoginManager.h; sourceTree = SOURCE_ROOT; };
		FA50769A1302F3CC00CB96B4 /* LoginManager.m */ = {isa = PBXFileReference; fileEncoding = 4; lastKnownFileType = sourcecode.c.objc; name = LoginManager.m; path = Classes/LoginManager.m; sourceTree = SOURCE_ROOT; };
		FA50769B1302F3CC00CB96B4 /* LoginManagerDelegate.h */ = {isa = PBXFileReference; fileEncoding = 4; lastKnownFileType = sourcecode.c.h; name = LoginManagerDelegate.h; path = Classes/LoginManagerDelegate.h; sourceTree = SOURCE_ROOT; };
		FA50769C1302F3CC00CB96B4 /* RegistrationManager.h */ = {isa = PBXFileReference; fileEncoding = 4; lastKnownFileType = sourcecode.c.h; name = RegistrationManager.h; path = Classes/RegistrationManager.h; sourceTree = SOURCE_ROOT; };
		FA50769D1302F3CC00CB96B4 /* RegistrationManager.m */ = {isa = PBXFileReference; fileEncoding = 4; lastKnownFileType = sourcecode.c.objc; name = RegistrationManager.m; path = Classes/RegistrationManager.m; sourceTree = SOURCE_ROOT; };
		FA50769E1302F3CC00CB96B4 /* RegistrationManagerDelegate.h */ = {isa = PBXFileReference; fileEncoding = 4; lastKnownFileType = sourcecode.c.h; name = RegistrationManagerDelegate.h; path = Classes/RegistrationManagerDelegate.h; sourceTree = SOURCE_ROOT; };
		FA5076A01302F3CC00CB96B4 /* UserDTO.h */ = {isa = PBXFileReference; fileEncoding = 4; lastKnownFileType = sourcecode.c.h; name = UserDTO.h; path = Classes/UserDTO.h; sourceTree = SOURCE_ROOT; };
		FA5076A11302F3CC00CB96B4 /* UserDTO.m */ = {isa = PBXFileReference; fileEncoding = 4; lastKnownFileType = sourcecode.c.objc; name = UserDTO.m; path = Classes/UserDTO.m; sourceTree = SOURCE_ROOT; };
		FA5076A21302F3CC00CB96B4 /* MeepAppDelegate.h */ = {isa = PBXFileReference; fileEncoding = 4; lastKnownFileType = sourcecode.c.h; name = MeepAppDelegate.h; path = Classes/MeepAppDelegate.h; sourceTree = SOURCE_ROOT; };
		FA5076A31302F3CC00CB96B4 /* MeepAppDelegate.m */ = {isa = PBXFileReference; fileEncoding = 4; lastKnownFileType = sourcecode.c.objc; name = MeepAppDelegate.m; path = Classes/MeepAppDelegate.m; sourceTree = SOURCE_ROOT; };
		FA5076A41302F3CC00CB96B4 /* CLViewController.h */ = {isa = PBXFileReference; fileEncoding = 4; lastKnownFileType = sourcecode.c.h; name = CLViewController.h; path = Classes/CLViewController.h; sourceTree = SOURCE_ROOT; };
		FA5076A51302F3CC00CB96B4 /* CLViewController.m */ = {isa = PBXFileReference; fileEncoding = 4; lastKnownFileType = sourcecode.c.objc; name = CLViewController.m; path = Classes/CLViewController.m; sourceTree = SOURCE_ROOT; };
		FA5076A91302F3CC00CB96B4 /* StringUtils.h */ = {isa = PBXFileReference; fileEncoding = 4; lastKnownFileType = sourcecode.c.h; name = StringUtils.h; path = Classes/StringUtils.h; sourceTree = SOURCE_ROOT; };
		FA5076AA1302F3CC00CB96B4 /* StringUtils.m */ = {isa = PBXFileReference; fileEncoding = 4; lastKnownFileType = sourcecode.c.objc; name = StringUtils.m; path = Classes/StringUtils.m; sourceTree = SOURCE_ROOT; };
		FA5076AD1302F3CC00CB96B4 /* MapLocation.h */ = {isa = PBXFileReference; fileEncoding = 4; lastKnownFileType = sourcecode.c.h; name = MapLocation.h; path = Classes/MapLocation.h; sourceTree = SOURCE_ROOT; };
		FA5076AE1302F3CC00CB96B4 /* MapLocation.m */ = {isa = PBXFileReference; fileEncoding = 4; lastKnownFileType = sourcecode.c.objc; name = MapLocation.m; path = Classes/MapLocation.m; sourceTree = SOURCE_ROOT; };
		FA5076AF1302F3CC00CB96B4 /* NewMeetingLocationController.h */ = {isa = PBXFileReference; fileEncoding = 4; lastKnownFileType = sourcecode.c.h; name = NewMeetingLocationController.h; path = Classes/NewMeetingLocationController.h; sourceTree = SOURCE_ROOT; };
		FA5076B01302F3CC00CB96B4 /* NewMeetingLocationController.m */ = {isa = PBXFileReference; fileEncoding = 4; lastKnownFileType = sourcecode.c.objc; name = NewMeetingLocationController.m; path = Classes/NewMeetingLocationController.m; sourceTree = SOURCE_ROOT; };
		FA5076B11302F3CC00CB96B4 /* NewMeetingDateAndTimeController.h */ = {isa = PBXFileReference; fileEncoding = 4; lastKnownFileType = sourcecode.c.h; name = NewMeetingDateAndTimeController.h; path = Classes/NewMeetingDateAndTimeController.h; sourceTree = SOURCE_ROOT; };
		FA5076B21302F3CC00CB96B4 /* NewMeetingDateAndTimeController.m */ = {isa = PBXFileReference; fileEncoding = 4; lastKnownFileType = sourcecode.c.objc; name = NewMeetingDateAndTimeController.m; path = Classes/NewMeetingDateAndTimeController.m; sourceTree = SOURCE_ROOT; };
		FA5076B31302F3CC00CB96B4 /* NewMeetingPeopleController.h */ = {isa = PBXFileReference; fileEncoding = 4; lastKnownFileType = sourcecode.c.h; name = NewMeetingPeopleController.h; path = Classes/NewMeetingPeopleController.h; sourceTree = SOURCE_ROOT; };
		FA5076B41302F3CC00CB96B4 /* NewMeetingPeopleController.m */ = {isa = PBXFileReference; fileEncoding = 4; lastKnownFileType = sourcecode.c.objc; name = NewMeetingPeopleController.m; path = Classes/NewMeetingPeopleController.m; sourceTree = SOURCE_ROOT; };
		FA5076B51302F3CC00CB96B4 /* MenuNavigationController.h */ = {isa = PBXFileReference; fileEncoding = 4; lastKnownFileType = sourcecode.c.h; name = MenuNavigationController.h; path = Classes/MenuNavigationController.h; sourceTree = SOURCE_ROOT; };
		FA5076B61302F3CC00CB96B4 /* MenuNavigationController.m */ = {isa = PBXFileReference; fileEncoding = 4; lastKnownFileType = sourcecode.c.objc; name = MenuNavigationController.m; path = Classes/MenuNavigationController.m; sourceTree = SOURCE_ROOT; };
		FA5076B71302F3CC00CB96B4 /* MenuViewController.h */ = {isa = PBXFileReference; fileEncoding = 4; lastKnownFileType = sourcecode.c.h; name = MenuViewController.h; path = Classes/MenuViewController.h; sourceTree = SOURCE_ROOT; };
		FA5076B81302F3CC00CB96B4 /* MenuViewController.m */ = {isa = PBXFileReference; fileEncoding = 4; lastKnownFileType = sourcecode.c.objc; name = MenuViewController.m; path = Classes/MenuViewController.m; sourceTree = SOURCE_ROOT; };
		FA5076BA1302F3CC00CB96B4 /* CustomCellTextField.h */ = {isa = PBXFileReference; fileEncoding = 4; lastKnownFileType = sourcecode.c.h; name = CustomCellTextField.h; path = Classes/CustomCellTextField.h; sourceTree = SOURCE_ROOT; };
		FA5076BB1302F3CC00CB96B4 /* CustomCellTextField.m */ = {isa = PBXFileReference; fileEncoding = 4; lastKnownFileType = sourcecode.c.objc; name = CustomCellTextField.m; path = Classes/CustomCellTextField.m; sourceTree = SOURCE_ROOT; };
		FA5076BC1302F3CC00CB96B4 /* LoginViewController.h */ = {isa = PBXFileReference; fileEncoding = 4; lastKnownFileType = sourcecode.c.h; name = LoginViewController.h; path = Classes/LoginViewController.h; sourceTree = SOURCE_ROOT; };
		FA5076BD1302F3CC00CB96B4 /* LoginViewController.m */ = {isa = PBXFileReference; fileEncoding = 4; lastKnownFileType = sourcecode.c.objc; name = LoginViewController.m; path = Classes/LoginViewController.m; sourceTree = SOURCE_ROOT; };
		FA5076BE1302F3CC00CB96B4 /* RegisterViewController.h */ = {isa = PBXFileReference; fileEncoding = 4; lastKnownFileType = sourcecode.c.h; name = RegisterViewController.h; path = Classes/RegisterViewController.h; sourceTree = SOURCE_ROOT; };
		FA5076BF1302F3CC00CB96B4 /* RegisterViewController.m */ = {isa = PBXFileReference; fileEncoding = 4; lastKnownFileType = sourcecode.c.objc; name = RegisterViewController.m; path = Classes/RegisterViewController.m; sourceTree = SOURCE_ROOT; };
		FA5076C01302F3CC00CB96B4 /* WelcomeNavigationController.h */ = {isa = PBXFileReference; fileEncoding = 4; lastKnownFileType = sourcecode.c.h; name = WelcomeNavigationController.h; path = Classes/WelcomeNavigationController.h; sourceTree = SOURCE_ROOT; };
		FA5076C11302F3CC00CB96B4 /* WelcomeNavigationController.m */ = {isa = PBXFileReference; fileEncoding = 4; lastKnownFileType = sourcecode.c.objc; name = WelcomeNavigationController.m; path = Classes/WelcomeNavigationController.m; sourceTree = SOURCE_ROOT; };
		FA5076C21302F3CC00CB96B4 /* WelcomeViewController.h */ = {isa = PBXFileReference; fileEncoding = 4; lastKnownFileType = sourcecode.c.h; name = WelcomeViewController.h; path = Classes/WelcomeViewController.h; sourceTree = SOURCE_ROOT; };
		FA5076C31302F3CC00CB96B4 /* WelcomeViewController.m */ = {isa = PBXFileReference; fileEncoding = 4; lastKnownFileType = sourcecode.c.objc; name = WelcomeViewController.m; path = Classes/WelcomeViewController.m; sourceTree = SOURCE_ROOT; };
		FA5076D81302F3EA00CB96B4 /* Icon.png */ = {isa = PBXFileReference; lastKnownFileType = image.png; path = Icon.png; sourceTree = "<group>"; };
		FA5076D91302F46700CB96B4 /* CFNetwork.framework */ = {isa = PBXFileReference; lastKnownFileType = wrapper.framework; name = CFNetwork.framework; path = System/Library/Frameworks/CFNetwork.framework; sourceTree = SDKROOT; };
		FA5076DB1302F46700CB96B4 /* CoreLocation.framework */ = {isa = PBXFileReference; lastKnownFileType = wrapper.framework; name = CoreLocation.framework; path = System/Library/Frameworks/CoreLocation.framework; sourceTree = SDKROOT; };
		FA5076DD1302F46700CB96B4 /* MapKit.framework */ = {isa = PBXFileReference; lastKnownFileType = wrapper.framework; name = MapKit.framework; path = System/Library/Frameworks/MapKit.framework; sourceTree = SDKROOT; };
		FA5076DF1302F46700CB96B4 /* QuartzCore.framework */ = {isa = PBXFileReference; lastKnownFileType = wrapper.framework; name = QuartzCore.framework; path = System/Library/Frameworks/QuartzCore.framework; sourceTree = SDKROOT; };
		FA5077E01302F61A00CB96B4 /* YAJL.framework */ = {isa = PBXFileReference; lastKnownFileType = wrapper.framework; name = YAJL.framework; path = External/YAJL.framework; sourceTree = "<group>"; };
		FA5078411302F9F800CB96B4 /* ASIAuthenticationDialog.h */ = {isa = PBXFileReference; fileEncoding = 4; lastKnownFileType = sourcecode.c.h; name = ASIAuthenticationDialog.h; path = External/ASIHTTPRequest/ASIAuthenticationDialog.h; sourceTree = SOURCE_ROOT; };
		FA5078421302F9F800CB96B4 /* ASIAuthenticationDialog.m */ = {isa = PBXFileReference; fileEncoding = 4; lastKnownFileType = sourcecode.c.objc; name = ASIAuthenticationDialog.m; path = External/ASIHTTPRequest/ASIAuthenticationDialog.m; sourceTree = SOURCE_ROOT; };
		FA5078431302F9F800CB96B4 /* ASICacheDelegate.h */ = {isa = PBXFileReference; fileEncoding = 4; lastKnownFileType = sourcecode.c.h; name = ASICacheDelegate.h; path = External/ASIHTTPRequest/ASICacheDelegate.h; sourceTree = SOURCE_ROOT; };
		FA5078441302F9F800CB96B4 /* ASIDownloadCache.h */ = {isa = PBXFileReference; fileEncoding = 4; lastKnownFileType = sourcecode.c.h; name = ASIDownloadCache.h; path = External/ASIHTTPRequest/ASIDownloadCache.h; sourceTree = SOURCE_ROOT; };
		FA5078451302F9F800CB96B4 /* ASIDownloadCache.m */ = {isa = PBXFileReference; fileEncoding = 4; lastKnownFileType = sourcecode.c.objc; name = ASIDownloadCache.m; path = External/ASIHTTPRequest/ASIDownloadCache.m; sourceTree = SOURCE_ROOT; };
		FA5078461302F9F800CB96B4 /* ASIFormDataRequest.h */ = {isa = PBXFileReference; fileEncoding = 4; lastKnownFileType = sourcecode.c.h; name = ASIFormDataRequest.h; path = External/ASIHTTPRequest/ASIFormDataRequest.h; sourceTree = SOURCE_ROOT; };
		FA5078471302F9F800CB96B4 /* ASIFormDataRequest.m */ = {isa = PBXFileReference; fileEncoding = 4; lastKnownFileType = sourcecode.c.objc; name = ASIFormDataRequest.m; path = External/ASIHTTPRequest/ASIFormDataRequest.m; sourceTree = SOURCE_ROOT; };
		FA5078481302F9F800CB96B4 /* ASIHTTPRequest.h */ = {isa = PBXFileReference; fileEncoding = 4; lastKnownFileType = sourcecode.c.h; name = ASIHTTPRequest.h; path = External/ASIHTTPRequest/ASIHTTPRequest.h; sourceTree = SOURCE_ROOT; };
		FA5078491302F9F800CB96B4 /* ASIHTTPRequest.m */ = {isa = PBXFileReference; fileEncoding = 4; lastKnownFileType = sourcecode.c.objc; name = ASIHTTPRequest.m; path = External/ASIHTTPRequest/ASIHTTPRequest.m; sourceTree = SOURCE_ROOT; };
		FA50784A1302F9F800CB96B4 /* ASIHTTPRequestConfig.h */ = {isa = PBXFileReference; fileEncoding = 4; lastKnownFileType = sourcecode.c.h; name = ASIHTTPRequestConfig.h; path = External/ASIHTTPRequest/ASIHTTPRequestConfig.h; sourceTree = SOURCE_ROOT; };
		FA50784B1302F9F800CB96B4 /* ASIHTTPRequestDelegate.h */ = {isa = PBXFileReference; fileEncoding = 4; lastKnownFileType = sourcecode.c.h; name = ASIHTTPRequestDelegate.h; path = External/ASIHTTPRequest/ASIHTTPRequestDelegate.h; sourceTree = SOURCE_ROOT; };
		FA50784C1302F9F800CB96B4 /* ASIInputStream.h */ = {isa = PBXFileReference; fileEncoding = 4; lastKnownFileType = sourcecode.c.h; name = ASIInputStream.h; path = External/ASIHTTPRequest/ASIInputStream.h; sourceTree = SOURCE_ROOT; };
		FA50784D1302F9F800CB96B4 /* ASIInputStream.m */ = {isa = PBXFileReference; fileEncoding = 4; lastKnownFileType = sourcecode.c.objc; name = ASIInputStream.m; path = External/ASIHTTPRequest/ASIInputStream.m; sourceTree = SOURCE_ROOT; };
		FA50784E1302F9F800CB96B4 /* ASINetworkQueue.h */ = {isa = PBXFileReference; fileEncoding = 4; lastKnownFileType = sourcecode.c.h; name = ASINetworkQueue.h; path = External/ASIHTTPRequest/ASINetworkQueue.h; sourceTree = SOURCE_ROOT; };
		FA50784F1302F9F800CB96B4 /* ASINetworkQueue.m */ = {isa = PBXFileReference; fileEncoding = 4; lastKnownFileType = sourcecode.c.objc; name = ASINetworkQueue.m; path = External/ASIHTTPRequest/ASINetworkQueue.m; sourceTree = SOURCE_ROOT; };
		FA5078501302F9F800CB96B4 /* ASIProgressDelegate.h */ = {isa = PBXFileReference; fileEncoding = 4; lastKnownFileType = sourcecode.c.h; name = ASIProgressDelegate.h; path = External/ASIHTTPRequest/ASIProgressDelegate.h; sourceTree = SOURCE_ROOT; };
		FA5078521302F9F800CB96B4 /* MBProgressHUD.h */ = {isa = PBXFileReference; fileEncoding = 4; lastKnownFileType = sourcecode.c.h; name = MBProgressHUD.h; path = External/MBProgressHUD/MBProgressHUD.h; sourceTree = SOURCE_ROOT; };
		FA5078531302F9F800CB96B4 /* MBProgressHUD.m */ = {isa = PBXFileReference; fileEncoding = 4; lastKnownFileType = sourcecode.c.objc; name = MBProgressHUD.m; path = External/MBProgressHUD/MBProgressHUD.m; sourceTree = SOURCE_ROOT; };
		FA5078551302F9F800CB96B4 /* Reachability.h */ = {isa = PBXFileReference; fileEncoding = 4; lastKnownFileType = sourcecode.c.h; name = Reachability.h; path = External/Reachability/Reachability.h; sourceTree = SOURCE_ROOT; };
		FA5078561302F9F800CB96B4 /* Reachability.m */ = {isa = PBXFileReference; fileEncoding = 4; lastKnownFileType = sourcecode.c.objc; name = Reachability.m; path = External/Reachability/Reachability.m; sourceTree = SOURCE_ROOT; };
		FA5078581302F9F800CB96B4 /* RegexKitLite.h */ = {isa = PBXFileReference; fileEncoding = 4; lastKnownFileType = sourcecode.c.h; name = RegexKitLite.h; path = External/RegexKitLite/RegexKitLite.h; sourceTree = SOURCE_ROOT; };
		FA5078591302F9F800CB96B4 /* RegexKitLite.m */ = {isa = PBXFileReference; fileEncoding = 4; lastKnownFileType = sourcecode.c.objc; name = RegexKitLite.m; path = External/RegexKitLite/RegexKitLite.m; sourceTree = SOURCE_ROOT; };
		FA5078651302FA6A00CB96B4 /* MobileCoreServices.framework */ = {isa = PBXFileReference; lastKnownFileType = wrapper.framework; name = MobileCoreServices.framework; path = System/Library/Frameworks/MobileCoreServices.framework; sourceTree = SDKROOT; };
		FA5078671302FA6A00CB96B4 /* SystemConfiguration.framework */ = {isa = PBXFileReference; lastKnownFileType = wrapper.framework; name = SystemConfiguration.framework; path = System/Library/Frameworks/SystemConfiguration.framework; sourceTree = SDKROOT; };
		FA5078691302FA6A00CB96B4 /* libz.1.2.3.dylib */ = {isa = PBXFileReference; lastKnownFileType = "compiled.mach-o.dylib"; name = libz.1.2.3.dylib; path = usr/lib/libz.1.2.3.dylib; sourceTree = SDKROOT; };
		FA5079741302FF9300CB96B4 /* Meep_Prefix.pch */ = {isa = PBXFileReference; fileEncoding = 4; lastKnownFileType = sourcecode.c.h; path = Meep_Prefix.pch; sourceTree = "<group>"; };
		FA5079751302FF9300CB96B4 /* main.m */ = {isa = PBXFileReference; fileEncoding = 4; lastKnownFileType = sourcecode.c.objc; path = main.m; sourceTree = SOURCE_ROOT; };
		FA5079C01303011600CB96B4 /* MainWindow.xib */ = {isa = PBXFileReference; lastKnownFileType = file.xib; path = MainWindow.xib; sourceTree = SOURCE_ROOT; };
		FA5079C31303014500CB96B4 /* CLViewController.xib */ = {isa = PBXFileReference; lastKnownFileType = file.xib; path = CLViewController.xib; sourceTree = SOURCE_ROOT; };
		FA5079C41303014500CB96B4 /* CustomCellTextField.xib */ = {isa = PBXFileReference; lastKnownFileType = file.xib; path = CustomCellTextField.xib; sourceTree = "<group>"; };
		FA5079C51303014500CB96B4 /* NewMeetingLocationController.xib */ = {isa = PBXFileReference; lastKnownFileType = file.xib; path = NewMeetingLocationController.xib; sourceTree = "<group>"; };
		FA5079C91303018600CB96B4 /* HTTPDemoViewController.xib */ = {isa = PBXFileReference; lastKnownFileType = file.xib; name = HTTPDemoViewController.xib; path = Classes/HTTPDemoViewController.xib; sourceTree = SOURCE_ROOT; };
		FA5079CA1303018600CB96B4 /* LoginViewController.xib */ = {isa = PBXFileReference; lastKnownFileType = file.xib; name = LoginViewController.xib; path = Classes/LoginViewController.xib; sourceTree = "<group>"; };
		FA5079CC1303018600CB96B4 /* NewMeetingDateAndTimeController.xib */ = {isa = PBXFileReference; lastKnownFileType = file.xib; name = NewMeetingDateAndTimeController.xib; path = Classes/NewMeetingDateAndTimeController.xib; sourceTree = "<group>"; };
		FA5079CD1303018600CB96B4 /* NewMeetingPeopleController.xib */ = {isa = PBXFileReference; lastKnownFileType = file.xib; name = NewMeetingPeopleController.xib; path = Classes/NewMeetingPeopleController.xib; sourceTree = "<group>"; };
		FA5079CE1303018600CB96B4 /* RegisterViewController.xib */ = {isa = PBXFileReference; lastKnownFileType = file.xib; name = RegisterViewController.xib; path = Classes/RegisterViewController.xib; sourceTree = "<group>"; };
		FA5079CF1303018600CB96B4 /* WelcomeViewController.xib */ = {isa = PBXFileReference; lastKnownFileType = file.xib; name = WelcomeViewController.xib; path = Classes/WelcomeViewController.xib; sourceTree = "<group>"; };
		FA507B071303EF4000CB96B4 /* UserManager.h */ = {isa = PBXFileReference; fileEncoding = 4; lastKnownFileType = sourcecode.c.h; path = UserManager.h; sourceTree = "<group>"; };
		FA507B081303EF4000CB96B4 /* UserManager.m */ = {isa = PBXFileReference; fileEncoding = 4; lastKnownFileType = sourcecode.c.objc; path = UserManager.m; sourceTree = "<group>"; };
		FA507B30130404A900CB96B4 /* UserManagerDelegate.h */ = {isa = PBXFileReference; fileEncoding = 4; lastKnownFileType = sourcecode.c.h; path = UserManagerDelegate.h; sourceTree = "<group>"; };
		FA507B9A1304272500CB96B4 /* LogoutManager.h */ = {isa = PBXFileReference; fileEncoding = 4; lastKnownFileType = sourcecode.c.h; path = LogoutManager.h; sourceTree = "<group>"; };
		FA507B9B1304272500CB96B4 /* LogoutManager.m */ = {isa = PBXFileReference; fileEncoding = 4; lastKnownFileType = sourcecode.c.objc; path = LogoutManager.m; sourceTree = "<group>"; };
		FA507B9D13042A1300CB96B4 /* LogoutManagerDelegate.h */ = {isa = PBXFileReference; fileEncoding = 4; lastKnownFileType = sourcecode.c.h; path = LogoutManagerDelegate.h; sourceTree = "<group>"; };
/* End PBXFileReference section */

/* Begin PBXFrameworksBuildPhase section */
		1D60588F0D05DD3D006BFB54 /* Frameworks */ = {
			isa = PBXFrameworksBuildPhase;
			buildActionMask = 2147483647;
			files = (
				3201088596B4756681693705 /* libThree20UICommon.a in Frameworks */,
				320D7DCCE32703ACAB9A45E5 /* libThree20.a in Frameworks */,
				320A737074758E53BA54BE95 /* libThree20UINavigator.a in Frameworks */,
				320A2827FEC940B25BC42C65 /* libThree20Core.a in Frameworks */,
				320F2C48872C2E2C4DF86205 /* libThree20UI.a in Frameworks */,
				320AF8492C47A4D819F7C451 /* QuartzCore.framework in Frameworks */,
				320A5A189C235877202780D5 /* libThree20Network.a in Frameworks */,
				320CC833B8AF0ACFD35E6225 /* libThree20Style.a in Frameworks */,
				1D60589F0D05DD5A006BFB54 /* Foundation.framework in Frameworks */,
				1DF5F4E00D08C38300B7A737 /* UIKit.framework in Frameworks */,
				288765A50DF7441C002DB57D /* CoreGraphics.framework in Frameworks */,
				FA5076DA1302F46700CB96B4 /* CFNetwork.framework in Frameworks */,
				FA5076DC1302F46700CB96B4 /* CoreLocation.framework in Frameworks */,
				FA5076DE1302F46700CB96B4 /* MapKit.framework in Frameworks */,
				FA5076E01302F46700CB96B4 /* QuartzCore.framework in Frameworks */,
				FA5077E11302F61A00CB96B4 /* YAJL.framework in Frameworks */,
				FA5078661302FA6A00CB96B4 /* MobileCoreServices.framework in Frameworks */,
				FA5078681302FA6A00CB96B4 /* SystemConfiguration.framework in Frameworks */,
				FA50786A1302FA6A00CB96B4 /* libz.1.2.3.dylib in Frameworks */,
			);
			runOnlyForDeploymentPostprocessing = 0;
		};
/* End PBXFrameworksBuildPhase section */

/* Begin PBXGroup section */
		080E96DDFE201D6D7F000001 /* Classes */ = {
			isa = PBXGroup;
			children = (
				FA50769F1302F3CC00CB96B4 /* Model */,
				FA5076981302F3CC00CB96B4 /* Request Managers */,
				FA5076A81302F3CC00CB96B4 /* Utils */,
				FA5076AB1302F3CC00CB96B4 /* ViewControllers */,
				FA5076961302F3CC00CB96B4 /* ConfigManager.h */,
				FA5076971302F3CC00CB96B4 /* ConfigManager.m */,
				FA5076A41302F3CC00CB96B4 /* CLViewController.h */,
				FA5076A51302F3CC00CB96B4 /* CLViewController.m */,
				FA5076A21302F3CC00CB96B4 /* MeepAppDelegate.h */,
				FA5076A31302F3CC00CB96B4 /* MeepAppDelegate.m */,
			);
			path = Classes;
			sourceTree = "<group>";
		};
		19C28FACFE9D520D11CA2CBB /* Products */ = {
			isa = PBXGroup;
			children = (
				1D6058910D05DD3D006BFB54 /* Meep.app */,
			);
			name = Products;
			sourceTree = "<group>";
		};
		29B97314FDCFA39411CA2CEA /* CustomTemplate */ = {
			isa = PBXGroup;
			children = (
				FA50767A1302F32E00CB96B4 /* External */,
				080E96DDFE201D6D7F000001 /* Classes */,
				29B97315FDCFA39411CA2CEA /* Other Sources */,
				29B97317FDCFA39411CA2CEA /* Resources */,
				29B97323FDCFA39411CA2CEA /* Frameworks */,
				19C28FACFE9D520D11CA2CBB /* Products */,
			);
			name = CustomTemplate;
			sourceTree = "<group>";
		};
		29B97315FDCFA39411CA2CEA /* Other Sources */ = {
			isa = PBXGroup;
			children = (
				FA5079741302FF9300CB96B4 /* Meep_Prefix.pch */,
				FA5079751302FF9300CB96B4 /* main.m */,
			);
			name = "Other Sources";
			sourceTree = "<group>";
		};
		29B97317FDCFA39411CA2CEA /* Resources */ = {
			isa = PBXGroup;
			children = (
				FA507AE31303EC4F00CB96B4 /* Views */,
				FA5079C91303018600CB96B4 /* HTTPDemoViewController.xib */,
				FA5079C31303014500CB96B4 /* CLViewController.xib */,
				FA5079C01303011600CB96B4 /* MainWindow.xib */,
				320B6C86F11D9990244A9730 /* Three20.bundle */,
				FA5076D81302F3EA00CB96B4 /* Icon.png */,
				8D1107310486CEB800E47090 /* Meep-Info.plist */,
			);
			name = Resources;
			sourceTree = "<group>";
		};
		29B97323FDCFA39411CA2CEA /* Frameworks */ = {
			isa = PBXGroup;
			children = (
				FA5078651302FA6A00CB96B4 /* MobileCoreServices.framework */,
				FA5078671302FA6A00CB96B4 /* SystemConfiguration.framework */,
				FA5078691302FA6A00CB96B4 /* libz.1.2.3.dylib */,
				3201088596B4756681693700 /* Three20UICommon.xcodeproj */,
				320D7DCCE32703ACAB9A45E0 /* Three20.xcodeproj */,
				320A737074758E53BA54BE90 /* Three20UINavigator.xcodeproj */,
				320A2827FEC940B25BC42C60 /* Three20Core.xcodeproj */,
				320F2C48872C2E2C4DF86200 /* Three20UI.xcodeproj */,
				320AF8492C47A4D819F7C450 /* QuartzCore.framework */,
				320A5A189C235877202780D0 /* Three20Network.xcodeproj */,
				320CC833B8AF0ACFD35E6220 /* Three20Style.xcodeproj */,
				1DF5F4DF0D08C38300B7A737 /* UIKit.framework */,
				1D30AB110D05D00D00671497 /* Foundation.framework */,
				288765A40DF7441C002DB57D /* CoreGraphics.framework */,
				FA5076D91302F46700CB96B4 /* CFNetwork.framework */,
				FA5076DB1302F46700CB96B4 /* CoreLocation.framework */,
				FA5076DD1302F46700CB96B4 /* MapKit.framework */,
				FA5076DF1302F46700CB96B4 /* QuartzCore.framework */,
				FA5077E01302F61A00CB96B4 /* YAJL.framework */,
			);
			name = Frameworks;
			sourceTree = "<group>";
		};
		3201088596B4756681693703 /* Products */ = {
			isa = PBXGroup;
			children = (
				3201088596B4756681693704 /* libThree20UICommon.a */,
				FA5077B01302F5F200CB96B4 /* libThree20UICommon-Xcode3.2.5.a */,
				FA5077B21302F5F200CB96B4 /* libThree20UICommon-Xcode3.2.2.a */,
				FA5077B41302F5F200CB96B4 /* UICommonUnitTests.octest */,
				FA5077B61302F5F200CB96B4 /* UICommonUnitTests-Xcode3.2.5.octest */,
				FA5077B81302F5F200CB96B4 /* UICommonUnitTests-Xcode3.2.2.octest */,
			);
			name = Products;
			sourceTree = "<group>";
		};
		320A2827FEC940B25BC42C63 /* Products */ = {
			isa = PBXGroup;
			children = (
				320A2827FEC940B25BC42C64 /* libThree20Core.a */,
				FA5077741302F5F200CB96B4 /* libThree20Core-Xcode3.2.5.a */,
				FA5077761302F5F200CB96B4 /* libThree20Core-Xcode3.2.2.a */,
				FA5077781302F5F200CB96B4 /* CoreUnitTests.octest */,
				FA50777A1302F5F200CB96B4 /* CoreUnitTests-Xcode3.2.5.octest */,
				FA50777C1302F5F200CB96B4 /* CoreUnitTests-Xcode3.2.2.octest */,
			);
			name = Products;
			sourceTree = "<group>";
		};
		320A5A189C235877202780D3 /* Products */ = {
			isa = PBXGroup;
			children = (
				320A5A189C235877202780D4 /* libThree20Network.a */,
				FA5077831302F5F200CB96B4 /* libThree20Network-Xcode3.2.5.a */,
				FA5077851302F5F200CB96B4 /* libThree20Network-Xcode3.2.2.a */,
				FA5077871302F5F200CB96B4 /* NetworkUnitTests.octest */,
				FA5077891302F5F200CB96B4 /* NetworkUnitTests-Xcode3.2.5.octest */,
				FA50778B1302F5F200CB96B4 /* NetworkUnitTests-Xcode3.2.2.octest */,
			);
			name = Products;
			sourceTree = "<group>";
		};
		320A737074758E53BA54BE93 /* Products */ = {
			isa = PBXGroup;
			children = (
				320A737074758E53BA54BE94 /* libThree20UINavigator.a */,
				FA5077BF1302F5F200CB96B4 /* libThree20UINavigator-Xcode3.2.5.a */,
				FA5077C11302F5F200CB96B4 /* libThree20UINavigator-Xcode3.2.2.a */,
				FA5077C31302F5F200CB96B4 /* UINavigatorUnitTests.octest */,
				FA5077C51302F5F200CB96B4 /* UINavigatorUnitTests-Xcode3.2.5.octest */,
				FA5077C71302F5F200CB96B4 /* UINavigatorUnitTests-Xcode3.2.2.octest */,
			);
			name = Products;
			sourceTree = "<group>";
		};
		320CC833B8AF0ACFD35E6223 /* Products */ = {
			isa = PBXGroup;
			children = (
				320CC833B8AF0ACFD35E6224 /* libThree20Style.a */,
				FA5077921302F5F200CB96B4 /* libThree20Style-Xcode3.2.5.a */,
				FA5077941302F5F200CB96B4 /* libThree20Style-Xcode3.2.2.a */,
				FA5077961302F5F200CB96B4 /* StyleUnitTests.octest */,
				FA5077981302F5F200CB96B4 /* StyleUnitTests-Xcode3.2.5.octest */,
				FA50779A1302F5F200CB96B4 /* StyleUnitTests-Xcode3.2.2.octest */,
			);
			name = Products;
			sourceTree = "<group>";
		};
		320D7DCCE32703ACAB9A45E3 /* Products */ = {
			isa = PBXGroup;
			children = (
				320D7DCCE32703ACAB9A45E4 /* libThree20.a */,
				FA5077651302F5F200CB96B4 /* libThree20-Xcode3.2.5.a */,
				FA5077671302F5F200CB96B4 /* libThree20-Xcode3.2.2.a */,
				FA5077691302F5F200CB96B4 /* Three20UnitTests.octest */,
				FA50776B1302F5F200CB96B4 /* Three20UnitTests-Xcode3.2.5.octest */,
				FA50776D1302F5F200CB96B4 /* Three20UnitTests-Xcode3.2.2.octest */,
			);
			name = Products;
			sourceTree = "<group>";
		};
		320F2C48872C2E2C4DF86203 /* Products */ = {
			isa = PBXGroup;
			children = (
				320F2C48872C2E2C4DF86204 /* libThree20UI.a */,
				FA5077A11302F5F200CB96B4 /* libThree20UI-Xcode3.2.5.a */,
				FA5077A31302F5F200CB96B4 /* libThree20UI-Xcode3.2.2.a */,
				FA5077A51302F5F200CB96B4 /* UIUnitTests.octest */,
				FA5077A71302F5F200CB96B4 /* UIUnitTests-Xcode3.2.5.octest */,
				FA5077A91302F5F200CB96B4 /* UIUnitTests-Xcode3.2.2.octest */,
			);
			name = Products;
			sourceTree = "<group>";
		};
		FA50767A1302F32E00CB96B4 /* External */ = {
			isa = PBXGroup;
			children = (
				FA5078401302F9F800CB96B4 /* ASIHTTPRequest */,
				FA5078511302F9F800CB96B4 /* MBProgressHUD */,
				FA5078541302F9F800CB96B4 /* Reachability */,
				FA5078571302F9F800CB96B4 /* RegexKitLite */,
			);
			name = External;
			sourceTree = "<group>";
		};
		FA5076981302F3CC00CB96B4 /* Request Managers */ = {
			isa = PBXGroup;
			children = (
				FA5076991302F3CC00CB96B4 /* LoginManager.h */,
				FA50769A1302F3CC00CB96B4 /* LoginManager.m */,
				FA50769B1302F3CC00CB96B4 /* LoginManagerDelegate.h */,
				FA50769C1302F3CC00CB96B4 /* RegistrationManager.h */,
				FA50769D1302F3CC00CB96B4 /* RegistrationManager.m */,
				FA50769E1302F3CC00CB96B4 /* RegistrationManagerDelegate.h */,
				FA507B071303EF4000CB96B4 /* UserManager.h */,
				FA507B081303EF4000CB96B4 /* UserManager.m */,
				FA507B30130404A900CB96B4 /* UserManagerDelegate.h */,
				FA507B9A1304272500CB96B4 /* LogoutManager.h */,
				FA507B9B1304272500CB96B4 /* LogoutManager.m */,
				FA507B9D13042A1300CB96B4 /* LogoutManagerDelegate.h */,
			);
			name = "Request Managers";
			path = Classes;
			sourceTree = SOURCE_ROOT;
		};
		FA50769F1302F3CC00CB96B4 /* Model */ = {
			isa = PBXGroup;
			children = (
				FA5076A01302F3CC00CB96B4 /* UserDTO.h */,
				FA5076A11302F3CC00CB96B4 /* UserDTO.m */,
			);
			name = Model;
			path = Classes;
			sourceTree = SOURCE_ROOT;
		};
		FA5076A81302F3CC00CB96B4 /* Utils */ = {
			isa = PBXGroup;
			children = (
				FA5076A91302F3CC00CB96B4 /* StringUtils.h */,
				FA5076AA1302F3CC00CB96B4 /* StringUtils.m */,
			);
			name = Utils;
			sourceTree = "<group>";
		};
		FA5076AB1302F3CC00CB96B4 /* ViewControllers */ = {
			isa = PBXGroup;
			children = (
				FA5076B51302F3CC00CB96B4 /* MenuNavigationController.h */,
				FA5076B61302F3CC00CB96B4 /* MenuNavigationController.m */,
				FA5076B71302F3CC00CB96B4 /* MenuViewController.h */,
				FA5076B81302F3CC00CB96B4 /* MenuViewController.m */,
				FA5076AC1302F3CC00CB96B4 /* New Meeting */,
				FA5076B91302F3CC00CB96B4 /* Welcome */,
			);
			name = ViewControllers;
			path = Classes;
			sourceTree = SOURCE_ROOT;
		};
		FA5076AC1302F3CC00CB96B4 /* New Meeting */ = {
			isa = PBXGroup;
			children = (
				FA5076AD1302F3CC00CB96B4 /* MapLocation.h */,
				FA5076AE1302F3CC00CB96B4 /* MapLocation.m */,
				FA5076AF1302F3CC00CB96B4 /* NewMeetingLocationController.h */,
				FA5076B01302F3CC00CB96B4 /* NewMeetingLocationController.m */,
				FA5076B11302F3CC00CB96B4 /* NewMeetingDateAndTimeController.h */,
				FA5076B21302F3CC00CB96B4 /* NewMeetingDateAndTimeController.m */,
				FA5076B31302F3CC00CB96B4 /* NewMeetingPeopleController.h */,
				FA5076B41302F3CC00CB96B4 /* NewMeetingPeopleController.m */,
			);
			name = "New Meeting";
			path = Classes;
			sourceTree = SOURCE_ROOT;
		};
		FA5076B91302F3CC00CB96B4 /* Welcome */ = {
			isa = PBXGroup;
			children = (
				FA5076BA1302F3CC00CB96B4 /* CustomCellTextField.h */,
				FA5076BB1302F3CC00CB96B4 /* CustomCellTextField.m */,
				FA5076BC1302F3CC00CB96B4 /* LoginViewController.h */,
				FA5076BD1302F3CC00CB96B4 /* LoginViewController.m */,
				FA5076BE1302F3CC00CB96B4 /* RegisterViewController.h */,
				FA5076BF1302F3CC00CB96B4 /* RegisterViewController.m */,
				FA5076C01302F3CC00CB96B4 /* WelcomeNavigationController.h */,
				FA5076C11302F3CC00CB96B4 /* WelcomeNavigationController.m */,
				FA5076C21302F3CC00CB96B4 /* WelcomeViewController.h */,
				FA5076C31302F3CC00CB96B4 /* WelcomeViewController.m */,
			);
			name = Welcome;
			path = Classes;
			sourceTree = SOURCE_ROOT;
		};
		FA5078401302F9F800CB96B4 /* ASIHTTPRequest */ = {
			isa = PBXGroup;
			children = (
				FA5078411302F9F800CB96B4 /* ASIAuthenticationDialog.h */,
				FA5078421302F9F800CB96B4 /* ASIAuthenticationDialog.m */,
				FA5078431302F9F800CB96B4 /* ASICacheDelegate.h */,
				FA5078441302F9F800CB96B4 /* ASIDownloadCache.h */,
				FA5078451302F9F800CB96B4 /* ASIDownloadCache.m */,
				FA5078461302F9F800CB96B4 /* ASIFormDataRequest.h */,
				FA5078471302F9F800CB96B4 /* ASIFormDataRequest.m */,
				FA5078481302F9F800CB96B4 /* ASIHTTPRequest.h */,
				FA5078491302F9F800CB96B4 /* ASIHTTPRequest.m */,
				FA50784A1302F9F800CB96B4 /* ASIHTTPRequestConfig.h */,
				FA50784B1302F9F800CB96B4 /* ASIHTTPRequestDelegate.h */,
				FA50784C1302F9F800CB96B4 /* ASIInputStream.h */,
				FA50784D1302F9F800CB96B4 /* ASIInputStream.m */,
				FA50784E1302F9F800CB96B4 /* ASINetworkQueue.h */,
				FA50784F1302F9F800CB96B4 /* ASINetworkQueue.m */,
				FA5078501302F9F800CB96B4 /* ASIProgressDelegate.h */,
			);
			name = ASIHTTPRequest;
			path = External/ASIHTTPRequest;
			sourceTree = SOURCE_ROOT;
		};
		FA5078511302F9F800CB96B4 /* MBProgressHUD */ = {
			isa = PBXGroup;
			children = (
				FA5078521302F9F800CB96B4 /* MBProgressHUD.h */,
				FA5078531302F9F800CB96B4 /* MBProgressHUD.m */,
			);
			name = MBProgressHUD;
			path = External/MBProgressHUD;
			sourceTree = SOURCE_ROOT;
		};
		FA5078541302F9F800CB96B4 /* Reachability */ = {
			isa = PBXGroup;
			children = (
				FA5078551302F9F800CB96B4 /* Reachability.h */,
				FA5078561302F9F800CB96B4 /* Reachability.m */,
			);
			name = Reachability;
			path = External/Reachability;
			sourceTree = SOURCE_ROOT;
		};
		FA5078571302F9F800CB96B4 /* RegexKitLite */ = {
			isa = PBXGroup;
			children = (
				FA5078581302F9F800CB96B4 /* RegexKitLite.h */,
				FA5078591302F9F800CB96B4 /* RegexKitLite.m */,
			);
			name = RegexKitLite;
			path = External/RegexKitLite;
			sourceTree = SOURCE_ROOT;
		};
		FA507AE31303EC4F00CB96B4 /* Views */ = {
			isa = PBXGroup;
			children = (
				FA507AEB1303ECD000CB96B4 /* New Meeting */,
				FA507AEA1303ECC000CB96B4 /* Welcome */,
			);
			name = Views;
			sourceTree = "<group>";
		};
		FA507AEA1303ECC000CB96B4 /* Welcome */ = {
			isa = PBXGroup;
			children = (
				FA5079C41303014500CB96B4 /* CustomCellTextField.xib */,
				FA5079CA1303018600CB96B4 /* LoginViewController.xib */,
				FA5079CE1303018600CB96B4 /* RegisterViewController.xib */,
				FA5079CF1303018600CB96B4 /* WelcomeViewController.xib */,
			);
			name = Welcome;
			sourceTree = "<group>";
		};
		FA507AEB1303ECD000CB96B4 /* New Meeting */ = {
			isa = PBXGroup;
			children = (
				FA5079C51303014500CB96B4 /* NewMeetingLocationController.xib */,
				FA5079CC1303018600CB96B4 /* NewMeetingDateAndTimeController.xib */,
				FA5079CD1303018600CB96B4 /* NewMeetingPeopleController.xib */,
			);
			name = "New Meeting";
			sourceTree = "<group>";
		};
/* End PBXGroup section */

/* Begin PBXNativeTarget section */
		1D6058900D05DD3D006BFB54 /* Meep */ = {
			isa = PBXNativeTarget;
			buildConfigurationList = 1D6058960D05DD3E006BFB54 /* Build configuration list for PBXNativeTarget "Meep" */;
			buildPhases = (
				1D60588D0D05DD3D006BFB54 /* Resources */,
				1D60588E0D05DD3D006BFB54 /* Sources */,
				1D60588F0D05DD3D006BFB54 /* Frameworks */,
			);
			buildRules = (
			);
			dependencies = (
				3201088596B4756681693701 /* PBXTargetDependency */,
				320D7DCCE32703ACAB9A45E1 /* PBXTargetDependency */,
				320A737074758E53BA54BE91 /* PBXTargetDependency */,
				320A2827FEC940B25BC42C61 /* PBXTargetDependency */,
				320F2C48872C2E2C4DF86201 /* PBXTargetDependency */,
				320A5A189C235877202780D1 /* PBXTargetDependency */,
				320CC833B8AF0ACFD35E6221 /* PBXTargetDependency */,
			);
			name = Meep;
			productName = Meep;
			productReference = 1D6058910D05DD3D006BFB54 /* Meep.app */;
			productType = "com.apple.product-type.application";
		};
/* End PBXNativeTarget section */

/* Begin PBXProject section */
		29B97313FDCFA39411CA2CEA /* Project object */ = {
			isa = PBXProject;
			buildConfigurationList = C01FCF4E08A954540054247B /* Build configuration list for PBXProject "Meep" */;
			compatibilityVersion = "Xcode 3.1";
			developmentRegion = English;
			hasScannedForEncodings = 1;
			knownRegions = (
				English,
				Japanese,
				French,
				German,
			);
			mainGroup = 29B97314FDCFA39411CA2CEA /* CustomTemplate */;
			projectDirPath = "";
			projectReferences = (
				{
					ProductGroup = 320D7DCCE32703ACAB9A45E3 /* Products */;
					ProjectRef = 320D7DCCE32703ACAB9A45E0 /* Three20.xcodeproj */;
				},
				{
					ProductGroup = 320A2827FEC940B25BC42C63 /* Products */;
					ProjectRef = 320A2827FEC940B25BC42C60 /* Three20Core.xcodeproj */;
				},
				{
					ProductGroup = 320A5A189C235877202780D3 /* Products */;
					ProjectRef = 320A5A189C235877202780D0 /* Three20Network.xcodeproj */;
				},
				{
					ProductGroup = 320CC833B8AF0ACFD35E6223 /* Products */;
					ProjectRef = 320CC833B8AF0ACFD35E6220 /* Three20Style.xcodeproj */;
				},
				{
					ProductGroup = 320F2C48872C2E2C4DF86203 /* Products */;
					ProjectRef = 320F2C48872C2E2C4DF86200 /* Three20UI.xcodeproj */;
				},
				{
					ProductGroup = 3201088596B4756681693703 /* Products */;
					ProjectRef = 3201088596B4756681693700 /* Three20UICommon.xcodeproj */;
				},
				{
					ProductGroup = 320A737074758E53BA54BE93 /* Products */;
					ProjectRef = 320A737074758E53BA54BE90 /* Three20UINavigator.xcodeproj */;
				},
			);
			projectRoot = "";
			targets = (
				1D6058900D05DD3D006BFB54 /* Meep */,
			);
		};
/* End PBXProject section */

/* Begin PBXReferenceProxy section */
		3201088596B4756681693704 /* libThree20UICommon.a */ = {
			isa = PBXReferenceProxy;
			fileType = archive.ar;
			path = libThree20UICommon.a;
			remoteRef = 3201088596B4756681693706 /* PBXContainerItemProxy */;
			sourceTree = BUILT_PRODUCTS_DIR;
		};
		320A2827FEC940B25BC42C64 /* libThree20Core.a */ = {
			isa = PBXReferenceProxy;
			fileType = archive.ar;
			path = libThree20Core.a;
			remoteRef = 320A2827FEC940B25BC42C66 /* PBXContainerItemProxy */;
			sourceTree = BUILT_PRODUCTS_DIR;
		};
		320A5A189C235877202780D4 /* libThree20Network.a */ = {
			isa = PBXReferenceProxy;
			fileType = archive.ar;
			path = libThree20Network.a;
			remoteRef = 320A5A189C235877202780D6 /* PBXContainerItemProxy */;
			sourceTree = BUILT_PRODUCTS_DIR;
		};
		320A737074758E53BA54BE94 /* libThree20UINavigator.a */ = {
			isa = PBXReferenceProxy;
			fileType = archive.ar;
			path = libThree20UINavigator.a;
			remoteRef = 320A737074758E53BA54BE96 /* PBXContainerItemProxy */;
			sourceTree = BUILT_PRODUCTS_DIR;
		};
		320CC833B8AF0ACFD35E6224 /* libThree20Style.a */ = {
			isa = PBXReferenceProxy;
			fileType = archive.ar;
			path = libThree20Style.a;
			remoteRef = 320CC833B8AF0ACFD35E6226 /* PBXContainerItemProxy */;
			sourceTree = BUILT_PRODUCTS_DIR;
		};
		320D7DCCE32703ACAB9A45E4 /* libThree20.a */ = {
			isa = PBXReferenceProxy;
			fileType = archive.ar;
			path = libThree20.a;
			remoteRef = 320D7DCCE32703ACAB9A45E6 /* PBXContainerItemProxy */;
			sourceTree = BUILT_PRODUCTS_DIR;
		};
		320F2C48872C2E2C4DF86204 /* libThree20UI.a */ = {
			isa = PBXReferenceProxy;
			fileType = archive.ar;
			path = libThree20UI.a;
			remoteRef = 320F2C48872C2E2C4DF86206 /* PBXContainerItemProxy */;
			sourceTree = BUILT_PRODUCTS_DIR;
		};
		FA5077651302F5F200CB96B4 /* libThree20-Xcode3.2.5.a */ = {
			isa = PBXReferenceProxy;
			fileType = archive.ar;
			path = "libThree20-Xcode3.2.5.a";
			remoteRef = FA5077641302F5F200CB96B4 /* PBXContainerItemProxy */;
			sourceTree = BUILT_PRODUCTS_DIR;
		};
		FA5077671302F5F200CB96B4 /* libThree20-Xcode3.2.2.a */ = {
			isa = PBXReferenceProxy;
			fileType = archive.ar;
			path = "libThree20-Xcode3.2.2.a";
			remoteRef = FA5077661302F5F200CB96B4 /* PBXContainerItemProxy */;
			sourceTree = BUILT_PRODUCTS_DIR;
		};
		FA5077691302F5F200CB96B4 /* Three20UnitTests.octest */ = {
			isa = PBXReferenceProxy;
			fileType = wrapper.cfbundle;
			path = Three20UnitTests.octest;
			remoteRef = FA5077681302F5F200CB96B4 /* PBXContainerItemProxy */;
			sourceTree = BUILT_PRODUCTS_DIR;
		};
		FA50776B1302F5F200CB96B4 /* Three20UnitTests-Xcode3.2.5.octest */ = {
			isa = PBXReferenceProxy;
			fileType = wrapper.cfbundle;
			path = "Three20UnitTests-Xcode3.2.5.octest";
			remoteRef = FA50776A1302F5F200CB96B4 /* PBXContainerItemProxy */;
			sourceTree = BUILT_PRODUCTS_DIR;
		};
		FA50776D1302F5F200CB96B4 /* Three20UnitTests-Xcode3.2.2.octest */ = {
			isa = PBXReferenceProxy;
			fileType = wrapper.cfbundle;
			path = "Three20UnitTests-Xcode3.2.2.octest";
			remoteRef = FA50776C1302F5F200CB96B4 /* PBXContainerItemProxy */;
			sourceTree = BUILT_PRODUCTS_DIR;
		};
		FA5077741302F5F200CB96B4 /* libThree20Core-Xcode3.2.5.a */ = {
			isa = PBXReferenceProxy;
			fileType = archive.ar;
			path = "libThree20Core-Xcode3.2.5.a";
			remoteRef = FA5077731302F5F200CB96B4 /* PBXContainerItemProxy */;
			sourceTree = BUILT_PRODUCTS_DIR;
		};
		FA5077761302F5F200CB96B4 /* libThree20Core-Xcode3.2.2.a */ = {
			isa = PBXReferenceProxy;
			fileType = archive.ar;
			path = "libThree20Core-Xcode3.2.2.a";
			remoteRef = FA5077751302F5F200CB96B4 /* PBXContainerItemProxy */;
			sourceTree = BUILT_PRODUCTS_DIR;
		};
		FA5077781302F5F200CB96B4 /* CoreUnitTests.octest */ = {
			isa = PBXReferenceProxy;
			fileType = wrapper.cfbundle;
			path = CoreUnitTests.octest;
			remoteRef = FA5077771302F5F200CB96B4 /* PBXContainerItemProxy */;
			sourceTree = BUILT_PRODUCTS_DIR;
		};
		FA50777A1302F5F200CB96B4 /* CoreUnitTests-Xcode3.2.5.octest */ = {
			isa = PBXReferenceProxy;
			fileType = wrapper.cfbundle;
			path = "CoreUnitTests-Xcode3.2.5.octest";
			remoteRef = FA5077791302F5F200CB96B4 /* PBXContainerItemProxy */;
			sourceTree = BUILT_PRODUCTS_DIR;
		};
		FA50777C1302F5F200CB96B4 /* CoreUnitTests-Xcode3.2.2.octest */ = {
			isa = PBXReferenceProxy;
			fileType = wrapper.cfbundle;
			path = "CoreUnitTests-Xcode3.2.2.octest";
			remoteRef = FA50777B1302F5F200CB96B4 /* PBXContainerItemProxy */;
			sourceTree = BUILT_PRODUCTS_DIR;
		};
		FA5077831302F5F200CB96B4 /* libThree20Network-Xcode3.2.5.a */ = {
			isa = PBXReferenceProxy;
			fileType = archive.ar;
			path = "libThree20Network-Xcode3.2.5.a";
			remoteRef = FA5077821302F5F200CB96B4 /* PBXContainerItemProxy */;
			sourceTree = BUILT_PRODUCTS_DIR;
		};
		FA5077851302F5F200CB96B4 /* libThree20Network-Xcode3.2.2.a */ = {
			isa = PBXReferenceProxy;
			fileType = archive.ar;
			path = "libThree20Network-Xcode3.2.2.a";
			remoteRef = FA5077841302F5F200CB96B4 /* PBXContainerItemProxy */;
			sourceTree = BUILT_PRODUCTS_DIR;
		};
		FA5077871302F5F200CB96B4 /* NetworkUnitTests.octest */ = {
			isa = PBXReferenceProxy;
			fileType = wrapper.cfbundle;
			path = NetworkUnitTests.octest;
			remoteRef = FA5077861302F5F200CB96B4 /* PBXContainerItemProxy */;
			sourceTree = BUILT_PRODUCTS_DIR;
		};
		FA5077891302F5F200CB96B4 /* NetworkUnitTests-Xcode3.2.5.octest */ = {
			isa = PBXReferenceProxy;
			fileType = wrapper.cfbundle;
			path = "NetworkUnitTests-Xcode3.2.5.octest";
			remoteRef = FA5077881302F5F200CB96B4 /* PBXContainerItemProxy */;
			sourceTree = BUILT_PRODUCTS_DIR;
		};
		FA50778B1302F5F200CB96B4 /* NetworkUnitTests-Xcode3.2.2.octest */ = {
			isa = PBXReferenceProxy;
			fileType = wrapper.cfbundle;
			path = "NetworkUnitTests-Xcode3.2.2.octest";
			remoteRef = FA50778A1302F5F200CB96B4 /* PBXContainerItemProxy */;
			sourceTree = BUILT_PRODUCTS_DIR;
		};
		FA5077921302F5F200CB96B4 /* libThree20Style-Xcode3.2.5.a */ = {
			isa = PBXReferenceProxy;
			fileType = archive.ar;
			path = "libThree20Style-Xcode3.2.5.a";
			remoteRef = FA5077911302F5F200CB96B4 /* PBXContainerItemProxy */;
			sourceTree = BUILT_PRODUCTS_DIR;
		};
		FA5077941302F5F200CB96B4 /* libThree20Style-Xcode3.2.2.a */ = {
			isa = PBXReferenceProxy;
			fileType = archive.ar;
			path = "libThree20Style-Xcode3.2.2.a";
			remoteRef = FA5077931302F5F200CB96B4 /* PBXContainerItemProxy */;
			sourceTree = BUILT_PRODUCTS_DIR;
		};
		FA5077961302F5F200CB96B4 /* StyleUnitTests.octest */ = {
			isa = PBXReferenceProxy;
			fileType = wrapper.cfbundle;
			path = StyleUnitTests.octest;
			remoteRef = FA5077951302F5F200CB96B4 /* PBXContainerItemProxy */;
			sourceTree = BUILT_PRODUCTS_DIR;
		};
		FA5077981302F5F200CB96B4 /* StyleUnitTests-Xcode3.2.5.octest */ = {
			isa = PBXReferenceProxy;
			fileType = wrapper.cfbundle;
			path = "StyleUnitTests-Xcode3.2.5.octest";
			remoteRef = FA5077971302F5F200CB96B4 /* PBXContainerItemProxy */;
			sourceTree = BUILT_PRODUCTS_DIR;
		};
		FA50779A1302F5F200CB96B4 /* StyleUnitTests-Xcode3.2.2.octest */ = {
			isa = PBXReferenceProxy;
			fileType = wrapper.cfbundle;
			path = "StyleUnitTests-Xcode3.2.2.octest";
			remoteRef = FA5077991302F5F200CB96B4 /* PBXContainerItemProxy */;
			sourceTree = BUILT_PRODUCTS_DIR;
		};
		FA5077A11302F5F200CB96B4 /* libThree20UI-Xcode3.2.5.a */ = {
			isa = PBXReferenceProxy;
			fileType = archive.ar;
			path = "libThree20UI-Xcode3.2.5.a";
			remoteRef = FA5077A01302F5F200CB96B4 /* PBXContainerItemProxy */;
			sourceTree = BUILT_PRODUCTS_DIR;
		};
		FA5077A31302F5F200CB96B4 /* libThree20UI-Xcode3.2.2.a */ = {
			isa = PBXReferenceProxy;
			fileType = archive.ar;
			path = "libThree20UI-Xcode3.2.2.a";
			remoteRef = FA5077A21302F5F200CB96B4 /* PBXContainerItemProxy */;
			sourceTree = BUILT_PRODUCTS_DIR;
		};
		FA5077A51302F5F200CB96B4 /* UIUnitTests.octest */ = {
			isa = PBXReferenceProxy;
			fileType = wrapper.cfbundle;
			path = UIUnitTests.octest;
			remoteRef = FA5077A41302F5F200CB96B4 /* PBXContainerItemProxy */;
			sourceTree = BUILT_PRODUCTS_DIR;
		};
		FA5077A71302F5F200CB96B4 /* UIUnitTests-Xcode3.2.5.octest */ = {
			isa = PBXReferenceProxy;
			fileType = wrapper.cfbundle;
			path = "UIUnitTests-Xcode3.2.5.octest";
			remoteRef = FA5077A61302F5F200CB96B4 /* PBXContainerItemProxy */;
			sourceTree = BUILT_PRODUCTS_DIR;
		};
		FA5077A91302F5F200CB96B4 /* UIUnitTests-Xcode3.2.2.octest */ = {
			isa = PBXReferenceProxy;
			fileType = wrapper.cfbundle;
			path = "UIUnitTests-Xcode3.2.2.octest";
			remoteRef = FA5077A81302F5F200CB96B4 /* PBXContainerItemProxy */;
			sourceTree = BUILT_PRODUCTS_DIR;
		};
		FA5077B01302F5F200CB96B4 /* libThree20UICommon-Xcode3.2.5.a */ = {
			isa = PBXReferenceProxy;
			fileType = archive.ar;
			path = "libThree20UICommon-Xcode3.2.5.a";
			remoteRef = FA5077AF1302F5F200CB96B4 /* PBXContainerItemProxy */;
			sourceTree = BUILT_PRODUCTS_DIR;
		};
		FA5077B21302F5F200CB96B4 /* libThree20UICommon-Xcode3.2.2.a */ = {
			isa = PBXReferenceProxy;
			fileType = archive.ar;
			path = "libThree20UICommon-Xcode3.2.2.a";
			remoteRef = FA5077B11302F5F200CB96B4 /* PBXContainerItemProxy */;
			sourceTree = BUILT_PRODUCTS_DIR;
		};
		FA5077B41302F5F200CB96B4 /* UICommonUnitTests.octest */ = {
			isa = PBXReferenceProxy;
			fileType = wrapper.cfbundle;
			path = UICommonUnitTests.octest;
			remoteRef = FA5077B31302F5F200CB96B4 /* PBXContainerItemProxy */;
			sourceTree = BUILT_PRODUCTS_DIR;
		};
		FA5077B61302F5F200CB96B4 /* UICommonUnitTests-Xcode3.2.5.octest */ = {
			isa = PBXReferenceProxy;
			fileType = wrapper.cfbundle;
			path = "UICommonUnitTests-Xcode3.2.5.octest";
			remoteRef = FA5077B51302F5F200CB96B4 /* PBXContainerItemProxy */;
			sourceTree = BUILT_PRODUCTS_DIR;
		};
		FA5077B81302F5F200CB96B4 /* UICommonUnitTests-Xcode3.2.2.octest */ = {
			isa = PBXReferenceProxy;
			fileType = wrapper.cfbundle;
			path = "UICommonUnitTests-Xcode3.2.2.octest";
			remoteRef = FA5077B71302F5F200CB96B4 /* PBXContainerItemProxy */;
			sourceTree = BUILT_PRODUCTS_DIR;
		};
		FA5077BF1302F5F200CB96B4 /* libThree20UINavigator-Xcode3.2.5.a */ = {
			isa = PBXReferenceProxy;
			fileType = archive.ar;
			path = "libThree20UINavigator-Xcode3.2.5.a";
			remoteRef = FA5077BE1302F5F200CB96B4 /* PBXContainerItemProxy */;
			sourceTree = BUILT_PRODUCTS_DIR;
		};
		FA5077C11302F5F200CB96B4 /* libThree20UINavigator-Xcode3.2.2.a */ = {
			isa = PBXReferenceProxy;
			fileType = archive.ar;
			path = "libThree20UINavigator-Xcode3.2.2.a";
			remoteRef = FA5077C01302F5F200CB96B4 /* PBXContainerItemProxy */;
			sourceTree = BUILT_PRODUCTS_DIR;
		};
		FA5077C31302F5F200CB96B4 /* UINavigatorUnitTests.octest */ = {
			isa = PBXReferenceProxy;
			fileType = wrapper.cfbundle;
			path = UINavigatorUnitTests.octest;
			remoteRef = FA5077C21302F5F200CB96B4 /* PBXContainerItemProxy */;
			sourceTree = BUILT_PRODUCTS_DIR;
		};
		FA5077C51302F5F200CB96B4 /* UINavigatorUnitTests-Xcode3.2.5.octest */ = {
			isa = PBXReferenceProxy;
			fileType = wrapper.cfbundle;
			path = "UINavigatorUnitTests-Xcode3.2.5.octest";
			remoteRef = FA5077C41302F5F200CB96B4 /* PBXContainerItemProxy */;
			sourceTree = BUILT_PRODUCTS_DIR;
		};
		FA5077C71302F5F200CB96B4 /* UINavigatorUnitTests-Xcode3.2.2.octest */ = {
			isa = PBXReferenceProxy;
			fileType = wrapper.cfbundle;
			path = "UINavigatorUnitTests-Xcode3.2.2.octest";
			remoteRef = FA5077C61302F5F200CB96B4 /* PBXContainerItemProxy */;
			sourceTree = BUILT_PRODUCTS_DIR;
		};
/* End PBXReferenceProxy section */

/* Begin PBXResourcesBuildPhase section */
		1D60588D0D05DD3D006BFB54 /* Resources */ = {
			isa = PBXResourcesBuildPhase;
			buildActionMask = 2147483647;
			files = (
				320B6C86F11D9990244A9731 /* Three20.bundle in Resources */,
				FA5079C11303011600CB96B4 /* MainWindow.xib in Resources */,
				FA5079C61303014500CB96B4 /* CLViewController.xib in Resources */,
				FA5079C71303014500CB96B4 /* CustomCellTextField.xib in Resources */,
				FA5079C81303014500CB96B4 /* NewMeetingLocationController.xib in Resources */,
				FA5079D01303018600CB96B4 /* HTTPDemoViewController.xib in Resources */,
				FA5079D11303018600CB96B4 /* LoginViewController.xib in Resources */,
				FA5079D31303018600CB96B4 /* NewMeetingDateAndTimeController.xib in Resources */,
				FA5079D41303018600CB96B4 /* NewMeetingPeopleController.xib in Resources */,
				FA5079D51303018600CB96B4 /* RegisterViewController.xib in Resources */,
				FA5079D61303018600CB96B4 /* WelcomeViewController.xib in Resources */,
			);
			runOnlyForDeploymentPostprocessing = 0;
		};
/* End PBXResourcesBuildPhase section */

/* Begin PBXSourcesBuildPhase section */
		1D60588E0D05DD3D006BFB54 /* Sources */ = {
			isa = PBXSourcesBuildPhase;
			buildActionMask = 2147483647;
			files = (
				FA5076C41302F3CC00CB96B4 /* ConfigManager.m in Sources */,
				FA5076C51302F3CC00CB96B4 /* LoginManager.m in Sources */,
				FA5076C61302F3CC00CB96B4 /* RegistrationManager.m in Sources */,
				FA5076C71302F3CC00CB96B4 /* UserDTO.m in Sources */,
				FA5076C81302F3CC00CB96B4 /* MeepAppDelegate.m in Sources */,
				FA5076C91302F3CC00CB96B4 /* CLViewController.m in Sources */,
				FA5076CB1302F3CC00CB96B4 /* StringUtils.m in Sources */,
				FA5076CC1302F3CC00CB96B4 /* MapLocation.m in Sources */,
				FA5076CD1302F3CC00CB96B4 /* NewMeetingLocationController.m in Sources */,
				FA5076CE1302F3CC00CB96B4 /* NewMeetingDateAndTimeController.m in Sources */,
				FA5076CF1302F3CC00CB96B4 /* NewMeetingPeopleController.m in Sources */,
				FA5076D01302F3CC00CB96B4 /* MenuNavigationController.m in Sources */,
				FA5076D11302F3CC00CB96B4 /* MenuViewController.m in Sources */,
				FA5076D21302F3CC00CB96B4 /* CustomCellTextField.m in Sources */,
				FA5076D31302F3CC00CB96B4 /* LoginViewController.m in Sources */,
				FA5076D41302F3CC00CB96B4 /* RegisterViewController.m in Sources */,
				FA5076D51302F3CC00CB96B4 /* WelcomeNavigationController.m in Sources */,
				FA5076D61302F3CC00CB96B4 /* WelcomeViewController.m in Sources */,
				FA50785A1302F9F800CB96B4 /* ASIAuthenticationDialog.m in Sources */,
				FA50785B1302F9F800CB96B4 /* ASIDownloadCache.m in Sources */,
				FA50785C1302F9F800CB96B4 /* ASIFormDataRequest.m in Sources */,
				FA50785D1302F9F800CB96B4 /* ASIHTTPRequest.m in Sources */,
				FA50785E1302F9F800CB96B4 /* ASIInputStream.m in Sources */,
				FA50785F1302F9F800CB96B4 /* ASINetworkQueue.m in Sources */,
				FA5078601302F9F800CB96B4 /* MBProgressHUD.m in Sources */,
				FA5078611302F9F800CB96B4 /* Reachability.m in Sources */,
				FA5078621302F9F800CB96B4 /* RegexKitLite.m in Sources */,
				FA5079761302FF9300CB96B4 /* main.m in Sources */,
				FA507B091303EF4000CB96B4 /* UserManager.m in Sources */,
				FA507B9C1304272500CB96B4 /* LogoutManager.m in Sources */,
			);
			runOnlyForDeploymentPostprocessing = 0;
		};
/* End PBXSourcesBuildPhase section */

/* Begin PBXTargetDependency section */
		3201088596B4756681693701 /* PBXTargetDependency */ = {
			isa = PBXTargetDependency;
			name = Three20UICommon;
			targetProxy = 3201088596B4756681693702 /* PBXContainerItemProxy */;
		};
		320A2827FEC940B25BC42C61 /* PBXTargetDependency */ = {
			isa = PBXTargetDependency;
			name = Three20Core;
			targetProxy = 320A2827FEC940B25BC42C62 /* PBXContainerItemProxy */;
		};
		320A5A189C235877202780D1 /* PBXTargetDependency */ = {
			isa = PBXTargetDependency;
			name = Three20Network;
			targetProxy = 320A5A189C235877202780D2 /* PBXContainerItemProxy */;
		};
		320A737074758E53BA54BE91 /* PBXTargetDependency */ = {
			isa = PBXTargetDependency;
			name = Three20UINavigator;
			targetProxy = 320A737074758E53BA54BE92 /* PBXContainerItemProxy */;
		};
		320CC833B8AF0ACFD35E6221 /* PBXTargetDependency */ = {
			isa = PBXTargetDependency;
			name = Three20Style;
			targetProxy = 320CC833B8AF0ACFD35E6222 /* PBXContainerItemProxy */;
		};
		320D7DCCE32703ACAB9A45E1 /* PBXTargetDependency */ = {
			isa = PBXTargetDependency;
			name = Three20;
			targetProxy = 320D7DCCE32703ACAB9A45E2 /* PBXContainerItemProxy */;
		};
		320F2C48872C2E2C4DF86201 /* PBXTargetDependency */ = {
			isa = PBXTargetDependency;
			name = Three20UI;
			targetProxy = 320F2C48872C2E2C4DF86202 /* PBXContainerItemProxy */;
		};
/* End PBXTargetDependency section */

/* Begin XCBuildConfiguration section */
		1D6058940D05DD3E006BFB54 /* Debug */ = {
			isa = XCBuildConfiguration;
			buildSettings = {
				ALWAYS_SEARCH_USER_PATHS = NO;
				COPY_PHASE_STRIP = NO;
				FRAMEWORK_SEARCH_PATHS = (
					"$(inherited)",
					"\"$(SRCROOT)/External\"",
				);
				GCC_DYNAMIC_NO_PIC = NO;
				GCC_OPTIMIZATION_LEVEL = 0;
				GCC_PRECOMPILE_PREFIX_HEADER = YES;
				GCC_PREFIX_HEADER = Meep_Prefix.pch;
				HEADER_SEARCH_PATHS = ../../three20/Build/Products/three20;
				INFOPLIST_FILE = "Meep-Info.plist";
				OTHER_LDFLAGS = (
					"-all_load",
					"-ObjC",
					"-licucore",
				);
				PRODUCT_NAME = Meep;
			};
			name = Debug;
		};
		1D6058950D05DD3E006BFB54 /* Release */ = {
			isa = XCBuildConfiguration;
			buildSettings = {
				ALWAYS_SEARCH_USER_PATHS = NO;
				COPY_PHASE_STRIP = YES;
				FRAMEWORK_SEARCH_PATHS = (
					"$(inherited)",
					"\"$(SRCROOT)/External\"",
				);
				GCC_PRECOMPILE_PREFIX_HEADER = YES;
				GCC_PREFIX_HEADER = Meep_Prefix.pch;
				HEADER_SEARCH_PATHS = ../../three20/Build/Products/three20;
				INFOPLIST_FILE = "Meep-Info.plist";
				OTHER_LDFLAGS = (
					"-all_load",
					"-ObjC",
					"-licucore",
				);
				PRODUCT_NAME = Meep;
				VALIDATE_PRODUCT = YES;
			};
			name = Release;
		};
		C01FCF4F08A954540054247B /* Debug */ = {
			isa = XCBuildConfiguration;
			buildSettings = {
				ARCHS = "$(ARCHS_STANDARD_32_BIT)";
				"CODE_SIGN_IDENTITY[sdk=iphoneos*]" = "iPhone Developer";
				GCC_C_LANGUAGE_STANDARD = c99;
				GCC_WARN_ABOUT_RETURN_TYPE = YES;
				GCC_WARN_UNUSED_VARIABLE = YES;
				PREBINDING = NO;
				SDKROOT = iphoneos4.1;
			};
			name = Debug;
		};
		C01FCF5008A954540054247B /* Release */ = {
			isa = XCBuildConfiguration;
			buildSettings = {
				ARCHS = "$(ARCHS_STANDARD_32_BIT)";
				"CODE_SIGN_IDENTITY[sdk=iphoneos*]" = "iPhone Developer";
				GCC_C_LANGUAGE_STANDARD = c99;
				GCC_WARN_ABOUT_RETURN_TYPE = YES;
				GCC_WARN_UNUSED_VARIABLE = YES;
				OTHER_CFLAGS = "-DNS_BLOCK_ASSERTIONS=1";
				PREBINDING = NO;
				SDKROOT = iphoneos4.1;
			};
			name = Release;
		};
/* End XCBuildConfiguration section */

/* Begin XCConfigurationList section */
		1D6058960D05DD3E006BFB54 /* Build configuration list for PBXNativeTarget "Meep" */ = {
			isa = XCConfigurationList;
			buildConfigurations = (
				1D6058940D05DD3E006BFB54 /* Debug */,
				1D6058950D05DD3E006BFB54 /* Release */,
			);
			defaultConfigurationIsVisible = 0;
			defaultConfigurationName = Release;
		};
		C01FCF4E08A954540054247B /* Build configuration list for PBXProject "Meep" */ = {
			isa = XCConfigurationList;
			buildConfigurations = (
				C01FCF4F08A954540054247B /* Debug */,
				C01FCF5008A954540054247B /* Release */,
			);
			defaultConfigurationIsVisible = 0;
			defaultConfigurationName = Release;
		};
/* End XCConfigurationList section */
	};
	rootObject = 29B97313FDCFA39411CA2CEA /* Project object */;
}
