// !$*UTF8*$!
{
	archiveVersion = 1;
	classes = {
	};
	objectVersion = 45;
	objects = {

/* Begin PBXBuildFile section */
		1D60589B0D05DD56006BFB54 /* main.m in Sources */ = {isa = PBXBuildFile; fileRef = 29B97316FDCFA39411CA2CEA /* main.m */; };
		1D60589F0D05DD5A006BFB54 /* Foundation.framework in Frameworks */ = {isa = PBXBuildFile; fileRef = 1D30AB110D05D00D00671497 /* Foundation.framework */; };
		1DF5F4E00D08C38300B7A737 /* UIKit.framework in Frameworks */ = {isa = PBXBuildFile; fileRef = 1DF5F4DF0D08C38300B7A737 /* UIKit.framework */; };
		288765A50DF7441C002DB57D /* CoreGraphics.framework in Frameworks */ = {isa = PBXBuildFile; fileRef = 288765A40DF7441C002DB57D /* CoreGraphics.framework */; };
		2899E5220DE3E06400AC0155 /* CLViewController.xib in Resources */ = {isa = PBXBuildFile; fileRef = 2899E5210DE3E06400AC0155 /* CLViewController.xib */; };
		28AD733F0D9D9553002E5188 /* MainWindow.xib in Resources */ = {isa = PBXBuildFile; fileRef = 28AD733E0D9D9553002E5188 /* MainWindow.xib */; };
		28D7ACF80DDB3853001CB0EB /* CLViewController.m in Sources */ = {isa = PBXBuildFile; fileRef = 28D7ACF70DDB3853001CB0EB /* CLViewController.m */; };
		3201088596B4756681693705 /* libThree20UICommon.a in Frameworks */ = {isa = PBXBuildFile; fileRef = 3201088596B4756681693704 /* libThree20UICommon.a */; };
		320A2827FEC940B25BC42C65 /* libThree20Core.a in Frameworks */ = {isa = PBXBuildFile; fileRef = 320A2827FEC940B25BC42C64 /* libThree20Core.a */; };
		320A5A189C235877202780D5 /* libThree20Network.a in Frameworks */ = {isa = PBXBuildFile; fileRef = 320A5A189C235877202780D4 /* libThree20Network.a */; };
		320A737074758E53BA54BE95 /* libThree20UINavigator.a in Frameworks */ = {isa = PBXBuildFile; fileRef = 320A737074758E53BA54BE94 /* libThree20UINavigator.a */; };
		320AF8492C47A4D819F7C451 /* QuartzCore.framework in Frameworks */ = {isa = PBXBuildFile; fileRef = 320AF8492C47A4D819F7C450 /* QuartzCore.framework */; };
		320B6C86F11D9990244A9731 /* Three20.bundle in Resources */ = {isa = PBXBuildFile; fileRef = 320B6C86F11D9990244A9730 /* Three20.bundle */; };
		320CC833B8AF0ACFD35E6225 /* libThree20Style.a in Frameworks */ = {isa = PBXBuildFile; fileRef = 320CC833B8AF0ACFD35E6224 /* libThree20Style.a */; };
		320D7DCCE32703ACAB9A45E5 /* libThree20.a in Frameworks */ = {isa = PBXBuildFile; fileRef = 320D7DCCE32703ACAB9A45E4 /* libThree20.a */; };
		320F2C48872C2E2C4DF86205 /* libThree20UI.a in Frameworks */ = {isa = PBXBuildFile; fileRef = 320F2C48872C2E2C4DF86204 /* libThree20UI.a */; };
		FA0B25341269DB67008EA266 /* MenuViewController.m in Sources */ = {isa = PBXBuildFile; fileRef = FA0B25321269DB67008EA266 /* MenuViewController.m */; };
		FA0B254F1269E5E3008EA266 /* person.png in Resources */ = {isa = PBXBuildFile; fileRef = FA0B254E1269E5E3008EA266 /* person.png */; };
		FA0B25511269E6B6008EA266 /* FeedTableViewCell.xib in Resources */ = {isa = PBXBuildFile; fileRef = FA0B25501269E6B6008EA266 /* FeedTableViewCell.xib */; };
		FA32D6B612E8AD280065927E /* LoginViewController.xib in Resources */ = {isa = PBXBuildFile; fileRef = FA32D6B512E8AD280065927E /* LoginViewController.xib */; };
		FA32D6C412E8BFA60065927E /* LoginManager.m in Sources */ = {isa = PBXBuildFile; fileRef = FA32D6C212E8BFA60065927E /* LoginManager.m */; };
		FA43695A12441CCA008C8984 /* CoreLocation.framework in Frameworks */ = {isa = PBXBuildFile; fileRef = FA43695912441CCA008C8984 /* CoreLocation.framework */; };
		FA4369B612442468008C8984 /* MapKit.framework in Frameworks */ = {isa = PBXBuildFile; fileRef = FA4369B512442468008C8984 /* MapKit.framework */; };
		FA503D0E12CAA341004E152E /* StringUtils.m in Sources */ = {isa = PBXBuildFile; fileRef = FA503D0D12CAA341004E152E /* StringUtils.m */; };
		FA503D2012CAA503004E152E /* RegexKitLite.m in Sources */ = {isa = PBXBuildFile; fileRef = FA503D1F12CAA503004E152E /* RegexKitLite.m */; };
		FA75309D128E088300DD955D /* ASIAuthenticationDialog.m in Sources */ = {isa = PBXBuildFile; fileRef = FA75308B128E088300DD955D /* ASIAuthenticationDialog.m */; };
		FA75309E128E088300DD955D /* ASIDownloadCache.m in Sources */ = {isa = PBXBuildFile; fileRef = FA75308E128E088300DD955D /* ASIDownloadCache.m */; };
		FA75309F128E088300DD955D /* ASIFormDataRequest.m in Sources */ = {isa = PBXBuildFile; fileRef = FA753090128E088300DD955D /* ASIFormDataRequest.m */; };
		FA7530A0128E088300DD955D /* ASIHTTPRequest.m in Sources */ = {isa = PBXBuildFile; fileRef = FA753092128E088300DD955D /* ASIHTTPRequest.m */; };
		FA7530A1128E088300DD955D /* ASIInputStream.m in Sources */ = {isa = PBXBuildFile; fileRef = FA753096128E088300DD955D /* ASIInputStream.m */; };
		FA7530A2128E088300DD955D /* ASINetworkQueue.m in Sources */ = {isa = PBXBuildFile; fileRef = FA753098128E088300DD955D /* ASINetworkQueue.m */; };
		FA7530A3128E088300DD955D /* Reachability.m in Sources */ = {isa = PBXBuildFile; fileRef = FA75309C128E088300DD955D /* Reachability.m */; };
		FA7530B0128E08F000DD955D /* libz.1.2.3.dylib in Frameworks */ = {isa = PBXBuildFile; fileRef = FA7530AF128E08F000DD955D /* libz.1.2.3.dylib */; };
		FA7530B2128E090500DD955D /* CFNetwork.framework in Frameworks */ = {isa = PBXBuildFile; fileRef = FA7530B1128E090500DD955D /* CFNetwork.framework */; };
		FA7530B4128E090500DD955D /* SystemConfiguration.framework in Frameworks */ = {isa = PBXBuildFile; fileRef = FA7530B3128E090500DD955D /* SystemConfiguration.framework */; };
		FA7530BC128E097B00DD955D /* HTTPDemoViewController.m in Sources */ = {isa = PBXBuildFile; fileRef = FA7530BA128E097B00DD955D /* HTTPDemoViewController.m */; };
		FA7530BD128E097B00DD955D /* HTTPDemoViewController.xib in Resources */ = {isa = PBXBuildFile; fileRef = FA7530BB128E097B00DD955D /* HTTPDemoViewController.xib */; };
		FA753100128E0DDF00DD955D /* MobileCoreServices.framework in Frameworks */ = {isa = PBXBuildFile; fileRef = FA7530FF128E0DDF00DD955D /* MobileCoreServices.framework */; };
		FA8497A912C89BCE00BB56FF /* WelcomeViewController.m in Sources */ = {isa = PBXBuildFile; fileRef = FA8497A712C89BCE00BB56FF /* WelcomeViewController.m */; };
		FA8497AA12C89BCE00BB56FF /* WelcomeViewController.xib in Resources */ = {isa = PBXBuildFile; fileRef = FA8497A812C89BCE00BB56FF /* WelcomeViewController.xib */; };
		FA8497CD12C8A21600BB56FF /* WelcomeNavigationController.m in Sources */ = {isa = PBXBuildFile; fileRef = FA8497CC12C8A21600BB56FF /* WelcomeNavigationController.m */; };
		FA8497FD12C8A78500BB56FF /* RegisterViewController.m in Sources */ = {isa = PBXBuildFile; fileRef = FA8497FB12C8A78500BB56FF /* RegisterViewController.m */; };
		FA8497FE12C8A78500BB56FF /* RegisterViewController.xib in Resources */ = {isa = PBXBuildFile; fileRef = FA8497FC12C8A78500BB56FF /* RegisterViewController.xib */; };
		FA84983112C8ABA100BB56FF /* LoginViewController.m in Sources */ = {isa = PBXBuildFile; fileRef = FA84982F12C8ABA100BB56FF /* LoginViewController.m */; };
		FA84989612C8B11B00BB56FF /* CustomCellTextField.xib in Resources */ = {isa = PBXBuildFile; fileRef = FA84989512C8B11B00BB56FF /* CustomCellTextField.xib */; };
		FA8498A912C8B3C100BB56FF /* CustomCellTextField.m in Sources */ = {isa = PBXBuildFile; fileRef = FA8498A812C8B3C100BB56FF /* CustomCellTextField.m */; };
		FA849B3712C904FC00BB56FF /* QuartzCore.framework in Frameworks */ = {isa = PBXBuildFile; fileRef = FA849B3612C904FC00BB56FF /* QuartzCore.framework */; };
		FA886ED8127346EE00BAE667 /* MeepViewController.xib in Resources */ = {isa = PBXBuildFile; fileRef = FA886ED6127346EE00BAE667 /* MeepViewController.xib */; };
		FA9C252012EB9041006DABAB /* ConfigManager.m in Sources */ = {isa = PBXBuildFile; fileRef = FA9C251F12EB9041006DABAB /* ConfigManager.m */; };
		FA9C264612EBB8A0006DABAB /* MeepAppDelegate.m in Sources */ = {isa = PBXBuildFile; fileRef = FA9C264412EBB8A0006DABAB /* MeepAppDelegate.m */; };
		FAC0080712EF52DC00E50526 /* Icon.png in Resources */ = {isa = PBXBuildFile; fileRef = FAC0080612EF52DC00E50526 /* Icon.png */; };
		FAC384DF12CD1A8900F2A1C7 /* RegistrationManager.m in Sources */ = {isa = PBXBuildFile; fileRef = FAC384DE12CD1A8900F2A1C7 /* RegistrationManager.m */; };
		FAC812E112C90F70001F20C5 /* UserDTO.m in Sources */ = {isa = PBXBuildFile; fileRef = FAC812E012C90F70001F20C5 /* UserDTO.m */; };
		FAECD13712F6DCBE0027CAC9 /* MenuNavigationController.m in Sources */ = {isa = PBXBuildFile; fileRef = FAECD13612F6DCBE0027CAC9 /* MenuNavigationController.m */; };
		FAECD17E12F6E7C60027CAC9 /* NewMeetingLocationController.m in Sources */ = {isa = PBXBuildFile; fileRef = FAECD17C12F6E7C60027CAC9 /* NewMeetingLocationController.m */; };
		FAECD17F12F6E7C60027CAC9 /* NewMeetingLocationController.xib in Resources */ = {isa = PBXBuildFile; fileRef = FAECD17D12F6E7C60027CAC9 /* NewMeetingLocationController.xib */; };
		FAECD24F12F6F6E90027CAC9 /* MapLocation.m in Sources */ = {isa = PBXBuildFile; fileRef = FAECD24E12F6F6E90027CAC9 /* MapLocation.m */; };
		FAECD2DF12F7052E0027CAC9 /* NewMeetingDateAndTimeController.m in Sources */ = {isa = PBXBuildFile; fileRef = FAECD2DD12F7052E0027CAC9 /* NewMeetingDateAndTimeController.m */; };
		FAECD2E012F7052E0027CAC9 /* NewMeetingDateAndTimeController.xib in Resources */ = {isa = PBXBuildFile; fileRef = FAECD2DE12F7052E0027CAC9 /* NewMeetingDateAndTimeController.xib */; };
		FAECD31E12F721D40027CAC9 /* NewMeetingPeopleController.m in Sources */ = {isa = PBXBuildFile; fileRef = FAECD31C12F721D40027CAC9 /* NewMeetingPeopleController.m */; };
		FAECD31F12F721D40027CAC9 /* NewMeetingPeopleController.xib in Resources */ = {isa = PBXBuildFile; fileRef = FAECD31D12F721D40027CAC9 /* NewMeetingPeopleController.xib */; };
		FAEFFFD012CA3EF300604797 /* MBProgressHUD.m in Sources */ = {isa = PBXBuildFile; fileRef = FAEFFFCF12CA3EF300604797 /* MBProgressHUD.m */; };
/* End PBXBuildFile section */

/* Begin PBXContainerItemProxy section */
		3201088596B4756681693702 /* PBXContainerItemProxy */ = {
			isa = PBXContainerItemProxy;
			containerPortal = 3201088596B4756681693700 /* Three20UICommon.xcodeproj */;
			proxyType = 1;
			remoteGlobalIDString = BEF31F390F352DF5000DE5D2;
			remoteInfo = Three20UICommon;
		};
		3201088596B4756681693706 /* PBXContainerItemProxy */ = {
			isa = PBXContainerItemProxy;
			containerPortal = 3201088596B4756681693700 /* Three20UICommon.xcodeproj */;
			proxyType = 2;
			remoteGlobalIDString = BEF31F3A0F352DF5000DE5D2;
			remoteInfo = Three20UICommon;
		};
		320A2827FEC940B25BC42C62 /* PBXContainerItemProxy */ = {
			isa = PBXContainerItemProxy;
			containerPortal = 320A2827FEC940B25BC42C60 /* Three20Core.xcodeproj */;
			proxyType = 1;
			remoteGlobalIDString = BEF31F390F352DF5000DE5D2;
			remoteInfo = Three20Core;
		};
		320A2827FEC940B25BC42C66 /* PBXContainerItemProxy */ = {
			isa = PBXContainerItemProxy;
			containerPortal = 320A2827FEC940B25BC42C60 /* Three20Core.xcodeproj */;
			proxyType = 2;
			remoteGlobalIDString = BEF31F3A0F352DF5000DE5D2;
			remoteInfo = Three20Core;
		};
		320A5A189C235877202780D2 /* PBXContainerItemProxy */ = {
			isa = PBXContainerItemProxy;
			containerPortal = 320A5A189C235877202780D0 /* Three20Network.xcodeproj */;
			proxyType = 1;
			remoteGlobalIDString = BEF31F390F352DF5000DE5D2;
			remoteInfo = Three20Network;
		};
		320A5A189C235877202780D6 /* PBXContainerItemProxy */ = {
			isa = PBXContainerItemProxy;
			containerPortal = 320A5A189C235877202780D0 /* Three20Network.xcodeproj */;
			proxyType = 2;
			remoteGlobalIDString = BEF31F3A0F352DF5000DE5D2;
			remoteInfo = Three20Network;
		};
		320A737074758E53BA54BE92 /* PBXContainerItemProxy */ = {
			isa = PBXContainerItemProxy;
			containerPortal = 320A737074758E53BA54BE90 /* Three20UINavigator.xcodeproj */;
			proxyType = 1;
			remoteGlobalIDString = BEF31F390F352DF5000DE5D2;
			remoteInfo = Three20UINavigator;
		};
		320A737074758E53BA54BE96 /* PBXContainerItemProxy */ = {
			isa = PBXContainerItemProxy;
			containerPortal = 320A737074758E53BA54BE90 /* Three20UINavigator.xcodeproj */;
			proxyType = 2;
			remoteGlobalIDString = BEF31F3A0F352DF5000DE5D2;
			remoteInfo = Three20UINavigator;
		};
		320CC833B8AF0ACFD35E6222 /* PBXContainerItemProxy */ = {
			isa = PBXContainerItemProxy;
			containerPortal = 320CC833B8AF0ACFD35E6220 /* Three20Style.xcodeproj */;
			proxyType = 1;
			remoteGlobalIDString = BEF31F390F352DF5000DE5D2;
			remoteInfo = Three20Style;
		};
		320CC833B8AF0ACFD35E6226 /* PBXContainerItemProxy */ = {
			isa = PBXContainerItemProxy;
			containerPortal = 320CC833B8AF0ACFD35E6220 /* Three20Style.xcodeproj */;
			proxyType = 2;
			remoteGlobalIDString = BEF31F3A0F352DF5000DE5D2;
			remoteInfo = Three20Style;
		};
		320D7DCCE32703ACAB9A45E2 /* PBXContainerItemProxy */ = {
			isa = PBXContainerItemProxy;
			containerPortal = 320D7DCCE32703ACAB9A45E0 /* Three20.xcodeproj */;
			proxyType = 1;
			remoteGlobalIDString = BEF31F390F352DF5000DE5D2;
			remoteInfo = Three20;
		};
		320D7DCCE32703ACAB9A45E6 /* PBXContainerItemProxy */ = {
			isa = PBXContainerItemProxy;
			containerPortal = 320D7DCCE32703ACAB9A45E0 /* Three20.xcodeproj */;
			proxyType = 2;
			remoteGlobalIDString = BEF31F3A0F352DF5000DE5D2;
			remoteInfo = Three20;
		};
		320F2C48872C2E2C4DF86202 /* PBXContainerItemProxy */ = {
			isa = PBXContainerItemProxy;
			containerPortal = 320F2C48872C2E2C4DF86200 /* Three20UI.xcodeproj */;
			proxyType = 1;
			remoteGlobalIDString = BEF31F390F352DF5000DE5D2;
			remoteInfo = Three20UI;
		};
		320F2C48872C2E2C4DF86206 /* PBXContainerItemProxy */ = {
			isa = PBXContainerItemProxy;
			containerPortal = 320F2C48872C2E2C4DF86200 /* Three20UI.xcodeproj */;
			proxyType = 2;
			remoteGlobalIDString = BEF31F3A0F352DF5000DE5D2;
			remoteInfo = Three20UI;
		};
		FAC007A012EF520300E50526 /* PBXContainerItemProxy */ = {
			isa = PBXContainerItemProxy;
			containerPortal = 320D7DCCE32703ACAB9A45E0 /* Three20.xcodeproj */;
			proxyType = 2;
			remoteGlobalIDString = 665A55DE126521740032D0BE;
			remoteInfo = "Three20-Xcode3.2.5";
		};
		FAC007A212EF520300E50526 /* PBXContainerItemProxy */ = {
			isa = PBXContainerItemProxy;
			containerPortal = 320D7DCCE32703ACAB9A45E0 /* Three20.xcodeproj */;
			proxyType = 2;
			remoteGlobalIDString = 66FE8F171265E968001E0674;
			remoteInfo = "Three20-Xcode3.2.2";
		};
		FAC007A412EF520300E50526 /* PBXContainerItemProxy */ = {
			isa = PBXContainerItemProxy;
			containerPortal = 320D7DCCE32703ACAB9A45E0 /* Three20.xcodeproj */;
			proxyType = 2;
			remoteGlobalIDString = EB9E6C6210B6A8F800DE563C;
			remoteInfo = Three20UnitTests;
		};
		FAC007A612EF520300E50526 /* PBXContainerItemProxy */ = {
			isa = PBXContainerItemProxy;
			containerPortal = 320D7DCCE32703ACAB9A45E0 /* Three20.xcodeproj */;
			proxyType = 2;
			remoteGlobalIDString = 665A55FB126521740032D0BE;
			remoteInfo = "Three20UnitTests-Xcode3.2.5";
		};
		FAC007A812EF520300E50526 /* PBXContainerItemProxy */ = {
			isa = PBXContainerItemProxy;
			containerPortal = 320D7DCCE32703ACAB9A45E0 /* Three20.xcodeproj */;
			proxyType = 2;
			remoteGlobalIDString = 66FE8F371265E968001E0674;
			remoteInfo = "Three20UnitTests-Xcode3.2.2";
		};
		FAC007AF12EF520300E50526 /* PBXContainerItemProxy */ = {
			isa = PBXContainerItemProxy;
			containerPortal = 320A2827FEC940B25BC42C60 /* Three20Core.xcodeproj */;
			proxyType = 2;
			remoteGlobalIDString = 6650CAA21262F6E2003FF804;
			remoteInfo = "Three20Core-Xcode3.2.5";
		};
		FAC007B112EF520300E50526 /* PBXContainerItemProxy */ = {
			isa = PBXContainerItemProxy;
			containerPortal = 320A2827FEC940B25BC42C60 /* Three20Core.xcodeproj */;
			proxyType = 2;
			remoteGlobalIDString = 66C2E0FC1262F748006DF55A;
			remoteInfo = "Three20Core-Xcode3.2.2";
		};
		FAC007B312EF520300E50526 /* PBXContainerItemProxy */ = {
			isa = PBXContainerItemProxy;
			containerPortal = 320A2827FEC940B25BC42C60 /* Three20Core.xcodeproj */;
			proxyType = 2;
			remoteGlobalIDString = EB9E6C6210B6A8F800DE563C;
			remoteInfo = Three20CoreUnitTests;
		};
		FAC007B512EF520300E50526 /* PBXContainerItemProxy */ = {
			isa = PBXContainerItemProxy;
			containerPortal = 320A2827FEC940B25BC42C60 /* Three20Core.xcodeproj */;
			proxyType = 2;
			remoteGlobalIDString = 664961641262EE5000C2C80E;
			remoteInfo = "Three20CoreUnitTests-Xcode3.2.5";
		};
		FAC007B712EF520300E50526 /* PBXContainerItemProxy */ = {
			isa = PBXContainerItemProxy;
			containerPortal = 320A2827FEC940B25BC42C60 /* Three20Core.xcodeproj */;
			proxyType = 2;
			remoteGlobalIDString = 66F9A63C1262ED9F0059C2AE;
			remoteInfo = "Three20CoreUnitTests-Xcode3.2.2";
		};
		FAC007BE12EF520300E50526 /* PBXContainerItemProxy */ = {
			isa = PBXContainerItemProxy;
			containerPortal = 320A5A189C235877202780D0 /* Three20Network.xcodeproj */;
			proxyType = 2;
			remoteGlobalIDString = 662D81EF12630516005851C2;
			remoteInfo = "Three20Network-Xcode3.2.5";
		};
		FAC007C012EF520300E50526 /* PBXContainerItemProxy */ = {
			isa = PBXContainerItemProxy;
			containerPortal = 320A5A189C235877202780D0 /* Three20Network.xcodeproj */;
			proxyType = 2;
			remoteGlobalIDString = 662D821612630527005851C2;
			remoteInfo = "Three20Network-Xcode3.2.2";
		};
		FAC007C212EF520300E50526 /* PBXContainerItemProxy */ = {
			isa = PBXContainerItemProxy;
			containerPortal = 320A5A189C235877202780D0 /* Three20Network.xcodeproj */;
			proxyType = 2;
			remoteGlobalIDString = EB9E6C6210B6A8F800DE563C;
			remoteInfo = Three20NetworkUnitTests;
		};
		FAC007C412EF520300E50526 /* PBXContainerItemProxy */ = {
			isa = PBXContainerItemProxy;
			containerPortal = 320A5A189C235877202780D0 /* Three20Network.xcodeproj */;
			proxyType = 2;
			remoteGlobalIDString = 662D81B2126304EB005851C2;
			remoteInfo = "Three20NetworkUnitTests-Xcode3.2.5";
		};
		FAC007C612EF520300E50526 /* PBXContainerItemProxy */ = {
			isa = PBXContainerItemProxy;
			containerPortal = 320A5A189C235877202780D0 /* Three20Network.xcodeproj */;
			proxyType = 2;
			remoteGlobalIDString = 662D81C7126304F3005851C2;
			remoteInfo = "Three20NetworkUnitTests-Xcode3.2.2";
		};
		FAC007CD12EF520300E50526 /* PBXContainerItemProxy */ = {
			isa = PBXContainerItemProxy;
			containerPortal = 320CC833B8AF0ACFD35E6220 /* Three20Style.xcodeproj */;
			proxyType = 2;
			remoteGlobalIDString = 66C16BE912639E2700A7825A;
			remoteInfo = "Three20Style-Xcode3.2.5";
		};
		FAC007CF12EF520300E50526 /* PBXContainerItemProxy */ = {
			isa = PBXContainerItemProxy;
			containerPortal = 320CC833B8AF0ACFD35E6220 /* Three20Style.xcodeproj */;
			proxyType = 2;
			remoteGlobalIDString = 66846C7812639EE5001D2CF9;
			remoteInfo = "Three20Style-Xcode3.2.2";
		};
		FAC007D112EF520300E50526 /* PBXContainerItemProxy */ = {
			isa = PBXContainerItemProxy;
			containerPortal = 320CC833B8AF0ACFD35E6220 /* Three20Style.xcodeproj */;
			proxyType = 2;
			remoteGlobalIDString = EB9E6C6210B6A8F800DE563C;
			remoteInfo = Three20StyleUnitTests;
		};
		FAC007D312EF520300E50526 /* PBXContainerItemProxy */ = {
			isa = PBXContainerItemProxy;
			containerPortal = 320CC833B8AF0ACFD35E6220 /* Three20Style.xcodeproj */;
			proxyType = 2;
			remoteGlobalIDString = 66C16C0112639E4500A7825A;
			remoteInfo = "Three20StyleUnitTests-Xcode3.2.5";
		};
		FAC007D512EF520300E50526 /* PBXContainerItemProxy */ = {
			isa = PBXContainerItemProxy;
			containerPortal = 320CC833B8AF0ACFD35E6220 /* Three20Style.xcodeproj */;
			proxyType = 2;
			remoteGlobalIDString = 66846C9612639F29001D2CF9;
			remoteInfo = "Three20StyleUnitTests-Xcode3.2.2";
		};
		FAC007DC12EF520300E50526 /* PBXContainerItemProxy */ = {
			isa = PBXContainerItemProxy;
			containerPortal = 320F2C48872C2E2C4DF86200 /* Three20UI.xcodeproj */;
			proxyType = 2;
			remoteGlobalIDString = 66FC2BC81264E3A400F56B19;
			remoteInfo = "Three20UI-Xcode3.2.5";
		};
		FAC007DE12EF520300E50526 /* PBXContainerItemProxy */ = {
			isa = PBXContainerItemProxy;
			containerPortal = 320F2C48872C2E2C4DF86200 /* Three20UI.xcodeproj */;
			proxyType = 2;
			remoteGlobalIDString = 66FE8DDE1264E960001E0674;
			remoteInfo = "Three20UI-Xcode3.2.2";
		};
		FAC007E012EF520300E50526 /* PBXContainerItemProxy */ = {
			isa = PBXContainerItemProxy;
			containerPortal = 320F2C48872C2E2C4DF86200 /* Three20UI.xcodeproj */;
			proxyType = 2;
			remoteGlobalIDString = EB9E6C6210B6A8F800DE563C;
			remoteInfo = Three20UIUnitTests;
		};
		FAC007E212EF520300E50526 /* PBXContainerItemProxy */ = {
			isa = PBXContainerItemProxy;
			containerPortal = 320F2C48872C2E2C4DF86200 /* Three20UI.xcodeproj */;
			proxyType = 2;
			remoteGlobalIDString = 66FC2BE61264E3A500F56B19;
			remoteInfo = "Three20UIUnitTests-Xcode3.2.5";
		};
		FAC007E412EF520300E50526 /* PBXContainerItemProxy */ = {
			isa = PBXContainerItemProxy;
			containerPortal = 320F2C48872C2E2C4DF86200 /* Three20UI.xcodeproj */;
			proxyType = 2;
			remoteGlobalIDString = 66FE8DFB1264E960001E0674;
			remoteInfo = "Three20UIUnitTests-Xcode3.2.2";
		};
		FAC007EB12EF520300E50526 /* PBXContainerItemProxy */ = {
			isa = PBXContainerItemProxy;
			containerPortal = 3201088596B4756681693700 /* Three20UICommon.xcodeproj */;
			proxyType = 2;
			remoteGlobalIDString = 665A53761264D54B0032D0BE;
			remoteInfo = "Three20UICommon-Xcode3.2.5";
		};
		FAC007ED12EF520300E50526 /* PBXContainerItemProxy */ = {
			isa = PBXContainerItemProxy;
			containerPortal = 3201088596B4756681693700 /* Three20UICommon.xcodeproj */;
			proxyType = 2;
			remoteGlobalIDString = 665A53E61264D6550032D0BE;
			remoteInfo = "Three20UICommon-Xcode3.2.2";
		};
		FAC007EF12EF520300E50526 /* PBXContainerItemProxy */ = {
			isa = PBXContainerItemProxy;
			containerPortal = 3201088596B4756681693700 /* Three20UICommon.xcodeproj */;
			proxyType = 2;
			remoteGlobalIDString = EB9E6C6210B6A8F800DE563C;
			remoteInfo = Three20UICommonUnitTests;
		};
		FAC007F112EF520300E50526 /* PBXContainerItemProxy */ = {
			isa = PBXContainerItemProxy;
			containerPortal = 3201088596B4756681693700 /* Three20UICommon.xcodeproj */;
			proxyType = 2;
			remoteGlobalIDString = 665A53891264D54B0032D0BE;
			remoteInfo = "Three20UICommonUnitTests-Xcode3.2.5";
		};
		FAC007F312EF520300E50526 /* PBXContainerItemProxy */ = {
			isa = PBXContainerItemProxy;
			containerPortal = 3201088596B4756681693700 /* Three20UICommon.xcodeproj */;
			proxyType = 2;
			remoteGlobalIDString = 665A53F81264D6550032D0BE;
			remoteInfo = "Three20UICommonUnitTests-Xcode3.2.2";
		};
		FAC007FA12EF520300E50526 /* PBXContainerItemProxy */ = {
			isa = PBXContainerItemProxy;
			containerPortal = 320A737074758E53BA54BE90 /* Three20UINavigator.xcodeproj */;
			proxyType = 2;
			remoteGlobalIDString = 665A54521264DAF70032D0BE;
			remoteInfo = "Three20UINavigator-Xcode3.2.5";
		};
		FAC007FC12EF520300E50526 /* PBXContainerItemProxy */ = {
			isa = PBXContainerItemProxy;
			containerPortal = 320A737074758E53BA54BE90 /* Three20UINavigator.xcodeproj */;
			proxyType = 2;
			remoteGlobalIDString = 66FE8BFA1264DBC3001E0674;
			remoteInfo = "Three20UINavigator-Xcode3.2.2";
		};
		FAC007FE12EF520300E50526 /* PBXContainerItemProxy */ = {
			isa = PBXContainerItemProxy;
			containerPortal = 320A737074758E53BA54BE90 /* Three20UINavigator.xcodeproj */;
			proxyType = 2;
			remoteGlobalIDString = EB9E6C6210B6A8F800DE563C;
			remoteInfo = Three20UINavigatorUnitTests;
		};
		FAC0080012EF520300E50526 /* PBXContainerItemProxy */ = {
			isa = PBXContainerItemProxy;
			containerPortal = 320A737074758E53BA54BE90 /* Three20UINavigator.xcodeproj */;
			proxyType = 2;
			remoteGlobalIDString = 665A54681264DAF70032D0BE;
			remoteInfo = "Three20UINavigatorUnitTests-Xcode3.2.5";
		};
		FAC0080212EF520300E50526 /* PBXContainerItemProxy */ = {
			isa = PBXContainerItemProxy;
			containerPortal = 320A737074758E53BA54BE90 /* Three20UINavigator.xcodeproj */;
			proxyType = 2;
			remoteGlobalIDString = 66FE8C0F1264DBC3001E0674;
			remoteInfo = "Three20UINavigatorUnitTests-Xcode3.2.2";
		};
/* End PBXContainerItemProxy section */

/* Begin PBXFileReference section */
		1D30AB110D05D00D00671497 /* Foundation.framework */ = {isa = PBXFileReference; lastKnownFileType = wrapper.framework; name = Foundation.framework; path = System/Library/Frameworks/Foundation.framework; sourceTree = SDKROOT; };
		1D6058910D05DD3D006BFB54 /* meep.app */ = {isa = PBXFileReference; explicitFileType = wrapper.application; includeInIndex = 0; path = meep.app; sourceTree = BUILT_PRODUCTS_DIR; };
		1DF5F4DF0D08C38300B7A737 /* UIKit.framework */ = {isa = PBXFileReference; lastKnownFileType = wrapper.framework; name = UIKit.framework; path = System/Library/Frameworks/UIKit.framework; sourceTree = SDKROOT; };
		288765A40DF7441C002DB57D /* CoreGraphics.framework */ = {isa = PBXFileReference; lastKnownFileType = wrapper.framework; name = CoreGraphics.framework; path = System/Library/Frameworks/CoreGraphics.framework; sourceTree = SDKROOT; };
		2899E5210DE3E06400AC0155 /* CLViewController.xib */ = {isa = PBXFileReference; lastKnownFileType = file.xib; path = CLViewController.xib; sourceTree = "<group>"; };
		28AD733E0D9D9553002E5188 /* MainWindow.xib */ = {isa = PBXFileReference; lastKnownFileType = file.xib; path = MainWindow.xib; sourceTree = "<group>"; };
		28D7ACF60DDB3853001CB0EB /* CLViewController.h */ = {isa = PBXFileReference; fileEncoding = 4; lastKnownFileType = sourcecode.c.h; path = CLViewController.h; sourceTree = "<group>"; };
		28D7ACF70DDB3853001CB0EB /* CLViewController.m */ = {isa = PBXFileReference; fileEncoding = 4; lastKnownFileType = sourcecode.c.objc; path = CLViewController.m; sourceTree = "<group>"; };
		29B97316FDCFA39411CA2CEA /* main.m */ = {isa = PBXFileReference; fileEncoding = 4; lastKnownFileType = sourcecode.c.objc; path = main.m; sourceTree = "<group>"; };
		3201088596B4756681693700 /* Three20UICommon.xcodeproj */ = {isa = PBXFileReference; lastKnownFileType = "wrapper.pb-project"; name = Three20UICommon.xcodeproj; path = ../three20/src/Three20UICommon/Three20UICommon.xcodeproj; sourceTree = SOURCE_ROOT; };
		320A2827FEC940B25BC42C60 /* Three20Core.xcodeproj */ = {isa = PBXFileReference; lastKnownFileType = "wrapper.pb-project"; name = Three20Core.xcodeproj; path = ../three20/src/Three20Core/Three20Core.xcodeproj; sourceTree = SOURCE_ROOT; };
		320A5A189C235877202780D0 /* Three20Network.xcodeproj */ = {isa = PBXFileReference; lastKnownFileType = "wrapper.pb-project"; name = Three20Network.xcodeproj; path = ../three20/src/Three20Network/Three20Network.xcodeproj; sourceTree = SOURCE_ROOT; };
		320A737074758E53BA54BE90 /* Three20UINavigator.xcodeproj */ = {isa = PBXFileReference; lastKnownFileType = "wrapper.pb-project"; name = Three20UINavigator.xcodeproj; path = ../three20/src/Three20UINavigator/Three20UINavigator.xcodeproj; sourceTree = SOURCE_ROOT; };
		320AF8492C47A4D819F7C450 /* QuartzCore.framework */ = {isa = PBXFileReference; lastKnownFileType = wrapper.framework; name = QuartzCore.framework; path = System/Library/Frameworks/QuartzCore.framework; sourceTree = SDK_ROOT; };
		320B6C86F11D9990244A9730 /* Three20.bundle */ = {isa = PBXFileReference; lastKnownFileType = "wrapper.plug-in"; name = Three20.bundle; path = ../three20/src/Three20.bundle; sourceTree = SOURCE_ROOT; };
		320CC833B8AF0ACFD35E6220 /* Three20Style.xcodeproj */ = {isa = PBXFileReference; lastKnownFileType = "wrapper.pb-project"; name = Three20Style.xcodeproj; path = ../three20/src/Three20Style/Three20Style.xcodeproj; sourceTree = SOURCE_ROOT; };
		320D7DCCE32703ACAB9A45E0 /* Three20.xcodeproj */ = {isa = PBXFileReference; lastKnownFileType = "wrapper.pb-project"; name = Three20.xcodeproj; path = ../three20/src/Three20/Three20.xcodeproj; sourceTree = SOURCE_ROOT; };
		320F2C48872C2E2C4DF86200 /* Three20UI.xcodeproj */ = {isa = PBXFileReference; lastKnownFileType = "wrapper.pb-project"; name = Three20UI.xcodeproj; path = ../three20/src/Three20UI/Three20UI.xcodeproj; sourceTree = SOURCE_ROOT; };
		32CA4F630368D1EE00C91783 /* meep_Prefix.pch */ = {isa = PBXFileReference; fileEncoding = 4; lastKnownFileType = sourcecode.c.h; path = meep_Prefix.pch; sourceTree = "<group>"; };
		8D1107310486CEB800E47090 /* meep-Info.plist */ = {isa = PBXFileReference; fileEncoding = 4; lastKnownFileType = text.plist.xml; path = "meep-Info.plist"; plistStructureDefinitionIdentifier = "com.apple.xcode.plist.structure-definition.iphone.info-plist"; sourceTree = "<group>"; };
		FA0B25311269DB67008EA266 /* MenuViewController.h */ = {isa = PBXFileReference; fileEncoding = 4; lastKnownFileType = sourcecode.c.h; path = MenuViewController.h; sourceTree = "<group>"; };
		FA0B25321269DB67008EA266 /* MenuViewController.m */ = {isa = PBXFileReference; fileEncoding = 4; lastKnownFileType = sourcecode.c.objc; path = MenuViewController.m; sourceTree = "<group>"; };
		FA0B254E1269E5E3008EA266 /* person.png */ = {isa = PBXFileReference; lastKnownFileType = image.png; path = person.png; sourceTree = "<group>"; };
		FA0B25501269E6B6008EA266 /* FeedTableViewCell.xib */ = {isa = PBXFileReference; lastKnownFileType = file.xib; path = FeedTableViewCell.xib; sourceTree = "<group>"; };
		FA32D6B512E8AD280065927E /* LoginViewController.xib */ = {isa = PBXFileReference; lastKnownFileType = file.xib; name = LoginViewController.xib; path = Classes/LoginViewController.xib; sourceTree = SOURCE_ROOT; };
		FA32D6C112E8BFA60065927E /* LoginManager.h */ = {isa = PBXFileReference; fileEncoding = 4; lastKnownFileType = sourcecode.c.h; name = LoginManager.h; path = Classes/LoginManager.h; sourceTree = SOURCE_ROOT; };
		FA32D6C212E8BFA60065927E /* LoginManager.m */ = {isa = PBXFileReference; fileEncoding = 4; lastKnownFileType = sourcecode.c.objc; name = LoginManager.m; path = Classes/LoginManager.m; sourceTree = SOURCE_ROOT; };
		FA32D6C312E8BFA60065927E /* LoginManagerDelegate.h */ = {isa = PBXFileReference; fileEncoding = 4; lastKnownFileType = sourcecode.c.h; name = LoginManagerDelegate.h; path = Classes/LoginManagerDelegate.h; sourceTree = SOURCE_ROOT; };
		FA43695912441CCA008C8984 /* CoreLocation.framework */ = {isa = PBXFileReference; lastKnownFileType = wrapper.framework; name = CoreLocation.framework; path = System/Library/Frameworks/CoreLocation.framework; sourceTree = SDKROOT; };
		FA4369B512442468008C8984 /* MapKit.framework */ = {isa = PBXFileReference; lastKnownFileType = wrapper.framework; name = MapKit.framework; path = System/Library/Frameworks/MapKit.framework; sourceTree = SDKROOT; };
		FA503D0C12CAA341004E152E /* StringUtils.h */ = {isa = PBXFileReference; fileEncoding = 4; lastKnownFileType = sourcecode.c.h; path = StringUtils.h; sourceTree = "<group>"; };
		FA503D0D12CAA341004E152E /* StringUtils.m */ = {isa = PBXFileReference; fileEncoding = 4; lastKnownFileType = sourcecode.c.objc; path = StringUtils.m; sourceTree = "<group>"; };
		FA503D1E12CAA503004E152E /* RegexKitLite.h */ = {isa = PBXFileReference; fileEncoding = 4; lastKnownFileType = sourcecode.c.h; name = RegexKitLite.h; path = External/RegexKitLite/RegexKitLite.h; sourceTree = SOURCE_ROOT; };
		FA503D1F12CAA503004E152E /* RegexKitLite.m */ = {isa = PBXFileReference; fileEncoding = 4; lastKnownFileType = sourcecode.c.objc; name = RegexKitLite.m; path = External/RegexKitLite/RegexKitLite.m; sourceTree = SOURCE_ROOT; };
		FA75308A128E088300DD955D /* ASIAuthenticationDialog.h */ = {isa = PBXFileReference; fileEncoding = 4; lastKnownFileType = sourcecode.c.h; path = ASIAuthenticationDialog.h; sourceTree = "<group>"; };
		FA75308B128E088300DD955D /* ASIAuthenticationDialog.m */ = {isa = PBXFileReference; fileEncoding = 4; lastKnownFileType = sourcecode.c.objc; path = ASIAuthenticationDialog.m; sourceTree = "<group>"; };
		FA75308C128E088300DD955D /* ASICacheDelegate.h */ = {isa = PBXFileReference; fileEncoding = 4; lastKnownFileType = sourcecode.c.h; path = ASICacheDelegate.h; sourceTree = "<group>"; };
		FA75308D128E088300DD955D /* ASIDownloadCache.h */ = {isa = PBXFileReference; fileEncoding = 4; lastKnownFileType = sourcecode.c.h; path = ASIDownloadCache.h; sourceTree = "<group>"; };
		FA75308E128E088300DD955D /* ASIDownloadCache.m */ = {isa = PBXFileReference; fileEncoding = 4; lastKnownFileType = sourcecode.c.objc; path = ASIDownloadCache.m; sourceTree = "<group>"; };
		FA75308F128E088300DD955D /* ASIFormDataRequest.h */ = {isa = PBXFileReference; fileEncoding = 4; lastKnownFileType = sourcecode.c.h; path = ASIFormDataRequest.h; sourceTree = "<group>"; };
		FA753090128E088300DD955D /* ASIFormDataRequest.m */ = {isa = PBXFileReference; fileEncoding = 4; lastKnownFileType = sourcecode.c.objc; path = ASIFormDataRequest.m; sourceTree = "<group>"; };
		FA753091128E088300DD955D /* ASIHTTPRequest.h */ = {isa = PBXFileReference; fileEncoding = 4; lastKnownFileType = sourcecode.c.h; path = ASIHTTPRequest.h; sourceTree = "<group>"; };
		FA753092128E088300DD955D /* ASIHTTPRequest.m */ = {isa = PBXFileReference; fileEncoding = 4; lastKnownFileType = sourcecode.c.objc; path = ASIHTTPRequest.m; sourceTree = "<group>"; };
		FA753093128E088300DD955D /* ASIHTTPRequestConfig.h */ = {isa = PBXFileReference; fileEncoding = 4; lastKnownFileType = sourcecode.c.h; path = ASIHTTPRequestConfig.h; sourceTree = "<group>"; };
		FA753094128E088300DD955D /* ASIHTTPRequestDelegate.h */ = {isa = PBXFileReference; fileEncoding = 4; lastKnownFileType = sourcecode.c.h; path = ASIHTTPRequestDelegate.h; sourceTree = "<group>"; };
		FA753095128E088300DD955D /* ASIInputStream.h */ = {isa = PBXFileReference; fileEncoding = 4; lastKnownFileType = sourcecode.c.h; path = ASIInputStream.h; sourceTree = "<group>"; };
		FA753096128E088300DD955D /* ASIInputStream.m */ = {isa = PBXFileReference; fileEncoding = 4; lastKnownFileType = sourcecode.c.objc; path = ASIInputStream.m; sourceTree = "<group>"; };
		FA753097128E088300DD955D /* ASINetworkQueue.h */ = {isa = PBXFileReference; fileEncoding = 4; lastKnownFileType = sourcecode.c.h; path = ASINetworkQueue.h; sourceTree = "<group>"; };
		FA753098128E088300DD955D /* ASINetworkQueue.m */ = {isa = PBXFileReference; fileEncoding = 4; lastKnownFileType = sourcecode.c.objc; path = ASINetworkQueue.m; sourceTree = "<group>"; };
		FA753099128E088300DD955D /* ASIProgressDelegate.h */ = {isa = PBXFileReference; fileEncoding = 4; lastKnownFileType = sourcecode.c.h; path = ASIProgressDelegate.h; sourceTree = "<group>"; };
		FA75309B128E088300DD955D /* Reachability.h */ = {isa = PBXFileReference; fileEncoding = 4; lastKnownFileType = sourcecode.c.h; path = Reachability.h; sourceTree = "<group>"; };
		FA75309C128E088300DD955D /* Reachability.m */ = {isa = PBXFileReference; fileEncoding = 4; lastKnownFileType = sourcecode.c.objc; path = Reachability.m; sourceTree = "<group>"; };
		FA7530AF128E08F000DD955D /* libz.1.2.3.dylib */ = {isa = PBXFileReference; lastKnownFileType = "compiled.mach-o.dylib"; name = libz.1.2.3.dylib; path = usr/lib/libz.1.2.3.dylib; sourceTree = SDKROOT; };
		FA7530B1128E090500DD955D /* CFNetwork.framework */ = {isa = PBXFileReference; lastKnownFileType = wrapper.framework; name = CFNetwork.framework; path = System/Library/Frameworks/CFNetwork.framework; sourceTree = SDKROOT; };
		FA7530B3128E090500DD955D /* SystemConfiguration.framework */ = {isa = PBXFileReference; lastKnownFileType = wrapper.framework; name = SystemConfiguration.framework; path = System/Library/Frameworks/SystemConfiguration.framework; sourceTree = SDKROOT; };
		FA7530B9128E097B00DD955D /* HTTPDemoViewController.h */ = {isa = PBXFileReference; fileEncoding = 4; lastKnownFileType = sourcecode.c.h; path = HTTPDemoViewController.h; sourceTree = "<group>"; };
		FA7530BA128E097B00DD955D /* HTTPDemoViewController.m */ = {isa = PBXFileReference; fileEncoding = 4; lastKnownFileType = sourcecode.c.objc; path = HTTPDemoViewController.m; sourceTree = "<group>"; };
		FA7530BB128E097B00DD955D /* HTTPDemoViewController.xib */ = {isa = PBXFileReference; lastKnownFileType = file.xib; name = HTTPDemoViewController.xib; path = Classes/HTTPDemoViewController.xib; sourceTree = "<group>"; };
		FA7530FF128E0DDF00DD955D /* MobileCoreServices.framework */ = {isa = PBXFileReference; lastKnownFileType = wrapper.framework; name = MobileCoreServices.framework; path = System/Library/Frameworks/MobileCoreServices.framework; sourceTree = SDKROOT; };
		FA8497A612C89BCE00BB56FF /* WelcomeViewController.h */ = {isa = PBXFileReference; fileEncoding = 4; lastKnownFileType = sourcecode.c.h; path = WelcomeViewController.h; sourceTree = "<group>"; };
		FA8497A712C89BCE00BB56FF /* WelcomeViewController.m */ = {isa = PBXFileReference; fileEncoding = 4; lastKnownFileType = sourcecode.c.objc; path = WelcomeViewController.m; sourceTree = "<group>"; };
		FA8497A812C89BCE00BB56FF /* WelcomeViewController.xib */ = {isa = PBXFileReference; lastKnownFileType = file.xib; name = WelcomeViewController.xib; path = Classes/WelcomeViewController.xib; sourceTree = "<group>"; };
		FA8497CB12C8A21600BB56FF /* WelcomeNavigationController.h */ = {isa = PBXFileReference; fileEncoding = 4; lastKnownFileType = sourcecode.c.h; path = WelcomeNavigationController.h; sourceTree = "<group>"; };
		FA8497CC12C8A21600BB56FF /* WelcomeNavigationController.m */ = {isa = PBXFileReference; fileEncoding = 4; lastKnownFileType = sourcecode.c.objc; path = WelcomeNavigationController.m; sourceTree = "<group>"; };
		FA8497FA12C8A78500BB56FF /* RegisterViewController.h */ = {isa = PBXFileReference; fileEncoding = 4; lastKnownFileType = sourcecode.c.h; path = RegisterViewController.h; sourceTree = "<group>"; };
		FA8497FB12C8A78500BB56FF /* RegisterViewController.m */ = {isa = PBXFileReference; fileEncoding = 4; lastKnownFileType = sourcecode.c.objc; path = RegisterViewController.m; sourceTree = "<group>"; };
		FA8497FC12C8A78500BB56FF /* RegisterViewController.xib */ = {isa = PBXFileReference; lastKnownFileType = file.xib; name = RegisterViewController.xib; path = Classes/RegisterViewController.xib; sourceTree = "<group>"; };
		FA84982E12C8ABA100BB56FF /* LoginViewController.h */ = {isa = PBXFileReference; fileEncoding = 4; lastKnownFileType = sourcecode.c.h; path = LoginViewController.h; sourceTree = "<group>"; };
		FA84982F12C8ABA100BB56FF /* LoginViewController.m */ = {isa = PBXFileReference; fileEncoding = 4; lastKnownFileType = sourcecode.c.objc; path = LoginViewController.m; sourceTree = "<group>"; };
		FA84989512C8B11B00BB56FF /* CustomCellTextField.xib */ = {isa = PBXFileReference; lastKnownFileType = file.xib; path = CustomCellTextField.xib; sourceTree = "<group>"; };
		FA8498A712C8B3C100BB56FF /* CustomCellTextField.h */ = {isa = PBXFileReference; fileEncoding = 4; lastKnownFileType = sourcecode.c.h; path = CustomCellTextField.h; sourceTree = "<group>"; };
		FA8498A812C8B3C100BB56FF /* CustomCellTextField.m */ = {isa = PBXFileReference; fileEncoding = 4; lastKnownFileType = sourcecode.c.objc; path = CustomCellTextField.m; sourceTree = "<group>"; };
		FA849B3612C904FC00BB56FF /* QuartzCore.framework */ = {isa = PBXFileReference; lastKnownFileType = wrapper.framework; name = QuartzCore.framework; path = System/Library/Frameworks/QuartzCore.framework; sourceTree = SDKROOT; };
		FA886ED6127346EE00BAE667 /* MeepViewController.xib */ = {isa = PBXFileReference; lastKnownFileType = file.xib; name = MeepViewController.xib; path = Classes/MeepViewController.xib; sourceTree = "<group>"; };
		FA8C8EC312E88F5F006DD5D2 /* RegistrationManagerDelegate.h */ = {isa = PBXFileReference; fileEncoding = 4; lastKnownFileType = sourcecode.c.h; path = RegistrationManagerDelegate.h; sourceTree = "<group>"; };
		FA9C251E12EB9041006DABAB /* ConfigManager.h */ = {isa = PBXFileReference; fileEncoding = 4; lastKnownFileType = sourcecode.c.h; path = ConfigManager.h; sourceTree = "<group>"; };
		FA9C251F12EB9041006DABAB /* ConfigManager.m */ = {isa = PBXFileReference; fileEncoding = 4; lastKnownFileType = sourcecode.c.objc; path = ConfigManager.m; sourceTree = "<group>"; };
		FA9C264412EBB8A0006DABAB /* MeepAppDelegate.m */ = {isa = PBXFileReference; fileEncoding = 4; lastKnownFileType = sourcecode.c.objc; name = MeepAppDelegate.m; path = Classes/MeepAppDelegate.m; sourceTree = SOURCE_ROOT; };
		FA9C264512EBB8A0006DABAB /* MeepAppDelegate.h */ = {isa = PBXFileReference; fileEncoding = 4; lastKnownFileType = sourcecode.c.h; path = MeepAppDelegate.h; sourceTree = "<group>"; };
		FAC0080612EF52DC00E50526 /* Icon.png */ = {isa = PBXFileReference; lastKnownFileType = image.png; path = Icon.png; sourceTree = "<group>"; };
		FAC384DD12CD1A8900F2A1C7 /* RegistrationManager.h */ = {isa = PBXFileReference; fileEncoding = 4; lastKnownFileType = sourcecode.c.h; path = RegistrationManager.h; sourceTree = "<group>"; };
		FAC384DE12CD1A8900F2A1C7 /* RegistrationManager.m */ = {isa = PBXFileReference; fileEncoding = 4; lastKnownFileType = sourcecode.c.objc; path = RegistrationManager.m; sourceTree = "<group>"; };
		FAC812DF12C90F70001F20C5 /* UserDTO.h */ = {isa = PBXFileReference; fileEncoding = 4; lastKnownFileType = sourcecode.c.h; path = UserDTO.h; sourceTree = "<group>"; };
		FAC812E012C90F70001F20C5 /* UserDTO.m */ = {isa = PBXFileReference; fileEncoding = 4; lastKnownFileType = sourcecode.c.objc; path = UserDTO.m; sourceTree = "<group>"; };
		FAECD13512F6DCBE0027CAC9 /* MenuNavigationController.h */ = {isa = PBXFileReference; fileEncoding = 4; lastKnownFileType = sourcecode.c.h; path = MenuNavigationController.h; sourceTree = "<group>"; };
		FAECD13612F6DCBE0027CAC9 /* MenuNavigationController.m */ = {isa = PBXFileReference; fileEncoding = 4; lastKnownFileType = sourcecode.c.objc; path = MenuNavigationController.m; sourceTree = "<group>"; };
		FAECD17B12F6E7C60027CAC9 /* NewMeetingLocationController.h */ = {isa = PBXFileReference; fileEncoding = 4; lastKnownFileType = sourcecode.c.h; name = NewMeetingLocationController.h; path = ../NewMeetingLocationController.h; sourceTree = "<group>"; };
		FAECD17C12F6E7C60027CAC9 /* NewMeetingLocationController.m */ = {isa = PBXFileReference; fileEncoding = 4; lastKnownFileType = sourcecode.c.objc; name = NewMeetingLocationController.m; path = ../NewMeetingLocationController.m; sourceTree = "<group>"; };
		FAECD17D12F6E7C60027CAC9 /* NewMeetingLocationController.xib */ = {isa = PBXFileReference; lastKnownFileType = file.xib; path = NewMeetingLocationController.xib; sourceTree = "<group>"; };
		FAECD24D12F6F6E90027CAC9 /* MapLocation.h */ = {isa = PBXFileReference; fileEncoding = 4; lastKnownFileType = sourcecode.c.h; path = MapLocation.h; sourceTree = "<group>"; };
		FAECD24E12F6F6E90027CAC9 /* MapLocation.m */ = {isa = PBXFileReference; fileEncoding = 4; lastKnownFileType = sourcecode.c.objc; path = MapLocation.m; sourceTree = "<group>"; };
		FAECD2DC12F7052E0027CAC9 /* NewMeetingDateAndTimeController.h */ = {isa = PBXFileReference; fileEncoding = 4; lastKnownFileType = sourcecode.c.h; path = NewMeetingDateAndTimeController.h; sourceTree = "<group>"; };
		FAECD2DD12F7052E0027CAC9 /* NewMeetingDateAndTimeController.m */ = {isa = PBXFileReference; fileEncoding = 4; lastKnownFileType = sourcecode.c.objc; path = NewMeetingDateAndTimeController.m; sourceTree = "<group>"; };
		FAECD2DE12F7052E0027CAC9 /* NewMeetingDateAndTimeController.xib */ = {isa = PBXFileReference; lastKnownFileType = file.xib; name = NewMeetingDateAndTimeController.xib; path = Classes/NewMeetingDateAndTimeController.xib; sourceTree = "<group>"; };
		FAECD31B12F721D40027CAC9 /* NewMeetingPeopleController.h */ = {isa = PBXFileReference; fileEncoding = 4; lastKnownFileType = sourcecode.c.h; path = NewMeetingPeopleController.h; sourceTree = "<group>"; };
		FAECD31C12F721D40027CAC9 /* NewMeetingPeopleController.m */ = {isa = PBXFileReference; fileEncoding = 4; lastKnownFileType = sourcecode.c.objc; path = NewMeetingPeopleController.m; sourceTree = "<group>"; };
		FAECD31D12F721D40027CAC9 /* NewMeetingPeopleController.xib */ = {isa = PBXFileReference; lastKnownFileType = file.xib; name = NewMeetingPeopleController.xib; path = Classes/NewMeetingPeopleController.xib; sourceTree = "<group>"; };
		FAEFFFCE12CA3EF300604797 /* MBProgressHUD.h */ = {isa = PBXFileReference; fileEncoding = 4; lastKnownFileType = sourcecode.c.h; name = MBProgressHUD.h; path = External/MBProgressHUD/MBProgressHUD.h; sourceTree = SOURCE_ROOT; };
		FAEFFFCF12CA3EF300604797 /* MBProgressHUD.m */ = {isa = PBXFileReference; fileEncoding = 4; lastKnownFileType = sourcecode.c.objc; name = MBProgressHUD.m; path = External/MBProgressHUD/MBProgressHUD.m; sourceTree = SOURCE_ROOT; };
/* End PBXFileReference section */

/* Begin PBXFrameworksBuildPhase section */
		1D60588F0D05DD3D006BFB54 /* Frameworks */ = {
			isa = PBXFrameworksBuildPhase;
			buildActionMask = 2147483647;
			files = (
				3201088596B4756681693705 /* libThree20UICommon.a in Frameworks */,
				320D7DCCE32703ACAB9A45E5 /* libThree20.a in Frameworks */,
				320A737074758E53BA54BE95 /* libThree20UINavigator.a in Frameworks */,
				320A2827FEC940B25BC42C65 /* libThree20Core.a in Frameworks */,
				320F2C48872C2E2C4DF86205 /* libThree20UI.a in Frameworks */,
				320AF8492C47A4D819F7C451 /* QuartzCore.framework in Frameworks */,
				320A5A189C235877202780D5 /* libThree20Network.a in Frameworks */,
				320CC833B8AF0ACFD35E6225 /* libThree20Style.a in Frameworks */,
				1D60589F0D05DD5A006BFB54 /* Foundation.framework in Frameworks */,
				1DF5F4E00D08C38300B7A737 /* UIKit.framework in Frameworks */,
				288765A50DF7441C002DB57D /* CoreGraphics.framework in Frameworks */,
				FA43695A12441CCA008C8984 /* CoreLocation.framework in Frameworks */,
				FA4369B612442468008C8984 /* MapKit.framework in Frameworks */,
				FA7530B0128E08F000DD955D /* libz.1.2.3.dylib in Frameworks */,
				FA7530B2128E090500DD955D /* CFNetwork.framework in Frameworks */,
				FA7530B4128E090500DD955D /* SystemConfiguration.framework in Frameworks */,
				FA753100128E0DDF00DD955D /* MobileCoreServices.framework in Frameworks */,
				FA849B3712C904FC00BB56FF /* QuartzCore.framework in Frameworks */,
			);
			runOnlyForDeploymentPostprocessing = 0;
		};
/* End PBXFrameworksBuildPhase section */

/* Begin PBXGroup section */
		080E96DDFE201D6D7F000001 /* Classes */ = {
			isa = PBXGroup;
			children = (
				FA9C251E12EB9041006DABAB /* ConfigManager.h */,
				FA9C251F12EB9041006DABAB /* ConfigManager.m */,
				FAC384E012CD1B9E00F2A1C7 /* Managers */,
				FAC812DE12C90F5C001F20C5 /* Model */,
				FA9C264512EBB8A0006DABAB /* MeepAppDelegate.h */,
				FA9C264412EBB8A0006DABAB /* MeepAppDelegate.m */,
				28D7ACF60DDB3853001CB0EB /* CLViewController.h */,
				28D7ACF70DDB3853001CB0EB /* CLViewController.m */,
				FA7530B9128E097B00DD955D /* HTTPDemoViewController.h */,
				FA7530BA128E097B00DD955D /* HTTPDemoViewController.m */,
				FA503D0F12CAA345004E152E /* Utils */,
				FA8497CE12C8A22E00BB56FF /* ViewControllers */,
			);
			path = Classes;
			sourceTree = "<group>";
		};
		19C28FACFE9D520D11CA2CBB /* Products */ = {
			isa = PBXGroup;
			children = (
				1D6058910D05DD3D006BFB54 /* meep.app */,
			);
			name = Products;
			sourceTree = "<group>";
		};
		29B97314FDCFA39411CA2CEA /* CustomTemplate */ = {
			isa = PBXGroup;
			children = (
				FA753088128E088300DD955D /* External */,
				080E96DDFE201D6D7F000001 /* Classes */,
				29B97315FDCFA39411CA2CEA /* Other Sources */,
				29B97317FDCFA39411CA2CEA /* Resources */,
				29B97323FDCFA39411CA2CEA /* Frameworks */,
				19C28FACFE9D520D11CA2CBB /* Products */,
			);
			name = CustomTemplate;
			sourceTree = "<group>";
		};
		29B97315FDCFA39411CA2CEA /* Other Sources */ = {
			isa = PBXGroup;
			children = (
				32CA4F630368D1EE00C91783 /* meep_Prefix.pch */,
				29B97316FDCFA39411CA2CEA /* main.m */,
			);
			name = "Other Sources";
			sourceTree = "<group>";
		};
		29B97317FDCFA39411CA2CEA /* Resources */ = {
			isa = PBXGroup;
			children = (
				FAC0080612EF52DC00E50526 /* Icon.png */,
				8D1107310486CEB800E47090 /* meep-Info.plist */,
				FA0B254E1269E5E3008EA266 /* person.png */,
				FA8497D012C8A34500BB56FF /* Views */,
			);
			name = Resources;
			sourceTree = "<group>";
		};
		29B97323FDCFA39411CA2CEA /* Frameworks */ = {
			isa = PBXGroup;
			children = (
				3201088596B4756681693700 /* Three20UICommon.xcodeproj */,
				320D7DCCE32703ACAB9A45E0 /* Three20.xcodeproj */,
				320A737074758E53BA54BE90 /* Three20UINavigator.xcodeproj */,
				320A2827FEC940B25BC42C60 /* Three20Core.xcodeproj */,
				320F2C48872C2E2C4DF86200 /* Three20UI.xcodeproj */,
				320AF8492C47A4D819F7C450 /* QuartzCore.framework */,
				320A5A189C235877202780D0 /* Three20Network.xcodeproj */,
				320CC833B8AF0ACFD35E6220 /* Three20Style.xcodeproj */,
				1DF5F4DF0D08C38300B7A737 /* UIKit.framework */,
				1D30AB110D05D00D00671497 /* Foundation.framework */,
				288765A40DF7441C002DB57D /* CoreGraphics.framework */,
				FA43695912441CCA008C8984 /* CoreLocation.framework */,
				FA4369B512442468008C8984 /* MapKit.framework */,
				FA7530AF128E08F000DD955D /* libz.1.2.3.dylib */,
				FA7530B1128E090500DD955D /* CFNetwork.framework */,
				FA7530B3128E090500DD955D /* SystemConfiguration.framework */,
				FA7530FF128E0DDF00DD955D /* MobileCoreServices.framework */,
				FA849B3612C904FC00BB56FF /* QuartzCore.framework */,
			);
			name = Frameworks;
			sourceTree = "<group>";
		};
		3201088596B4756681693703 /* Products */ = {
			isa = PBXGroup;
			children = (
				3201088596B4756681693704 /* libThree20UICommon.a */,
				FAC007EC12EF520300E50526 /* libThree20UICommon-Xcode3.2.5.a */,
				FAC007EE12EF520300E50526 /* libThree20UICommon-Xcode3.2.2.a */,
				FAC007F012EF520300E50526 /* UICommonUnitTests.octest */,
				FAC007F212EF520300E50526 /* UICommonUnitTests-Xcode3.2.5.octest */,
				FAC007F412EF520300E50526 /* UICommonUnitTests-Xcode3.2.2.octest */,
			);
			name = Products;
			sourceTree = "<group>";
		};
		320A2827FEC940B25BC42C63 /* Products */ = {
			isa = PBXGroup;
			children = (
				320A2827FEC940B25BC42C64 /* libThree20Core.a */,
				FAC007B012EF520300E50526 /* libThree20Core-Xcode3.2.5.a */,
				FAC007B212EF520300E50526 /* libThree20Core-Xcode3.2.2.a */,
				FAC007B412EF520300E50526 /* CoreUnitTests.octest */,
				FAC007B612EF520300E50526 /* CoreUnitTests-Xcode3.2.5.octest */,
				FAC007B812EF520300E50526 /* CoreUnitTests-Xcode3.2.2.octest */,
			);
			name = Products;
			sourceTree = "<group>";
		};
		320A5A189C235877202780D3 /* Products */ = {
			isa = PBXGroup;
			children = (
				320A5A189C235877202780D4 /* libThree20Network.a */,
				FAC007BF12EF520300E50526 /* libThree20Network-Xcode3.2.5.a */,
				FAC007C112EF520300E50526 /* libThree20Network-Xcode3.2.2.a */,
				FAC007C312EF520300E50526 /* NetworkUnitTests.octest */,
				FAC007C512EF520300E50526 /* NetworkUnitTests-Xcode3.2.5.octest */,
				FAC007C712EF520300E50526 /* NetworkUnitTests-Xcode3.2.2.octest */,
			);
			name = Products;
			sourceTree = "<group>";
		};
		320A737074758E53BA54BE93 /* Products */ = {
			isa = PBXGroup;
			children = (
				320A737074758E53BA54BE94 /* libThree20UINavigator.a */,
				FAC007FB12EF520300E50526 /* libThree20UINavigator-Xcode3.2.5.a */,
				FAC007FD12EF520300E50526 /* libThree20UINavigator-Xcode3.2.2.a */,
				FAC007FF12EF520300E50526 /* UINavigatorUnitTests.octest */,
				FAC0080112EF520300E50526 /* UINavigatorUnitTests-Xcode3.2.5.octest */,
				FAC0080312EF520300E50526 /* UINavigatorUnitTests-Xcode3.2.2.octest */,
			);
			name = Products;
			sourceTree = "<group>";
		};
		320CC833B8AF0ACFD35E6223 /* Products */ = {
			isa = PBXGroup;
			children = (
				320CC833B8AF0ACFD35E6224 /* libThree20Style.a */,
				FAC007CE12EF520300E50526 /* libThree20Style-Xcode3.2.5.a */,
				FAC007D012EF520300E50526 /* libThree20Style-Xcode3.2.2.a */,
				FAC007D212EF520300E50526 /* StyleUnitTests.octest */,
				FAC007D412EF520300E50526 /* StyleUnitTests-Xcode3.2.5.octest */,
				FAC007D612EF520300E50526 /* StyleUnitTests-Xcode3.2.2.octest */,
			);
			name = Products;
			sourceTree = "<group>";
		};
		320D7DCCE32703ACAB9A45E3 /* Products */ = {
			isa = PBXGroup;
			children = (
				320D7DCCE32703ACAB9A45E4 /* libThree20.a */,
				FAC007A112EF520300E50526 /* libThree20-Xcode3.2.5.a */,
				FAC007A312EF520300E50526 /* libThree20-Xcode3.2.2.a */,
				FAC007A512EF520300E50526 /* Three20UnitTests.octest */,
				FAC007A712EF520300E50526 /* Three20UnitTests-Xcode3.2.5.octest */,
				FAC007A912EF520300E50526 /* Three20UnitTests-Xcode3.2.2.octest */,
			);
			name = Products;
			sourceTree = "<group>";
		};
		320F2C48872C2E2C4DF86203 /* Products */ = {
			isa = PBXGroup;
			children = (
				320F2C48872C2E2C4DF86204 /* libThree20UI.a */,
				FAC007DD12EF520300E50526 /* libThree20UI-Xcode3.2.5.a */,
				FAC007DF12EF520300E50526 /* libThree20UI-Xcode3.2.2.a */,
				FAC007E112EF520300E50526 /* UIUnitTests.octest */,
				FAC007E312EF520300E50526 /* UIUnitTests-Xcode3.2.5.octest */,
				FAC007E512EF520300E50526 /* UIUnitTests-Xcode3.2.2.octest */,
			);
			name = Products;
			sourceTree = "<group>";
		};
		FA503D0F12CAA345004E152E /* Utils */ = {
			isa = PBXGroup;
			children = (
				FA503D0C12CAA341004E152E /* StringUtils.h */,
				FA503D0D12CAA341004E152E /* StringUtils.m */,
			);
			name = Utils;
			sourceTree = "<group>";
		};
		FA503D1D12CAA503004E152E /* RegexKitLite */ = {
			isa = PBXGroup;
			children = (
				FA503D1E12CAA503004E152E /* RegexKitLite.h */,
				FA503D1F12CAA503004E152E /* RegexKitLite.m */,
			);
			path = RegexKitLite;
			sourceTree = "<group>";
		};
		FA753088128E088300DD955D /* External */ = {
			isa = PBXGroup;
			children = (
				320B6C86F11D9990244A9730 /* Three20.bundle */,
				FA753089128E088300DD955D /* ASIHTTPRequest */,
				FAEFFFCD12CA3EF300604797 /* MBProgressHUD */,
				FA75309A128E088300DD955D /* Reachability */,
				FA503D1D12CAA503004E152E /* RegexKitLite */,
			);
			path = External;
			sourceTree = "<group>";
		};
		FA753089128E088300DD955D /* ASIHTTPRequest */ = {
			isa = PBXGroup;
			children = (
				FA75308A128E088300DD955D /* ASIAuthenticationDialog.h */,
				FA75308B128E088300DD955D /* ASIAuthenticationDialog.m */,
				FA75308C128E088300DD955D /* ASICacheDelegate.h */,
				FA75308D128E088300DD955D /* ASIDownloadCache.h */,
				FA75308E128E088300DD955D /* ASIDownloadCache.m */,
				FA75308F128E088300DD955D /* ASIFormDataRequest.h */,
				FA753090128E088300DD955D /* ASIFormDataRequest.m */,
				FA753091128E088300DD955D /* ASIHTTPRequest.h */,
				FA753092128E088300DD955D /* ASIHTTPRequest.m */,
				FA753093128E088300DD955D /* ASIHTTPRequestConfig.h */,
				FA753094128E088300DD955D /* ASIHTTPRequestDelegate.h */,
				FA753095128E088300DD955D /* ASIInputStream.h */,
				FA753096128E088300DD955D /* ASIInputStream.m */,
				FA753097128E088300DD955D /* ASINetworkQueue.h */,
				FA753098128E088300DD955D /* ASINetworkQueue.m */,
				FA753099128E088300DD955D /* ASIProgressDelegate.h */,
			);
			path = ASIHTTPRequest;
			sourceTree = "<group>";
		};
		FA75309A128E088300DD955D /* Reachability */ = {
			isa = PBXGroup;
			children = (
				FA75309B128E088300DD955D /* Reachability.h */,
				FA75309C128E088300DD955D /* Reachability.m */,
			);
			path = Reachability;
			sourceTree = "<group>";
		};
		FA8497CE12C8A22E00BB56FF /* ViewControllers */ = {
			isa = PBXGroup;
			children = (
				FAECD2E212F705500027CAC9 /* New Meeting */,
				FAECD13512F6DCBE0027CAC9 /* MenuNavigationController.h */,
				FAECD13612F6DCBE0027CAC9 /* MenuNavigationController.m */,
				FA0B25311269DB67008EA266 /* MenuViewController.h */,
				FA0B25321269DB67008EA266 /* MenuViewController.m */,
				FA84989D12C8B1A500BB56FF /* Welcome */,
			);
			name = ViewControllers;
			sourceTree = "<group>";
		};
		FA8497D012C8A34500BB56FF /* Views */ = {
			isa = PBXGroup;
			children = (
				FAECD2E112F7053D0027CAC9 /* New Meeting */,
				FA8497FF12C8A79100BB56FF /* Welcome */,
				FA886ED6127346EE00BAE667 /* MeepViewController.xib */,
				28AD733E0D9D9553002E5188 /* MainWindow.xib */,
				FA0B25501269E6B6008EA266 /* FeedTableViewCell.xib */,
				FA7530BB128E097B00DD955D /* HTTPDemoViewController.xib */,
				2899E5210DE3E06400AC0155 /* CLViewController.xib */,
			);
			name = Views;
			sourceTree = "<group>";
		};
		FA8497FF12C8A79100BB56FF /* Welcome */ = {
			isa = PBXGroup;
			children = (
				FA84989512C8B11B00BB56FF /* CustomCellTextField.xib */,
				FA32D6B512E8AD280065927E /* LoginViewController.xib */,
				FA8497FC12C8A78500BB56FF /* RegisterViewController.xib */,
				FA8497A812C89BCE00BB56FF /* WelcomeViewController.xib */,
			);
			name = Welcome;
			sourceTree = "<group>";
		};
		FA84989D12C8B1A500BB56FF /* Welcome */ = {
			isa = PBXGroup;
			children = (
				FA8498A712C8B3C100BB56FF /* CustomCellTextField.h */,
				FA8498A812C8B3C100BB56FF /* CustomCellTextField.m */,
				FA84982E12C8ABA100BB56FF /* LoginViewController.h */,
				FA84982F12C8ABA100BB56FF /* LoginViewController.m */,
				FA8497FA12C8A78500BB56FF /* RegisterViewController.h */,
				FA8497FB12C8A78500BB56FF /* RegisterViewController.m */,
				FA8497CB12C8A21600BB56FF /* WelcomeNavigationController.h */,
				FA8497CC12C8A21600BB56FF /* WelcomeNavigationController.m */,
				FA8497A612C89BCE00BB56FF /* WelcomeViewController.h */,
				FA8497A712C89BCE00BB56FF /* WelcomeViewController.m */,
			);
			name = Welcome;
			sourceTree = "<group>";
		};
		FAC384E012CD1B9E00F2A1C7 /* Managers */ = {
			isa = PBXGroup;
			children = (
				FA32D6C112E8BFA60065927E /* LoginManager.h */,
				FA32D6C212E8BFA60065927E /* LoginManager.m */,
				FA32D6C312E8BFA60065927E /* LoginManagerDelegate.h */,
				FAC384DD12CD1A8900F2A1C7 /* RegistrationManager.h */,
				FAC384DE12CD1A8900F2A1C7 /* RegistrationManager.m */,
				FA8C8EC312E88F5F006DD5D2 /* RegistrationManagerDelegate.h */,
			);
			name = Managers;
			sourceTree = "<group>";
		};
		FAC812DE12C90F5C001F20C5 /* Model */ = {
			isa = PBXGroup;
			children = (
				FAC812DF12C90F70001F20C5 /* UserDTO.h */,
				FAC812E012C90F70001F20C5 /* UserDTO.m */,
			);
			name = Model;
			sourceTree = "<group>";
		};
		FAECD2E112F7053D0027CAC9 /* New Meeting */ = {
			isa = PBXGroup;
			children = (
				FAECD17D12F6E7C60027CAC9 /* NewMeetingLocationController.xib */,
				FAECD2DE12F7052E0027CAC9 /* NewMeetingDateAndTimeController.xib */,
				FAECD31D12F721D40027CAC9 /* NewMeetingPeopleController.xib */,
			);
			name = "New Meeting";
			sourceTree = "<group>";
		};
		FAECD2E212F705500027CAC9 /* New Meeting */ = {
			isa = PBXGroup;
			children = (
				FAECD24D12F6F6E90027CAC9 /* MapLocation.h */,
				FAECD24E12F6F6E90027CAC9 /* MapLocation.m */,
				FAECD17B12F6E7C60027CAC9 /* NewMeetingLocationController.h */,
				FAECD17C12F6E7C60027CAC9 /* NewMeetingLocationController.m */,
				FAECD2DC12F7052E0027CAC9 /* NewMeetingDateAndTimeController.h */,
				FAECD2DD12F7052E0027CAC9 /* NewMeetingDateAndTimeController.m */,
				FAECD31B12F721D40027CAC9 /* NewMeetingPeopleController.h */,
				FAECD31C12F721D40027CAC9 /* NewMeetingPeopleController.m */,
			);
			name = "New Meeting";
			sourceTree = "<group>";
		};
		FAEFFFCD12CA3EF300604797 /* MBProgressHUD */ = {
			isa = PBXGroup;
			children = (
				FAEFFFCE12CA3EF300604797 /* MBProgressHUD.h */,
				FAEFFFCF12CA3EF300604797 /* MBProgressHUD.m */,
			);
			path = MBProgressHUD;
			sourceTree = "<group>";
		};
/* End PBXGroup section */

/* Begin PBXNativeTarget section */
		1D6058900D05DD3D006BFB54 /* meep */ = {
			isa = PBXNativeTarget;
			buildConfigurationList = 1D6058960D05DD3E006BFB54 /* Build configuration list for PBXNativeTarget "meep" */;
			buildPhases = (
				1D60588D0D05DD3D006BFB54 /* Resources */,
				1D60588E0D05DD3D006BFB54 /* Sources */,
				1D60588F0D05DD3D006BFB54 /* Frameworks */,
			);
			buildRules = (
			);
			dependencies = (
				3201088596B4756681693701 /* PBXTargetDependency */,
				320D7DCCE32703ACAB9A45E1 /* PBXTargetDependency */,
				320A737074758E53BA54BE91 /* PBXTargetDependency */,
				320A2827FEC940B25BC42C61 /* PBXTargetDependency */,
				320F2C48872C2E2C4DF86201 /* PBXTargetDependency */,
				320A5A189C235877202780D1 /* PBXTargetDependency */,
				320CC833B8AF0ACFD35E6221 /* PBXTargetDependency */,
			);
			name = meep;
			productName = meep;
			productReference = 1D6058910D05DD3D006BFB54 /* meep.app */;
			productType = "com.apple.product-type.application";
		};
/* End PBXNativeTarget section */

/* Begin PBXProject section */
		29B97313FDCFA39411CA2CEA /* Project object */ = {
			isa = PBXProject;
			buildConfigurationList = C01FCF4E08A954540054247B /* Build configuration list for PBXProject "meep" */;
			compatibilityVersion = "Xcode 3.1";
			developmentRegion = English;
			hasScannedForEncodings = 1;
			knownRegions = (
				English,
				Japanese,
				French,
				German,
			);
			mainGroup = 29B97314FDCFA39411CA2CEA /* CustomTemplate */;
			projectDirPath = "";
			projectReferences = (
				{
					ProductGroup = 320D7DCCE32703ACAB9A45E3 /* Products */;
					ProjectRef = 320D7DCCE32703ACAB9A45E0 /* Three20.xcodeproj */;
				},
				{
					ProductGroup = 320A2827FEC940B25BC42C63 /* Products */;
					ProjectRef = 320A2827FEC940B25BC42C60 /* Three20Core.xcodeproj */;
				},
				{
					ProductGroup = 320A5A189C235877202780D3 /* Products */;
					ProjectRef = 320A5A189C235877202780D0 /* Three20Network.xcodeproj */;
				},
				{
					ProductGroup = 320CC833B8AF0ACFD35E6223 /* Products */;
					ProjectRef = 320CC833B8AF0ACFD35E6220 /* Three20Style.xcodeproj */;
				},
				{
					ProductGroup = 320F2C48872C2E2C4DF86203 /* Products */;
					ProjectRef = 320F2C48872C2E2C4DF86200 /* Three20UI.xcodeproj */;
				},
				{
					ProductGroup = 3201088596B4756681693703 /* Products */;
					ProjectRef = 3201088596B4756681693700 /* Three20UICommon.xcodeproj */;
				},
				{
					ProductGroup = 320A737074758E53BA54BE93 /* Products */;
					ProjectRef = 320A737074758E53BA54BE90 /* Three20UINavigator.xcodeproj */;
				},
			);
			projectRoot = "";
			targets = (
				1D6058900D05DD3D006BFB54 /* meep */,
			);
		};
/* End PBXProject section */

/* Begin PBXReferenceProxy section */
		3201088596B4756681693704 /* libThree20UICommon.a */ = {
			isa = PBXReferenceProxy;
			fileType = archive.ar;
			path = libThree20UICommon.a;
			remoteRef = 3201088596B4756681693706 /* PBXContainerItemProxy */;
			sourceTree = BUILT_PRODUCTS_DIR;
		};
		320A2827FEC940B25BC42C64 /* libThree20Core.a */ = {
			isa = PBXReferenceProxy;
			fileType = archive.ar;
			path = libThree20Core.a;
			remoteRef = 320A2827FEC940B25BC42C66 /* PBXContainerItemProxy */;
			sourceTree = BUILT_PRODUCTS_DIR;
		};
		320A5A189C235877202780D4 /* libThree20Network.a */ = {
			isa = PBXReferenceProxy;
			fileType = archive.ar;
			path = libThree20Network.a;
			remoteRef = 320A5A189C235877202780D6 /* PBXContainerItemProxy */;
			sourceTree = BUILT_PRODUCTS_DIR;
		};
		320A737074758E53BA54BE94 /* libThree20UINavigator.a */ = {
			isa = PBXReferenceProxy;
			fileType = archive.ar;
			path = libThree20UINavigator.a;
			remoteRef = 320A737074758E53BA54BE96 /* PBXContainerItemProxy */;
			sourceTree = BUILT_PRODUCTS_DIR;
		};
		320CC833B8AF0ACFD35E6224 /* libThree20Style.a */ = {
			isa = PBXReferenceProxy;
			fileType = archive.ar;
			path = libThree20Style.a;
			remoteRef = 320CC833B8AF0ACFD35E6226 /* PBXContainerItemProxy */;
			sourceTree = BUILT_PRODUCTS_DIR;
		};
		320D7DCCE32703ACAB9A45E4 /* libThree20.a */ = {
			isa = PBXReferenceProxy;
			fileType = archive.ar;
			path = libThree20.a;
			remoteRef = 320D7DCCE32703ACAB9A45E6 /* PBXContainerItemProxy */;
			sourceTree = BUILT_PRODUCTS_DIR;
		};
		320F2C48872C2E2C4DF86204 /* libThree20UI.a */ = {
			isa = PBXReferenceProxy;
			fileType = archive.ar;
			path = libThree20UI.a;
			remoteRef = 320F2C48872C2E2C4DF86206 /* PBXContainerItemProxy */;
			sourceTree = BUILT_PRODUCTS_DIR;
		};
		FAC007A112EF520300E50526 /* libThree20-Xcode3.2.5.a */ = {
			isa = PBXReferenceProxy;
			fileType = archive.ar;
			path = "libThree20-Xcode3.2.5.a";
			remoteRef = FAC007A012EF520300E50526 /* PBXContainerItemProxy */;
			sourceTree = BUILT_PRODUCTS_DIR;
		};
		FAC007A312EF520300E50526 /* libThree20-Xcode3.2.2.a */ = {
			isa = PBXReferenceProxy;
			fileType = archive.ar;
			path = "libThree20-Xcode3.2.2.a";
			remoteRef = FAC007A212EF520300E50526 /* PBXContainerItemProxy */;
			sourceTree = BUILT_PRODUCTS_DIR;
		};
		FAC007A512EF520300E50526 /* Three20UnitTests.octest */ = {
			isa = PBXReferenceProxy;
			fileType = wrapper.cfbundle;
			path = Three20UnitTests.octest;
			remoteRef = FAC007A412EF520300E50526 /* PBXContainerItemProxy */;
			sourceTree = BUILT_PRODUCTS_DIR;
		};
		FAC007A712EF520300E50526 /* Three20UnitTests-Xcode3.2.5.octest */ = {
			isa = PBXReferenceProxy;
			fileType = wrapper.cfbundle;
			path = "Three20UnitTests-Xcode3.2.5.octest";
			remoteRef = FAC007A612EF520300E50526 /* PBXContainerItemProxy */;
			sourceTree = BUILT_PRODUCTS_DIR;
		};
		FAC007A912EF520300E50526 /* Three20UnitTests-Xcode3.2.2.octest */ = {
			isa = PBXReferenceProxy;
			fileType = wrapper.cfbundle;
			path = "Three20UnitTests-Xcode3.2.2.octest";
			remoteRef = FAC007A812EF520300E50526 /* PBXContainerItemProxy */;
			sourceTree = BUILT_PRODUCTS_DIR;
		};
		FAC007B012EF520300E50526 /* libThree20Core-Xcode3.2.5.a */ = {
			isa = PBXReferenceProxy;
			fileType = archive.ar;
			path = "libThree20Core-Xcode3.2.5.a";
			remoteRef = FAC007AF12EF520300E50526 /* PBXContainerItemProxy */;
			sourceTree = BUILT_PRODUCTS_DIR;
		};
		FAC007B212EF520300E50526 /* libThree20Core-Xcode3.2.2.a */ = {
			isa = PBXReferenceProxy;
			fileType = archive.ar;
			path = "libThree20Core-Xcode3.2.2.a";
			remoteRef = FAC007B112EF520300E50526 /* PBXContainerItemProxy */;
			sourceTree = BUILT_PRODUCTS_DIR;
		};
		FAC007B412EF520300E50526 /* CoreUnitTests.octest */ = {
			isa = PBXReferenceProxy;
			fileType = wrapper.cfbundle;
			path = CoreUnitTests.octest;
			remoteRef = FAC007B312EF520300E50526 /* PBXContainerItemProxy */;
			sourceTree = BUILT_PRODUCTS_DIR;
		};
		FAC007B612EF520300E50526 /* CoreUnitTests-Xcode3.2.5.octest */ = {
			isa = PBXReferenceProxy;
			fileType = wrapper.cfbundle;
			path = "CoreUnitTests-Xcode3.2.5.octest";
			remoteRef = FAC007B512EF520300E50526 /* PBXContainerItemProxy */;
			sourceTree = BUILT_PRODUCTS_DIR;
		};
		FAC007B812EF520300E50526 /* CoreUnitTests-Xcode3.2.2.octest */ = {
			isa = PBXReferenceProxy;
			fileType = wrapper.cfbundle;
			path = "CoreUnitTests-Xcode3.2.2.octest";
			remoteRef = FAC007B712EF520300E50526 /* PBXContainerItemProxy */;
			sourceTree = BUILT_PRODUCTS_DIR;
		};
		FAC007BF12EF520300E50526 /* libThree20Network-Xcode3.2.5.a */ = {
			isa = PBXReferenceProxy;
			fileType = archive.ar;
			path = "libThree20Network-Xcode3.2.5.a";
			remoteRef = FAC007BE12EF520300E50526 /* PBXContainerItemProxy */;
			sourceTree = BUILT_PRODUCTS_DIR;
		};
		FAC007C112EF520300E50526 /* libThree20Network-Xcode3.2.2.a */ = {
			isa = PBXReferenceProxy;
			fileType = archive.ar;
			path = "libThree20Network-Xcode3.2.2.a";
			remoteRef = FAC007C012EF520300E50526 /* PBXContainerItemProxy */;
			sourceTree = BUILT_PRODUCTS_DIR;
		};
		FAC007C312EF520300E50526 /* NetworkUnitTests.octest */ = {
			isa = PBXReferenceProxy;
			fileType = wrapper.cfbundle;
			path = NetworkUnitTests.octest;
			remoteRef = FAC007C212EF520300E50526 /* PBXContainerItemProxy */;
			sourceTree = BUILT_PRODUCTS_DIR;
		};
		FAC007C512EF520300E50526 /* NetworkUnitTests-Xcode3.2.5.octest */ = {
			isa = PBXReferenceProxy;
			fileType = wrapper.cfbundle;
			path = "NetworkUnitTests-Xcode3.2.5.octest";
			remoteRef = FAC007C412EF520300E50526 /* PBXContainerItemProxy */;
			sourceTree = BUILT_PRODUCTS_DIR;
		};
		FAC007C712EF520300E50526 /* NetworkUnitTests-Xcode3.2.2.octest */ = {
			isa = PBXReferenceProxy;
			fileType = wrapper.cfbundle;
			path = "NetworkUnitTests-Xcode3.2.2.octest";
			remoteRef = FAC007C612EF520300E50526 /* PBXContainerItemProxy */;
			sourceTree = BUILT_PRODUCTS_DIR;
		};
		FAC007CE12EF520300E50526 /* libThree20Style-Xcode3.2.5.a */ = {
			isa = PBXReferenceProxy;
			fileType = archive.ar;
			path = "libThree20Style-Xcode3.2.5.a";
			remoteRef = FAC007CD12EF520300E50526 /* PBXContainerItemProxy */;
			sourceTree = BUILT_PRODUCTS_DIR;
		};
		FAC007D012EF520300E50526 /* libThree20Style-Xcode3.2.2.a */ = {
			isa = PBXReferenceProxy;
			fileType = archive.ar;
			path = "libThree20Style-Xcode3.2.2.a";
			remoteRef = FAC007CF12EF520300E50526 /* PBXContainerItemProxy */;
			sourceTree = BUILT_PRODUCTS_DIR;
		};
		FAC007D212EF520300E50526 /* StyleUnitTests.octest */ = {
			isa = PBXReferenceProxy;
			fileType = wrapper.cfbundle;
			path = StyleUnitTests.octest;
			remoteRef = FAC007D112EF520300E50526 /* PBXContainerItemProxy */;
			sourceTree = BUILT_PRODUCTS_DIR;
		};
		FAC007D412EF520300E50526 /* StyleUnitTests-Xcode3.2.5.octest */ = {
			isa = PBXReferenceProxy;
			fileType = wrapper.cfbundle;
			path = "StyleUnitTests-Xcode3.2.5.octest";
			remoteRef = FAC007D312EF520300E50526 /* PBXContainerItemProxy */;
			sourceTree = BUILT_PRODUCTS_DIR;
		};
		FAC007D612EF520300E50526 /* StyleUnitTests-Xcode3.2.2.octest */ = {
			isa = PBXReferenceProxy;
			fileType = wrapper.cfbundle;
			path = "StyleUnitTests-Xcode3.2.2.octest";
			remoteRef = FAC007D512EF520300E50526 /* PBXContainerItemProxy */;
			sourceTree = BUILT_PRODUCTS_DIR;
		};
		FAC007DD12EF520300E50526 /* libThree20UI-Xcode3.2.5.a */ = {
			isa = PBXReferenceProxy;
			fileType = archive.ar;
			path = "libThree20UI-Xcode3.2.5.a";
			remoteRef = FAC007DC12EF520300E50526 /* PBXContainerItemProxy */;
			sourceTree = BUILT_PRODUCTS_DIR;
		};
		FAC007DF12EF520300E50526 /* libThree20UI-Xcode3.2.2.a */ = {
			isa = PBXReferenceProxy;
			fileType = archive.ar;
			path = "libThree20UI-Xcode3.2.2.a";
			remoteRef = FAC007DE12EF520300E50526 /* PBXContainerItemProxy */;
			sourceTree = BUILT_PRODUCTS_DIR;
		};
		FAC007E112EF520300E50526 /* UIUnitTests.octest */ = {
			isa = PBXReferenceProxy;
			fileType = wrapper.cfbundle;
			path = UIUnitTests.octest;
			remoteRef = FAC007E012EF520300E50526 /* PBXContainerItemProxy */;
			sourceTree = BUILT_PRODUCTS_DIR;
		};
		FAC007E312EF520300E50526 /* UIUnitTests-Xcode3.2.5.octest */ = {
			isa = PBXReferenceProxy;
			fileType = wrapper.cfbundle;
			path = "UIUnitTests-Xcode3.2.5.octest";
			remoteRef = FAC007E212EF520300E50526 /* PBXContainerItemProxy */;
			sourceTree = BUILT_PRODUCTS_DIR;
		};
		FAC007E512EF520300E50526 /* UIUnitTests-Xcode3.2.2.octest */ = {
			isa = PBXReferenceProxy;
			fileType = wrapper.cfbundle;
			path = "UIUnitTests-Xcode3.2.2.octest";
			remoteRef = FAC007E412EF520300E50526 /* PBXContainerItemProxy */;
			sourceTree = BUILT_PRODUCTS_DIR;
		};
		FAC007EC12EF520300E50526 /* libThree20UICommon-Xcode3.2.5.a */ = {
			isa = PBXReferenceProxy;
			fileType = archive.ar;
			path = "libThree20UICommon-Xcode3.2.5.a";
			remoteRef = FAC007EB12EF520300E50526 /* PBXContainerItemProxy */;
			sourceTree = BUILT_PRODUCTS_DIR;
		};
		FAC007EE12EF520300E50526 /* libThree20UICommon-Xcode3.2.2.a */ = {
			isa = PBXReferenceProxy;
			fileType = archive.ar;
			path = "libThree20UICommon-Xcode3.2.2.a";
			remoteRef = FAC007ED12EF520300E50526 /* PBXContainerItemProxy */;
			sourceTree = BUILT_PRODUCTS_DIR;
		};
		FAC007F012EF520300E50526 /* UICommonUnitTests.octest */ = {
			isa = PBXReferenceProxy;
			fileType = wrapper.cfbundle;
			path = UICommonUnitTests.octest;
			remoteRef = FAC007EF12EF520300E50526 /* PBXContainerItemProxy */;
			sourceTree = BUILT_PRODUCTS_DIR;
		};
		FAC007F212EF520300E50526 /* UICommonUnitTests-Xcode3.2.5.octest */ = {
			isa = PBXReferenceProxy;
			fileType = wrapper.cfbundle;
			path = "UICommonUnitTests-Xcode3.2.5.octest";
			remoteRef = FAC007F112EF520300E50526 /* PBXContainerItemProxy */;
			sourceTree = BUILT_PRODUCTS_DIR;
		};
		FAC007F412EF520300E50526 /* UICommonUnitTests-Xcode3.2.2.octest */ = {
			isa = PBXReferenceProxy;
			fileType = wrapper.cfbundle;
			path = "UICommonUnitTests-Xcode3.2.2.octest";
			remoteRef = FAC007F312EF520300E50526 /* PBXContainerItemProxy */;
			sourceTree = BUILT_PRODUCTS_DIR;
		};
		FAC007FB12EF520300E50526 /* libThree20UINavigator-Xcode3.2.5.a */ = {
			isa = PBXReferenceProxy;
			fileType = archive.ar;
			path = "libThree20UINavigator-Xcode3.2.5.a";
			remoteRef = FAC007FA12EF520300E50526 /* PBXContainerItemProxy */;
			sourceTree = BUILT_PRODUCTS_DIR;
		};
		FAC007FD12EF520300E50526 /* libThree20UINavigator-Xcode3.2.2.a */ = {
			isa = PBXReferenceProxy;
			fileType = archive.ar;
			path = "libThree20UINavigator-Xcode3.2.2.a";
			remoteRef = FAC007FC12EF520300E50526 /* PBXContainerItemProxy */;
			sourceTree = BUILT_PRODUCTS_DIR;
		};
		FAC007FF12EF520300E50526 /* UINavigatorUnitTests.octest */ = {
			isa = PBXReferenceProxy;
			fileType = wrapper.cfbundle;
			path = UINavigatorUnitTests.octest;
			remoteRef = FAC007FE12EF520300E50526 /* PBXContainerItemProxy */;
			sourceTree = BUILT_PRODUCTS_DIR;
		};
		FAC0080112EF520300E50526 /* UINavigatorUnitTests-Xcode3.2.5.octest */ = {
			isa = PBXReferenceProxy;
			fileType = wrapper.cfbundle;
			path = "UINavigatorUnitTests-Xcode3.2.5.octest";
			remoteRef = FAC0080012EF520300E50526 /* PBXContainerItemProxy */;
			sourceTree = BUILT_PRODUCTS_DIR;
		};
		FAC0080312EF520300E50526 /* UINavigatorUnitTests-Xcode3.2.2.octest */ = {
			isa = PBXReferenceProxy;
			fileType = wrapper.cfbundle;
			path = "UINavigatorUnitTests-Xcode3.2.2.octest";
			remoteRef = FAC0080212EF520300E50526 /* PBXContainerItemProxy */;
			sourceTree = BUILT_PRODUCTS_DIR;
		};
/* End PBXReferenceProxy section */

/* Begin PBXResourcesBuildPhase section */
		1D60588D0D05DD3D006BFB54 /* Resources */ = {
			isa = PBXResourcesBuildPhase;
			buildActionMask = 2147483647;
			files = (
				320B6C86F11D9990244A9731 /* Three20.bundle in Resources */,
				28AD733F0D9D9553002E5188 /* MainWindow.xib in Resources */,
				2899E5220DE3E06400AC0155 /* CLViewController.xib in Resources */,
				FA0B254F1269E5E3008EA266 /* person.png in Resources */,
				FA0B25511269E6B6008EA266 /* FeedTableViewCell.xib in Resources */,
				FA886ED8127346EE00BAE667 /* MeepViewController.xib in Resources */,
				FA7530BD128E097B00DD955D /* HTTPDemoViewController.xib in Resources */,
				FA8497AA12C89BCE00BB56FF /* WelcomeViewController.xib in Resources */,
				FA8497FE12C8A78500BB56FF /* RegisterViewController.xib in Resources */,
				FA84989612C8B11B00BB56FF /* CustomCellTextField.xib in Resources */,
				FA32D6B612E8AD280065927E /* LoginViewController.xib in Resources */,
				FAC0080712EF52DC00E50526 /* Icon.png in Resources */,
				FAECD17F12F6E7C60027CAC9 /* NewMeetingLocationController.xib in Resources */,
				FAECD2E012F7052E0027CAC9 /* NewMeetingDateAndTimeController.xib in Resources */,
				FAECD31F12F721D40027CAC9 /* NewMeetingPeopleController.xib in Resources */,
			);
			runOnlyForDeploymentPostprocessing = 0;
		};
/* End PBXResourcesBuildPhase section */

/* Begin PBXSourcesBuildPhase section */
		1D60588E0D05DD3D006BFB54 /* Sources */ = {
			isa = PBXSourcesBuildPhase;
			buildActionMask = 2147483647;
			files = (
				1D60589B0D05DD56006BFB54 /* main.m in Sources */,
				28D7ACF80DDB3853001CB0EB /* CLViewController.m in Sources */,
				FA0B25341269DB67008EA266 /* MenuViewController.m in Sources */,
				FA75309D128E088300DD955D /* ASIAuthenticationDialog.m in Sources */,
				FA75309E128E088300DD955D /* ASIDownloadCache.m in Sources */,
				FA75309F128E088300DD955D /* ASIFormDataRequest.m in Sources */,
				FA7530A0128E088300DD955D /* ASIHTTPRequest.m in Sources */,
				FA7530A1128E088300DD955D /* ASIInputStream.m in Sources */,
				FA7530A2128E088300DD955D /* ASINetworkQueue.m in Sources */,
				FA7530A3128E088300DD955D /* Reachability.m in Sources */,
				FA7530BC128E097B00DD955D /* HTTPDemoViewController.m in Sources */,
				FA8497A912C89BCE00BB56FF /* WelcomeViewController.m in Sources */,
				FA8497CD12C8A21600BB56FF /* WelcomeNavigationController.m in Sources */,
				FA8497FD12C8A78500BB56FF /* RegisterViewController.m in Sources */,
				FA84983112C8ABA100BB56FF /* LoginViewController.m in Sources */,
				FA8498A912C8B3C100BB56FF /* CustomCellTextField.m in Sources */,
				FAC812E112C90F70001F20C5 /* UserDTO.m in Sources */,
				FAEFFFD012CA3EF300604797 /* MBProgressHUD.m in Sources */,
				FA503D0E12CAA341004E152E /* StringUtils.m in Sources */,
				FA503D2012CAA503004E152E /* RegexKitLite.m in Sources */,
				FAC384DF12CD1A8900F2A1C7 /* RegistrationManager.m in Sources */,
				FA32D6C412E8BFA60065927E /* LoginManager.m in Sources */,
				FA9C252012EB9041006DABAB /* ConfigManager.m in Sources */,
				FA9C264612EBB8A0006DABAB /* MeepAppDelegate.m in Sources */,
				FAECD13712F6DCBE0027CAC9 /* MenuNavigationController.m in Sources */,
				FAECD17E12F6E7C60027CAC9 /* NewMeetingLocationController.m in Sources */,
				FAECD24F12F6F6E90027CAC9 /* MapLocation.m in Sources */,
				FAECD2DF12F7052E0027CAC9 /* NewMeetingDateAndTimeController.m in Sources */,
				FAECD31E12F721D40027CAC9 /* NewMeetingPeopleController.m in Sources */,
			);
			runOnlyForDeploymentPostprocessing = 0;
		};
/* End PBXSourcesBuildPhase section */

/* Begin PBXTargetDependency section */
		3201088596B4756681693701 /* PBXTargetDependency */ = {
			isa = PBXTargetDependency;
			name = Three20UICommon;
			targetProxy = 3201088596B4756681693702 /* PBXContainerItemProxy */;
		};
		320A2827FEC940B25BC42C61 /* PBXTargetDependency */ = {
			isa = PBXTargetDependency;
			name = Three20Core;
			targetProxy = 320A2827FEC940B25BC42C62 /* PBXContainerItemProxy */;
		};
		320A5A189C235877202780D1 /* PBXTargetDependency */ = {
			isa = PBXTargetDependency;
			name = Three20Network;
			targetProxy = 320A5A189C235877202780D2 /* PBXContainerItemProxy */;
		};
		320A737074758E53BA54BE91 /* PBXTargetDependency */ = {
			isa = PBXTargetDependency;
			name = Three20UINavigator;
			targetProxy = 320A737074758E53BA54BE92 /* PBXContainerItemProxy */;
		};
		320CC833B8AF0ACFD35E6221 /* PBXTargetDependency */ = {
			isa = PBXTargetDependency;
			name = Three20Style;
			targetProxy = 320CC833B8AF0ACFD35E6222 /* PBXContainerItemProxy */;
		};
		320D7DCCE32703ACAB9A45E1 /* PBXTargetDependency */ = {
			isa = PBXTargetDependency;
			name = Three20;
			targetProxy = 320D7DCCE32703ACAB9A45E2 /* PBXContainerItemProxy */;
		};
		320F2C48872C2E2C4DF86201 /* PBXTargetDependency */ = {
			isa = PBXTargetDependency;
			name = Three20UI;
			targetProxy = 320F2C48872C2E2C4DF86202 /* PBXContainerItemProxy */;
		};
/* End PBXTargetDependency section */

/* Begin XCBuildConfiguration section */
		1D6058940D05DD3E006BFB54 /* Debug */ = {
			isa = XCBuildConfiguration;
			buildSettings = {
				ALWAYS_SEARCH_USER_PATHS = NO;
				COPY_PHASE_STRIP = NO;
				FRAMEWORK_SEARCH_PATHS = (
					"$(inherited)",
					"\"$(SRCROOT)/../../Downloads\"",
					"\"$(SRCROOT)/External\"",
					"\"$(SRCROOT)\"",
				);
				GCC_DYNAMIC_NO_PIC = NO;
				GCC_OPTIMIZATION_LEVEL = 0;
				GCC_PRECOMPILE_PREFIX_HEADER = YES;
				GCC_PREFIX_HEADER = meep_Prefix.pch;
				HEADER_SEARCH_PATHS = ../three20/Build/Products/three20;
				INFOPLIST_FILE = "meep-Info.plist";
				OTHER_LDFLAGS = (
					"-licucore",
					"-force_load",
					"../three20/Build/Products/$(CONFIGURATION)$(EFFECTIVE_PLATFORM_NAME)/libThree20UICommon.a",
					"-force_load",
					"../three20/Build/Products/$(CONFIGURATION)$(EFFECTIVE_PLATFORM_NAME)/libThree20.a",
					"-force_load",
					"../three20/Build/Products/$(CONFIGURATION)$(EFFECTIVE_PLATFORM_NAME)/libThree20UINavigator.a",
					"-force_load",
					"../three20/Build/Products/$(CONFIGURATION)$(EFFECTIVE_PLATFORM_NAME)/libThree20Core.a",
					"-force_load",
					"../three20/Build/Products/$(CONFIGURATION)$(EFFECTIVE_PLATFORM_NAME)/libThree20UI.a",
					"-force_load",
					"../three20/Build/Products/$(CONFIGURATION)$(EFFECTIVE_PLATFORM_NAME)/libThree20Network.a",
					"-force_load",
					"../three20/Build/Products/$(CONFIGURATION)$(EFFECTIVE_PLATFORM_NAME)/libThree20Style.a",
				);
				PRODUCT_NAME = meep;
			};
			name = Debug;
		};
		1D6058950D05DD3E006BFB54 /* Release */ = {
			isa = XCBuildConfiguration;
			buildSettings = {
				ALWAYS_SEARCH_USER_PATHS = NO;
				COPY_PHASE_STRIP = YES;
				FRAMEWORK_SEARCH_PATHS = (
					"$(inherited)",
					"\"$(SRCROOT)/../../Downloads\"",
					"\"$(SRCROOT)/External\"",
					"\"$(SRCROOT)\"",
				);
				GCC_PRECOMPILE_PREFIX_HEADER = YES;
				GCC_PREFIX_HEADER = meep_Prefix.pch;
				HEADER_SEARCH_PATHS = ../three20/Build/Products/three20;
				INFOPLIST_FILE = "meep-Info.plist";
				OTHER_LDFLAGS = (
					"-licucore",
					"-force_load",
					"../three20/Build/Products/$(CONFIGURATION)$(EFFECTIVE_PLATFORM_NAME)/libThree20UICommon.a",
					"-force_load",
					"../three20/Build/Products/$(CONFIGURATION)$(EFFECTIVE_PLATFORM_NAME)/libThree20.a",
					"-force_load",
					"../three20/Build/Products/$(CONFIGURATION)$(EFFECTIVE_PLATFORM_NAME)/libThree20UINavigator.a",
					"-force_load",
					"../three20/Build/Products/$(CONFIGURATION)$(EFFECTIVE_PLATFORM_NAME)/libThree20Core.a",
					"-force_load",
					"../three20/Build/Products/$(CONFIGURATION)$(EFFECTIVE_PLATFORM_NAME)/libThree20UI.a",
					"-force_load",
					"../three20/Build/Products/$(CONFIGURATION)$(EFFECTIVE_PLATFORM_NAME)/libThree20Network.a",
					"-force_load",
					"../three20/Build/Products/$(CONFIGURATION)$(EFFECTIVE_PLATFORM_NAME)/libThree20Style.a",
				);
				PRODUCT_NAME = meep;
			};
			name = Release;
		};
		C01FCF4F08A954540054247B /* Debug */ = {
			isa = XCBuildConfiguration;
			buildSettings = {
				ARCHS = "$(ARCHS_STANDARD_32_BIT)";
				"CODE_SIGN_IDENTITY[sdk=iphoneos*]" = "iPhone Developer";
				GCC_C_LANGUAGE_STANDARD = c99;
				GCC_WARN_ABOUT_RETURN_TYPE = YES;
				GCC_WARN_UNUSED_VARIABLE = YES;
				ONLY_ACTIVE_ARCH = NO;
				PREBINDING = NO;
				SDKROOT = iphoneos4.1;
			};
			name = Debug;
		};
		C01FCF5008A954540054247B /* Release */ = {
			isa = XCBuildConfiguration;
			buildSettings = {
				ARCHS = "$(ARCHS_STANDARD_32_BIT)";
				"CODE_SIGN_IDENTITY[sdk=iphoneos*]" = "iPhone Developer";
				GCC_C_LANGUAGE_STANDARD = c99;
				GCC_WARN_ABOUT_RETURN_TYPE = YES;
				GCC_WARN_UNUSED_VARIABLE = YES;
				ONLY_ACTIVE_ARCH = NO;
				PREBINDING = NO;
				SDKROOT = iphoneos4.1;
			};
			name = Release;
		};
/* End XCBuildConfiguration section */

/* Begin XCConfigurationList section */
		1D6058960D05DD3E006BFB54 /* Build configuration list for PBXNativeTarget "meep" */ = {
			isa = XCConfigurationList;
			buildConfigurations = (
				1D6058940D05DD3E006BFB54 /* Debug */,
				1D6058950D05DD3E006BFB54 /* Release */,
			);
			defaultConfigurationIsVisible = 0;
			defaultConfigurationName = Release;
		};
		C01FCF4E08A954540054247B /* Build configuration list for PBXProject "meep" */ = {
			isa = XCConfigurationList;
			buildConfigurations = (
				C01FCF4F08A954540054247B /* Debug */,
				C01FCF5008A954540054247B /* Release */,
			);
			defaultConfigurationIsVisible = 0;
			defaultConfigurationName = Release;
		};
/* End XCConfigurationList section */
	};
	rootObject = 29B97313FDCFA39411CA2CEA /* Project object */;
}
